<Solution>
  <Folder Name="/tests/">
    <Project Path="src/Microsoft.Android.Build.Tasks/Tests/Microsoft.Android.Build.Tasks.Tests/Microsoft.Android.Build.Tasks.Tests.csproj" />
    <Project Path="src/Microsoft.Android.Sdk.Analysis/Tests/Microsoft.Android.Sdk.Analysis.Tests.csproj" />
    <Project Path="src/Xamarin.Android.Build.Tasks/Tests/Xamarin.Android.Build.Tests/Xamarin.Android.Build.Tests.csproj" />
    <Project Path="src/Xamarin.Android.Build.Tasks/Tests/Xamarin.ProjectTools/Xamarin.ProjectTools.csproj" />
    <Project Path="tests/MSBuildDeviceIntegration/MSBuildDeviceIntegration.csproj" />
    <Project Path="tools/vswhere/vswhere.csproj" />
  </Folder>
  <Project Path="src/Microsoft.Android.Build.BaseTasks/Microsoft.Android.Build.BaseTasks.csproj" />
  <Project Path="src/Microsoft.Android.Build.Tasks/Microsoft.Android.Build.Tasks.csproj" />
  <Project Path="src/Microsoft.Android.Sdk.Analysis/Microsoft.Android.Sdk.Analysis.csproj" />
  <Project Path="src/Xamarin.Android.Build.Tasks/Xamarin.Android.Build.Tasks.csproj" />
  <Project Path="src/Xamarin.Android.Tools.AndroidSdk/Xamarin.Android.Tools.AndroidSdk.csproj" />
</Solution>
