
Microsoft Visual Studio Solution File, Format Version 12.00
# Visual Studio Version 17
VisualStudioVersion = 17.3.32530.156
MinimumVisualStudioVersion = 10.0.40219.1
Project("{2150E333-8FDC-42A3-9474-1A3956D46DE8}") = "Build-Tools", "Build-Tools", "{E351F97D-EA4F-4E7F-AAA0-8EBB1F2A4A62}"
EndProject
Project("{9A19103F-16F7-4668-BE54-9A1E7A4F7556}") = "java-runtime", "src\java-runtime\java-runtime.csproj", "{1D4FC8F1-0DA4-4F38-BE68-11AEBA9A0EA4}"
EndProject
Project("{9A19103F-16F7-4668-BE54-9A1E7A4F7556}") = "jnienv-gen", "build-tools\jnienv-gen\jnienv-gen.csproj", "{AFB8F6D1-6EA9-42C3-950B-98F34C669AD2}"
EndProject
Project("{9A19103F-16F7-4668-BE54-9A1E7A4F7556}") = "api-merge", "build-tools\api-merge\api-merge.csproj", "{3FC3E78B-F7D4-42EA-BBE8-4535DF42BFF8}"
EndProject
Project("{2150E333-8FDC-42A3-9474-1A3956D46DE8}") = "Core", "Core", "{04E3E11E-B47D-4599-8AFC-50515A95E715}"
EndProject
Project("{9A19103F-16F7-4668-BE54-9A1E7A4F7556}") = "Java.Interop", "external\Java.Interop\src\Java.Interop\Java.Interop.csproj", "{94BD81F7-B06F-4295-9636-F8A3B6BDC762}"
EndProject
Project("{9A19103F-16F7-4668-BE54-9A1E7A4F7556}") = "Java.Interop.Export", "external\Java.Interop\src\Java.Interop.Export\Java.Interop.Export.csproj", "{B501D075-6183-4E1D-92C9-F7B5002475B1}"
EndProject
Project("{9A19103F-16F7-4668-BE54-9A1E7A4F7556}") = "generator", "external\Java.Interop\tools\generator\generator.csproj", "{D14A1B5C-2060-4930-92BE-F7190256C735}"
EndProject
Project("{D954291E-2A0B-460D-934E-DC6B0785DB48}") = "Java.Interop.NamingCustomAttributes", "external\Java.Interop\src\Java.Interop.NamingCustomAttributes\Java.Interop.NamingCustomAttributes.shproj", "{FE789F04-5E95-42C5-AEF1-E33F8DF06B3F}"
EndProject
Project("{D954291E-2A0B-460D-934E-DC6B0785DB48}") = "Xamarin.Android.NamingCustomAttributes", "src\Xamarin.Android.NamingCustomAttributes\Xamarin.Android.NamingCustomAttributes.shproj", "{74598F5C-B8CC-4CE6-8EE2-AB9CA1400076}"
EndProject
Project("{9A19103F-16F7-4668-BE54-9A1E7A4F7556}") = "Xamarin.Android.Tools.Aidl", "src\Xamarin.Android.Tools.Aidl\Xamarin.Android.Tools.Aidl.csproj", "{D27AD8F7-7710-40BE-B03B-55EFBEC13C44}"
EndProject
Project("{9A19103F-16F7-4668-BE54-9A1E7A4F7556}") = "Xamarin.Android.Build.Tasks", "src\Xamarin.Android.Build.Tasks\Xamarin.Android.Build.Tasks.csproj", "{3F1F2F50-AF1A-4A5A-BEDB-193372F068D7}"
EndProject
Project("{9A19103F-16F7-4668-BE54-9A1E7A4F7556}") = "Microsoft.Android.Sdk.ILLink", "src\Microsoft.Android.Sdk.ILLink\Microsoft.Android.Sdk.ILLink.csproj", "{71FE54FA-0BF5-48EF-ACAA-17557B28C9F4}"
EndProject
Project("{9A19103F-16F7-4668-BE54-9A1E7A4F7556}") = "Xamarin.Android.Tools.Bytecode", "external\Java.Interop\src\Xamarin.Android.Tools.Bytecode\Xamarin.Android.Tools.Bytecode.csproj", "{B17475BC-45A2-47A3-B8FC-62F3A0959EE0}"
EndProject
Project("{2150E333-8FDC-42A3-9474-1A3956D46DE8}") = "Tools", "Tools", "{864062D3-A415-4A6F-9324-5820237BA058}"
EndProject
Project("{9A19103F-16F7-4668-BE54-9A1E7A4F7556}") = "jcw-gen", "external\Java.Interop\tools\jcw-gen\jcw-gen.csproj", "{52C7D9B6-E8C8-47D0-9471-652D278D7D77}"
EndProject
Project("{9A19103F-16F7-4668-BE54-9A1E7A4F7556}") = "Xamarin.Android.Tools.JniMarshalMethodGenerator", "external\Java.Interop\tools\jnimarshalmethod-gen\Xamarin.Android.Tools.JniMarshalMethodGenerator.csproj", "{D1295A8F-4F42-461D-A046-564476C10002}"
EndProject
Project("{9A19103F-16F7-4668-BE54-9A1E7A4F7556}") = "Java.Interop.Tools.JavaCallableWrappers", "external\Java.Interop\src\Java.Interop.Tools.JavaCallableWrappers\Java.Interop.Tools.JavaCallableWrappers.csproj", "{D18FCF91-8876-48A0-A693-2DC1E7D3D80A}"
EndProject
Project("{9A19103F-16F7-4668-BE54-9A1E7A4F7556}") = "Xamarin.Android.Tools.ApiXmlAdjuster", "external\Java.Interop\src\Xamarin.Android.Tools.ApiXmlAdjuster\Xamarin.Android.Tools.ApiXmlAdjuster.csproj", "{1268EADF-8344-431C-81F6-FCB7CBC99F49}"
EndProject
Project("{9A19103F-16F7-4668-BE54-9A1E7A4F7556}") = "Xamarin.Android.Tools.AnnotationSupport", "external\Java.Interop\src\Xamarin.Android.Tools.AnnotationSupport\Xamarin.Android.Tools.AnnotationSupport.csproj", "{07BC4495-1267-4B78-9EA6-B76FEEA2A64A}"
EndProject
Project("{9A19103F-16F7-4668-BE54-9A1E7A4F7556}") = "Java.Interop.Tools.Diagnostics", "external\Java.Interop\src\Java.Interop.Tools.Diagnostics\Java.Interop.Tools.Diagnostics.csproj", "{64CC4E44-CE3A-4319-BF3F-6CF8BD513870}"
EndProject
Project("{9A19103F-16F7-4668-BE54-9A1E7A4F7556}") = "Java.Interop.Tools.Cecil", "external\Java.Interop\src\Java.Interop.Tools.Cecil\Java.Interop.Tools.Cecil.csproj", "{D48EE8D0-0A0A-4493-AEF5-DAF5F8CF86AD}"
EndProject
Project("{9A19103F-16F7-4668-BE54-9A1E7A4F7556}") = "monodroid", "src\monodroid\monodroid.csproj", "{53EE4C57-1C03-405A-8243-8DA539546C88}"
EndProject
Project("{2150E333-8FDC-42A3-9474-1A3956D46DE8}") = "Tests", "Tests", "{CAB438D8-B0F5-4AF0-BEBD-9E2ADBD7B483}"
EndProject
Project("{9A19103F-16F7-4668-BE54-9A1E7A4F7556}") = "Xamarin.ProjectTools", "src\Xamarin.Android.Build.Tasks\Tests\Xamarin.ProjectTools\Xamarin.ProjectTools.csproj", "{2DD1EE75-6D8D-4653-A800-0A24367F7F38}"
EndProject
Project("{9A19103F-16F7-4668-BE54-9A1E7A4F7556}") = "Xamarin.Android.Build.Tests", "src\Xamarin.Android.Build.Tasks\Tests\Xamarin.Android.Build.Tests\Xamarin.Android.Build.Tests.csproj", "{53E4ABF0-1085-45F9-B964-DCAE4B819998}"
EndProject
Project("{9A19103F-16F7-4668-BE54-9A1E7A4F7556}") = "class-parse", "external\Java.Interop\tools\class-parse\class-parse.csproj", "{38C762AB-8FD1-44DE-9855-26AAE7129DC3}"
EndProject
Project("{9A19103F-16F7-4668-BE54-9A1E7A4F7556}") = "logcat-parse", "external\Java.Interop\tools\logcat-parse\logcat-parse.csproj", "{7387E151-48E3-4885-B2CA-A74434A34045}"
EndProject
Project("{9A19103F-16F7-4668-BE54-9A1E7A4F7556}") = "api-xml-adjuster", "build-tools\api-xml-adjuster\api-xml-adjuster.csproj", "{8A6CB07C-E493-4A4F-AB94-038645A27118}"
EndProject
Project("{9A19103F-16F7-4668-BE54-9A1E7A4F7556}") = "Mono.Android", "src\Mono.Android\Mono.Android.csproj", "{66CF299A-CE95-4131-BCD8-DB66E30C4BF7}"
EndProject
Project("{9A19103F-16F7-4668-BE54-9A1E7A4F7556}") = "Mono.Android.Export", "src\Mono.Android.Export\Mono.Android.Export.csproj", "{B8105878-D423-4159-A3E7-028298281EC6}"
EndProject
Project("{9A19103F-16F7-4668-BE54-9A1E7A4F7556}") = "Mono.Android.Runtime", "src\Mono.Android.Runtime\Mono.Android.Runtime.csproj", "{43564FB3-0F79-4FF4-A2B0-B1637072FF01}"
EndProject
Project("{9A19103F-16F7-4668-BE54-9A1E7A4F7556}") = "Microsoft.Android.Build.BaseTasks", "external\xamarin-android-tools\src\Microsoft.Android.Build.BaseTasks\Microsoft.Android.Build.BaseTasks.csproj", "{3DE17662-DCD6-4F49-AF06-D39AACC8649A}"
EndProject
Project("{9A19103F-16F7-4668-BE54-9A1E7A4F7556}") = "Xamarin.Android.Tools.AndroidSdk", "external\xamarin-android-tools\src\Xamarin.Android.Tools.AndroidSdk\Xamarin.Android.Tools.AndroidSdk.csproj", "{E34BCFA0-CAA4-412C-AA1C-75DB8D67D157}"
EndProject
Project("{9A19103F-16F7-4668-BE54-9A1E7A4F7556}") = "Xamarin.Android.Tools.AndroidSdk-Tests", "external\xamarin-android-tools\tests\Xamarin.Android.Tools.AndroidSdk-Tests\Xamarin.Android.Tools.AndroidSdk-Tests.csproj", "{1E5501E8-49C1-4659-838D-CC9720C5208F}"
EndProject
Project("{9A19103F-16F7-4668-BE54-9A1E7A4F7556}") = "r8", "src\r8\r8.csproj", "{1BAFA0CC-0377-46CE-AB7B-7BB2E7B62F63}"
EndProject
Project("{9A19103F-16F7-4668-BE54-9A1E7A4F7556}") = "manifestmerger", "src\manifestmerger\manifestmerger.csproj", "{AF8AC493-40AC-4195-82F6-B08EE4B4E49E}"
EndProject
Project("{9A19103F-16F7-4668-BE54-9A1E7A4F7556}") = "aapt2", "src\aapt2\aapt2.csproj", "{0C31DE30-F9DF-4312-BFFE-DCAD558CCF08}"
EndProject
Project("{9A19103F-16F7-4668-BE54-9A1E7A4F7556}") = "bundletool", "src\bundletool\bundletool.csproj", "{A0AEF446-3368-4591-9DE6-BC3B2B33337D}"
EndProject
Project("{9A19103F-16F7-4668-BE54-9A1E7A4F7556}") = "jit-times", "tools\jit-times\jit-times.csproj", "{F3CFF31C-037B-450F-B22D-1D6E529B2DCC}"
EndProject
Project("{9A19103F-16F7-4668-BE54-9A1E7A4F7556}") = "MSBuildDeviceIntegration", "tests\MSBuildDeviceIntegration\MSBuildDeviceIntegration.csproj", "{16DB2680-399B-4111-AA26-6CDBBFA334D8}"
EndProject
Project("{2150E333-8FDC-42A3-9474-1A3956D46DE8}") = "external", "external", "{05C3B1D6-A4CE-4534-A9E4-E9117591ADF7}"
EndProject
Project("{9A19103F-16F7-4668-BE54-9A1E7A4F7556}") = "ICSharpCode.NRefactory", "external\nrefactory\ICSharpCode.NRefactory\ICSharpCode.NRefactory.csproj", "{3B2A5653-EC97-4001-BB9B-D90F1AF2C371}"
EndProject
Project("{9A19103F-16F7-4668-BE54-9A1E7A4F7556}") = "ICSharpCode.NRefactory.CSharp", "external\nrefactory\ICSharpCode.NRefactory.CSharp\ICSharpCode.NRefactory.CSharp.csproj", "{53DCA265-3C3C-42F9-B647-F72BA678122B}"
EndProject
Project("{9A19103F-16F7-4668-BE54-9A1E7A4F7556}") = "Mono.Debugger.Soft", "external\debugger-libs\Mono.Debugger.Soft\Mono.Debugger.Soft.csproj", "{372E8E3E-29D5-4B4D-88A2-4711CD628C4E}"
EndProject
Project("{9A19103F-16F7-4668-BE54-9A1E7A4F7556}") = "Mono.Debugging", "external\debugger-libs\Mono.Debugging\Mono.Debugging.csproj", "{90C99ADB-7D4B-4EB4-98C2-40BD1B14C7D2}"
EndProject
Project("{9A19103F-16F7-4668-BE54-9A1E7A4F7556}") = "Mono.Debugging.Soft", "external\debugger-libs\Mono.Debugging.Soft\Mono.Debugging.Soft.csproj", "{DE40756E-57F6-4AF2-B155-55E3A88CCED8}"
EndProject
Project("{9A19103F-16F7-4668-BE54-9A1E7A4F7556}") = "jnienv-gen", "external\Java.Interop\build-tools\jnienv-gen\jnienv-gen.csproj", "{6410DA0F-5E14-4FC0-9AEE-F4C542C96C7A}"
EndProject
Project("{9A19103F-16F7-4668-BE54-9A1E7A4F7556}") = "check-boot-times", "build-tools\check-boot-times\check-boot-times.csproj", "{D28957BF-5E66-4D60-B528-22820C60AC82}"
EndProject
Project("{9A19103F-16F7-4668-BE54-9A1E7A4F7556}") = "java-interop", "external\Java.Interop\src\java-interop\java-interop.csproj", "{1FED3F23-1175-42AA-BE87-EF1E8DB52F8B}"
EndProject
Project("{9A19103F-16F7-4668-BE54-9A1E7A4F7556}") = "Java.Interop.Tools.Generator", "external\Java.Interop\src\Java.Interop.Tools.Generator\Java.Interop.Tools.Generator.csproj", "{2CE4CD4B-B7B7-4EAE-A9BE-2699824D6096}"
EndProject
Project("{9A19103F-16F7-4668-BE54-9A1E7A4F7556}") = "Xamarin.SourceWriter", "external\Java.Interop\src\Xamarin.SourceWriter\Xamarin.SourceWriter.csproj", "{86A8DEFE-7ABB-4097-9389-C249581E243D}"
EndProject
Project("{9A19103F-16F7-4668-BE54-9A1E7A4F7556}") = "java-source-utils", "external\Java.Interop\tools\java-source-utils\java-source-utils.csproj", "{37FCD325-1077-4603-98E7-4509CAD648D6}"
EndProject
Project("{9A19103F-16F7-4668-BE54-9A1E7A4F7556}") = "decompress-assemblies", "tools\decompress-assemblies\decompress-assemblies.csproj", "{88B746FF-8D6E-464D-9D66-FF2ECCF148E0}"
EndProject
Project("{9A19103F-16F7-4668-BE54-9A1E7A4F7556}") = "tmt", "tools\tmt\tmt.csproj", "{1A273ED2-AE84-48E9-9C23-E978C2D0CB34}"
EndProject
Project("{9A19103F-16F7-4668-BE54-9A1E7A4F7556}") = "assembly-store-reader", "tools\assembly-store-reader-mk2\assembly-store-reader.csproj", "{DA50FC92-7FE7-48B5-BDB6-CDA57B37BB51}"
EndProject
Project("{9A19103F-16F7-4668-BE54-9A1E7A4F7556}") = "Java.Interop.Tools.JavaTypeSystem", "external\Java.Interop\src\Java.Interop.Tools.JavaTypeSystem\Java.Interop.Tools.JavaTypeSystem.csproj", "{4EFCED6E-9A6B-453A-94E4-CE4B736EC684}"
EndProject
Project("{9A19103F-16F7-4668-BE54-9A1E7A4F7556}") = "relnote-gen", "tools\relnote-gen\relnote-gen.csproj", "{D8E14B43-E929-4C18-9FA6-2C3DC47EFC17}"
EndProject
Project("{9A19103F-16F7-4668-BE54-9A1E7A4F7556}") = "Java.Runtime.Environment", "external\Java.Interop\src\Java.Runtime.Environment\Java.Runtime.Environment.csproj", "{C0E44558-FEE3-4DD3-986A-3F46DD1BF41B}"
EndProject
Project("{9A19103F-16F7-4668-BE54-9A1E7A4F7556}") = "create-android-api", "build-tools\create-android-api\create-android-api.csproj", "{BA4D889D-066B-4C2C-A973-09E319CBC396}"
EndProject
Project("{9A19103F-16F7-4668-BE54-9A1E7A4F7556}") = "Xamarin.Android.Tools.Aidl-Tests", "tests\Xamarin.Android.Tools.Aidl-Tests\Xamarin.Android.Tools.Aidl-Tests.csproj", "{A39B6D7C-6616-40D6-8AE4-C6CEE93D2708}"
EndProject
Global
	GlobalSection(SolutionConfigurationPlatforms) = preSolution
		Debug|AnyCPU = Debug|AnyCPU
		Release|AnyCPU = Release|AnyCPU
	EndGlobalSection
	GlobalSection(ProjectConfigurationPlatforms) = postSolution
		{1D4FC8F1-0DA4-4F38-BE68-11AEBA9A0EA4}.Debug|AnyCPU.ActiveCfg = Debug|Any CPU
		{1D4FC8F1-0DA4-4F38-BE68-11AEBA9A0EA4}.Debug|AnyCPU.Build.0 = Debug|Any CPU
		{1D4FC8F1-0DA4-4F38-BE68-11AEBA9A0EA4}.Release|AnyCPU.ActiveCfg = Release|Any CPU
		{1D4FC8F1-0DA4-4F38-BE68-11AEBA9A0EA4}.Release|AnyCPU.Build.0 = Release|Any CPU
		{AFB8F6D1-6EA9-42C3-950B-98F34C669AD2}.Debug|AnyCPU.ActiveCfg = Debug|Any CPU
		{AFB8F6D1-6EA9-42C3-950B-98F34C669AD2}.Debug|AnyCPU.Build.0 = Debug|Any CPU
		{AFB8F6D1-6EA9-42C3-950B-98F34C669AD2}.Release|AnyCPU.ActiveCfg = Release|Any CPU
		{AFB8F6D1-6EA9-42C3-950B-98F34C669AD2}.Release|AnyCPU.Build.0 = Release|Any CPU
		{3FC3E78B-F7D4-42EA-BBE8-4535DF42BFF8}.Debug|AnyCPU.ActiveCfg = Debug|Any CPU
		{3FC3E78B-F7D4-42EA-BBE8-4535DF42BFF8}.Debug|AnyCPU.Build.0 = Debug|Any CPU
		{3FC3E78B-F7D4-42EA-BBE8-4535DF42BFF8}.Release|AnyCPU.ActiveCfg = Release|Any CPU
		{3FC3E78B-F7D4-42EA-BBE8-4535DF42BFF8}.Release|AnyCPU.Build.0 = Release|Any CPU
		{94BD81F7-B06F-4295-9636-F8A3B6BDC762}.Debug|AnyCPU.ActiveCfg = Debug|Any CPU
		{94BD81F7-B06F-4295-9636-F8A3B6BDC762}.Debug|AnyCPU.Build.0 = Debug|Any CPU
		{94BD81F7-B06F-4295-9636-F8A3B6BDC762}.Release|AnyCPU.ActiveCfg = Release|Any CPU
		{94BD81F7-B06F-4295-9636-F8A3B6BDC762}.Release|AnyCPU.Build.0 = Release|Any CPU
		{B501D075-6183-4E1D-92C9-F7B5002475B1}.Debug|AnyCPU.ActiveCfg = Debug|Any CPU
		{B501D075-6183-4E1D-92C9-F7B5002475B1}.Debug|AnyCPU.Build.0 = Debug|Any CPU
		{B501D075-6183-4E1D-92C9-F7B5002475B1}.Release|AnyCPU.ActiveCfg = Release|Any CPU
		{B501D075-6183-4E1D-92C9-F7B5002475B1}.Release|AnyCPU.Build.0 = Release|Any CPU
		{D14A1B5C-2060-4930-92BE-F7190256C735}.Debug|AnyCPU.ActiveCfg = Debug|Any CPU
		{D14A1B5C-2060-4930-92BE-F7190256C735}.Debug|AnyCPU.Build.0 = Debug|Any CPU
		{D14A1B5C-2060-4930-92BE-F7190256C735}.Release|AnyCPU.ActiveCfg = Release|Any CPU
		{D14A1B5C-2060-4930-92BE-F7190256C735}.Release|AnyCPU.Build.0 = Release|Any CPU
		{D27AD8F7-7710-40BE-B03B-55EFBEC13C44}.Debug|AnyCPU.ActiveCfg = Debug|Any CPU
		{D27AD8F7-7710-40BE-B03B-55EFBEC13C44}.Debug|AnyCPU.Build.0 = Debug|Any CPU
		{D27AD8F7-7710-40BE-B03B-55EFBEC13C44}.Release|AnyCPU.ActiveCfg = Release|Any CPU
		{D27AD8F7-7710-40BE-B03B-55EFBEC13C44}.Release|AnyCPU.Build.0 = Release|Any CPU
		{3F1F2F50-AF1A-4A5A-BEDB-193372F068D7}.Debug|AnyCPU.ActiveCfg = Debug|Any CPU
		{3F1F2F50-AF1A-4A5A-BEDB-193372F068D7}.Debug|AnyCPU.Build.0 = Debug|Any CPU
		{3F1F2F50-AF1A-4A5A-BEDB-193372F068D7}.Release|AnyCPU.ActiveCfg = Release|Any CPU
		{3F1F2F50-AF1A-4A5A-BEDB-193372F068D7}.Release|AnyCPU.Build.0 = Release|Any CPU
		{71FE54FA-0BF5-48EF-ACAA-17557B28C9F4}.Debug|AnyCPU.ActiveCfg = Debug|Any CPU
		{71FE54FA-0BF5-48EF-ACAA-17557B28C9F4}.Debug|AnyCPU.Build.0 = Debug|Any CPU
		{71FE54FA-0BF5-48EF-ACAA-17557B28C9F4}.Release|AnyCPU.ActiveCfg = Release|Any CPU
		{71FE54FA-0BF5-48EF-ACAA-17557B28C9F4}.Release|AnyCPU.Build.0 = Release|Any CPU
		{B17475BC-45A2-47A3-B8FC-62F3A0959EE0}.Debug|AnyCPU.ActiveCfg = Debug|Any CPU
		{B17475BC-45A2-47A3-B8FC-62F3A0959EE0}.Debug|AnyCPU.Build.0 = Debug|Any CPU
		{B17475BC-45A2-47A3-B8FC-62F3A0959EE0}.Release|AnyCPU.ActiveCfg = Release|Any CPU
		{B17475BC-45A2-47A3-B8FC-62F3A0959EE0}.Release|AnyCPU.Build.0 = Release|Any CPU
		{52C7D9B6-E8C8-47D0-9471-652D278D7D77}.Debug|AnyCPU.ActiveCfg = Debug|Any CPU
		{52C7D9B6-E8C8-47D0-9471-652D278D7D77}.Debug|AnyCPU.Build.0 = Debug|Any CPU
		{52C7D9B6-E8C8-47D0-9471-652D278D7D77}.Release|AnyCPU.ActiveCfg = Release|Any CPU
		{52C7D9B6-E8C8-47D0-9471-652D278D7D77}.Release|AnyCPU.Build.0 = Release|Any CPU
		{D1295A8F-4F42-461D-A046-564476C10002}.Debug|AnyCPU.ActiveCfg = Debug|Any CPU
		{D1295A8F-4F42-461D-A046-564476C10002}.Debug|AnyCPU.Build.0 = Debug|Any CPU
		{D1295A8F-4F42-461D-A046-564476C10002}.Release|AnyCPU.ActiveCfg = Release|Any CPU
		{D1295A8F-4F42-461D-A046-564476C10002}.Release|AnyCPU.Build.0 = Release|Any CPU
		{D18FCF91-8876-48A0-A693-2DC1E7D3D80A}.Debug|AnyCPU.ActiveCfg = Debug|Any CPU
		{D18FCF91-8876-48A0-A693-2DC1E7D3D80A}.Debug|AnyCPU.Build.0 = Debug|Any CPU
		{D18FCF91-8876-48A0-A693-2DC1E7D3D80A}.Release|AnyCPU.ActiveCfg = Release|Any CPU
		{D18FCF91-8876-48A0-A693-2DC1E7D3D80A}.Release|AnyCPU.Build.0 = Release|Any CPU
		{1268EADF-8344-431C-81F6-FCB7CBC99F49}.Debug|AnyCPU.ActiveCfg = Debug|Any CPU
		{1268EADF-8344-431C-81F6-FCB7CBC99F49}.Debug|AnyCPU.Build.0 = Debug|Any CPU
		{1268EADF-8344-431C-81F6-FCB7CBC99F49}.Release|AnyCPU.ActiveCfg = Release|Any CPU
		{1268EADF-8344-431C-81F6-FCB7CBC99F49}.Release|AnyCPU.Build.0 = Release|Any CPU
		{07BC4495-1267-4B78-9EA6-B76FEEA2A64A}.Debug|AnyCPU.ActiveCfg = Debug|Any CPU
		{07BC4495-1267-4B78-9EA6-B76FEEA2A64A}.Debug|AnyCPU.Build.0 = Debug|Any CPU
		{07BC4495-1267-4B78-9EA6-B76FEEA2A64A}.Release|AnyCPU.ActiveCfg = Release|Any CPU
		{07BC4495-1267-4B78-9EA6-B76FEEA2A64A}.Release|AnyCPU.Build.0 = Release|Any CPU
		{64CC4E44-CE3A-4319-BF3F-6CF8BD513870}.Debug|AnyCPU.ActiveCfg = Debug|Any CPU
		{64CC4E44-CE3A-4319-BF3F-6CF8BD513870}.Debug|AnyCPU.Build.0 = Debug|Any CPU
		{64CC4E44-CE3A-4319-BF3F-6CF8BD513870}.Release|AnyCPU.ActiveCfg = Release|Any CPU
		{64CC4E44-CE3A-4319-BF3F-6CF8BD513870}.Release|AnyCPU.Build.0 = Release|Any CPU
		{D48EE8D0-0A0A-4493-AEF5-DAF5F8CF86AD}.Debug|AnyCPU.ActiveCfg = Debug|Any CPU
		{D48EE8D0-0A0A-4493-AEF5-DAF5F8CF86AD}.Debug|AnyCPU.Build.0 = Debug|Any CPU
		{D48EE8D0-0A0A-4493-AEF5-DAF5F8CF86AD}.Release|AnyCPU.ActiveCfg = Release|Any CPU
		{D48EE8D0-0A0A-4493-AEF5-DAF5F8CF86AD}.Release|AnyCPU.Build.0 = Release|Any CPU
		{53EE4C57-1C03-405A-8243-8DA539546C88}.Debug|AnyCPU.ActiveCfg = Debug|Any CPU
		{53EE4C57-1C03-405A-8243-8DA539546C88}.Debug|AnyCPU.Build.0 = Debug|Any CPU
		{53EE4C57-1C03-405A-8243-8DA539546C88}.Release|AnyCPU.ActiveCfg = Release|Any CPU
		{53EE4C57-1C03-405A-8243-8DA539546C88}.Release|AnyCPU.Build.0 = Release|Any CPU
		{2DD1EE75-6D8D-4653-A800-0A24367F7F38}.Debug|AnyCPU.ActiveCfg = Debug|Any CPU
		{2DD1EE75-6D8D-4653-A800-0A24367F7F38}.Debug|AnyCPU.Build.0 = Debug|Any CPU
		{2DD1EE75-6D8D-4653-A800-0A24367F7F38}.Release|AnyCPU.ActiveCfg = Release|Any CPU
		{2DD1EE75-6D8D-4653-A800-0A24367F7F38}.Release|AnyCPU.Build.0 = Release|Any CPU
		{53E4ABF0-1085-45F9-B964-DCAE4B819998}.Debug|AnyCPU.ActiveCfg = Debug|Any CPU
		{53E4ABF0-1085-45F9-B964-DCAE4B819998}.Debug|AnyCPU.Build.0 = Debug|Any CPU
		{53E4ABF0-1085-45F9-B964-DCAE4B819998}.Release|AnyCPU.ActiveCfg = Release|Any CPU
		{53E4ABF0-1085-45F9-B964-DCAE4B819998}.Release|AnyCPU.Build.0 = Release|Any CPU
		{38C762AB-8FD1-44DE-9855-26AAE7129DC3}.Debug|AnyCPU.ActiveCfg = Debug|Any CPU
		{38C762AB-8FD1-44DE-9855-26AAE7129DC3}.Debug|AnyCPU.Build.0 = Debug|Any CPU
		{38C762AB-8FD1-44DE-9855-26AAE7129DC3}.Release|AnyCPU.ActiveCfg = Release|Any CPU
		{38C762AB-8FD1-44DE-9855-26AAE7129DC3}.Release|AnyCPU.Build.0 = Release|Any CPU
		{7387E151-48E3-4885-B2CA-A74434A34045}.Debug|AnyCPU.ActiveCfg = Debug|Any CPU
		{7387E151-48E3-4885-B2CA-A74434A34045}.Debug|AnyCPU.Build.0 = Debug|Any CPU
		{7387E151-48E3-4885-B2CA-A74434A34045}.Release|AnyCPU.ActiveCfg = Release|Any CPU
		{7387E151-48E3-4885-B2CA-A74434A34045}.Release|AnyCPU.Build.0 = Release|Any CPU
		{8A6CB07C-E493-4A4F-AB94-038645A27118}.Debug|AnyCPU.ActiveCfg = Debug|Any CPU
		{8A6CB07C-E493-4A4F-AB94-038645A27118}.Debug|AnyCPU.Build.0 = Debug|Any CPU
		{8A6CB07C-E493-4A4F-AB94-038645A27118}.Release|AnyCPU.ActiveCfg = Release|Any CPU
		{8A6CB07C-E493-4A4F-AB94-038645A27118}.Release|AnyCPU.Build.0 = Release|Any CPU
		{66CF299A-CE95-4131-BCD8-DB66E30C4BF7}.Debug|AnyCPU.ActiveCfg = Debug|Any CPU
		{66CF299A-CE95-4131-BCD8-DB66E30C4BF7}.Debug|AnyCPU.Build.0 = Debug|Any CPU
		{66CF299A-CE95-4131-BCD8-DB66E30C4BF7}.Release|AnyCPU.ActiveCfg = Release|Any CPU
		{66CF299A-CE95-4131-BCD8-DB66E30C4BF7}.Release|AnyCPU.Build.0 = Release|Any CPU
		{B8105878-D423-4159-A3E7-028298281EC6}.Debug|AnyCPU.ActiveCfg = Debug|Any CPU
		{B8105878-D423-4159-A3E7-028298281EC6}.Debug|AnyCPU.Build.0 = Debug|Any CPU
		{B8105878-D423-4159-A3E7-028298281EC6}.Release|AnyCPU.ActiveCfg = Release|Any CPU
		{B8105878-D423-4159-A3E7-028298281EC6}.Release|AnyCPU.Build.0 = Release|Any CPU
		{43564FB3-0F79-4FF4-A2B0-B1637072FF01}.Debug|AnyCPU.ActiveCfg = Debug|Any CPU
		{43564FB3-0F79-4FF4-A2B0-B1637072FF01}.Debug|AnyCPU.Build.0 = Debug|Any CPU
		{43564FB3-0F79-4FF4-A2B0-B1637072FF01}.Release|AnyCPU.ActiveCfg = Release|Any CPU
		{43564FB3-0F79-4FF4-A2B0-B1637072FF01}.Release|AnyCPU.Build.0 = Release|Any CPU
		{3DE17662-DCD6-4F49-AF06-D39AACC8649A}.Debug|AnyCPU.ActiveCfg = Debug|Any CPU
		{3DE17662-DCD6-4F49-AF06-D39AACC8649A}.Debug|AnyCPU.Build.0 = Debug|Any CPU
		{3DE17662-DCD6-4F49-AF06-D39AACC8649A}.Release|AnyCPU.ActiveCfg = Release|Any CPU
		{3DE17662-DCD6-4F49-AF06-D39AACC8649A}.Release|AnyCPU.Build.0 = Release|Any CPU
		{E34BCFA0-CAA4-412C-AA1C-75DB8D67D157}.Debug|AnyCPU.ActiveCfg = Debug|Any CPU
		{E34BCFA0-CAA4-412C-AA1C-75DB8D67D157}.Debug|AnyCPU.Build.0 = Debug|Any CPU
		{E34BCFA0-CAA4-412C-AA1C-75DB8D67D157}.Release|AnyCPU.ActiveCfg = Release|Any CPU
		{E34BCFA0-CAA4-412C-AA1C-75DB8D67D157}.Release|AnyCPU.Build.0 = Release|Any CPU
		{1E5501E8-49C1-4659-838D-CC9720C5208F}.Debug|AnyCPU.ActiveCfg = Debug|Any CPU
		{1E5501E8-49C1-4659-838D-CC9720C5208F}.Debug|AnyCPU.Build.0 = Debug|Any CPU
		{1E5501E8-49C1-4659-838D-CC9720C5208F}.Release|AnyCPU.ActiveCfg = Release|Any CPU
		{1E5501E8-49C1-4659-838D-CC9720C5208F}.Release|AnyCPU.Build.0 = Release|Any CPU
		{1BAFA0CC-0377-46CE-AB7B-7BB2E7B62F63}.Debug|AnyCPU.ActiveCfg = Debug|Any CPU
		{1BAFA0CC-0377-46CE-AB7B-7BB2E7B62F63}.Debug|AnyCPU.Build.0 = Debug|Any CPU
		{1BAFA0CC-0377-46CE-AB7B-7BB2E7B62F63}.Release|AnyCPU.ActiveCfg = Release|Any CPU
		{1BAFA0CC-0377-46CE-AB7B-7BB2E7B62F63}.Release|AnyCPU.Build.0 = Release|Any CPU
		{AF8AC493-40AC-4195-82F6-B08EE4B4E49E}.Debug|AnyCPU.ActiveCfg = Debug|Any CPU
		{AF8AC493-40AC-4195-82F6-B08EE4B4E49E}.Debug|AnyCPU.Build.0 = Debug|Any CPU
		{AF8AC493-40AC-4195-82F6-B08EE4B4E49E}.Release|AnyCPU.ActiveCfg = Release|Any CPU
		{AF8AC493-40AC-4195-82F6-B08EE4B4E49E}.Release|AnyCPU.Build.0 = Release|Any CPU
		{0C31DE30-F9DF-4312-BFFE-DCAD558CCF08}.Debug|AnyCPU.ActiveCfg = Debug|Any CPU
		{0C31DE30-F9DF-4312-BFFE-DCAD558CCF08}.Debug|AnyCPU.Build.0 = Debug|Any CPU
		{0C31DE30-F9DF-4312-BFFE-DCAD558CCF08}.Release|AnyCPU.ActiveCfg = Release|Any CPU
		{0C31DE30-F9DF-4312-BFFE-DCAD558CCF08}.Release|AnyCPU.Build.0 = Release|Any CPU
		{A0AEF446-3368-4591-9DE6-BC3B2B33337D}.Debug|AnyCPU.ActiveCfg = Debug|Any CPU
		{A0AEF446-3368-4591-9DE6-BC3B2B33337D}.Debug|AnyCPU.Build.0 = Debug|Any CPU
		{A0AEF446-3368-4591-9DE6-BC3B2B33337D}.Release|AnyCPU.ActiveCfg = Release|Any CPU
		{A0AEF446-3368-4591-9DE6-BC3B2B33337D}.Release|AnyCPU.Build.0 = Release|Any CPU
		{F3CFF31C-037B-450F-B22D-1D6E529B2DCC}.Debug|AnyCPU.ActiveCfg = Debug|Any CPU
		{F3CFF31C-037B-450F-B22D-1D6E529B2DCC}.Debug|AnyCPU.Build.0 = Debug|Any CPU
		{F3CFF31C-037B-450F-B22D-1D6E529B2DCC}.Release|AnyCPU.ActiveCfg = Release|Any CPU
		{F3CFF31C-037B-450F-B22D-1D6E529B2DCC}.Release|AnyCPU.Build.0 = Release|Any CPU
		{16DB2680-399B-4111-AA26-6CDBBFA334D8}.Debug|AnyCPU.ActiveCfg = Debug|Any CPU
		{16DB2680-399B-4111-AA26-6CDBBFA334D8}.Debug|AnyCPU.Build.0 = Debug|Any CPU
		{16DB2680-399B-4111-AA26-6CDBBFA334D8}.Release|AnyCPU.ActiveCfg = Release|Any CPU
		{16DB2680-399B-4111-AA26-6CDBBFA334D8}.Release|AnyCPU.Build.0 = Release|Any CPU
		{3B2A5653-EC97-4001-BB9B-D90F1AF2C371}.Debug|AnyCPU.ActiveCfg = Debug|Any CPU
		{3B2A5653-EC97-4001-BB9B-D90F1AF2C371}.Debug|AnyCPU.Build.0 = Debug|Any CPU
		{3B2A5653-EC97-4001-BB9B-D90F1AF2C371}.Release|AnyCPU.ActiveCfg = Release|Any CPU
		{3B2A5653-EC97-4001-BB9B-D90F1AF2C371}.Release|AnyCPU.Build.0 = Release|Any CPU
		{53DCA265-3C3C-42F9-B647-F72BA678122B}.Debug|AnyCPU.ActiveCfg = Debug|Any CPU
		{53DCA265-3C3C-42F9-B647-F72BA678122B}.Debug|AnyCPU.Build.0 = Debug|Any CPU
		{53DCA265-3C3C-42F9-B647-F72BA678122B}.Release|AnyCPU.ActiveCfg = Release|Any CPU
		{53DCA265-3C3C-42F9-B647-F72BA678122B}.Release|AnyCPU.Build.0 = Release|Any CPU
		{372E8E3E-29D5-4B4D-88A2-4711CD628C4E}.Debug|AnyCPU.ActiveCfg = Debug|Any CPU
		{372E8E3E-29D5-4B4D-88A2-4711CD628C4E}.Debug|AnyCPU.Build.0 = Debug|Any CPU
		{372E8E3E-29D5-4B4D-88A2-4711CD628C4E}.Release|AnyCPU.ActiveCfg = Release|Any CPU
		{372E8E3E-29D5-4B4D-88A2-4711CD628C4E}.Release|AnyCPU.Build.0 = Release|Any CPU
		{90C99ADB-7D4B-4EB4-98C2-40BD1B14C7D2}.Debug|AnyCPU.ActiveCfg = Debug|Any CPU
		{90C99ADB-7D4B-4EB4-98C2-40BD1B14C7D2}.Debug|AnyCPU.Build.0 = Debug|Any CPU
		{90C99ADB-7D4B-4EB4-98C2-40BD1B14C7D2}.Release|AnyCPU.ActiveCfg = Release|Any CPU
		{90C99ADB-7D4B-4EB4-98C2-40BD1B14C7D2}.Release|AnyCPU.Build.0 = Release|Any CPU
		{DE40756E-57F6-4AF2-B155-55E3A88CCED8}.Debug|AnyCPU.ActiveCfg = Debug|Any CPU
		{DE40756E-57F6-4AF2-B155-55E3A88CCED8}.Debug|AnyCPU.Build.0 = Debug|Any CPU
		{DE40756E-57F6-4AF2-B155-55E3A88CCED8}.Release|AnyCPU.ActiveCfg = Release|Any CPU
		{DE40756E-57F6-4AF2-B155-55E3A88CCED8}.Release|AnyCPU.Build.0 = Release|Any CPU
		{6410DA0F-5E14-4FC0-9AEE-F4C542C96C7A}.Debug|AnyCPU.ActiveCfg = Debug|Any CPU
		{6410DA0F-5E14-4FC0-9AEE-F4C542C96C7A}.Debug|AnyCPU.Build.0 = Debug|Any CPU
		{6410DA0F-5E14-4FC0-9AEE-F4C542C96C7A}.Release|AnyCPU.ActiveCfg = Release|Any CPU
		{6410DA0F-5E14-4FC0-9AEE-F4C542C96C7A}.Release|AnyCPU.Build.0 = Release|Any CPU
		{D28957BF-5E66-4D60-B528-22820C60AC82}.Debug|AnyCPU.ActiveCfg = Debug|Any CPU
		{D28957BF-5E66-4D60-B528-22820C60AC82}.Debug|AnyCPU.Build.0 = Debug|Any CPU
		{D28957BF-5E66-4D60-B528-22820C60AC82}.Release|AnyCPU.ActiveCfg = Release|Any CPU
		{D28957BF-5E66-4D60-B528-22820C60AC82}.Release|AnyCPU.Build.0 = Release|Any CPU
		{1FED3F23-1175-42AA-BE87-EF1E8DB52F8B}.Debug|AnyCPU.ActiveCfg = Debug|Any CPU
		{1FED3F23-1175-42AA-BE87-EF1E8DB52F8B}.Debug|AnyCPU.Build.0 = Debug|Any CPU
		{1FED3F23-1175-42AA-BE87-EF1E8DB52F8B}.Release|AnyCPU.ActiveCfg = Release|Any CPU
		{1FED3F23-1175-42AA-BE87-EF1E8DB52F8B}.Release|AnyCPU.Build.0 = Release|Any CPU
		{2CE4CD4B-B7B7-4EAE-A9BE-2699824D6096}.Debug|AnyCPU.ActiveCfg = Debug|Any CPU
		{2CE4CD4B-B7B7-4EAE-A9BE-2699824D6096}.Debug|AnyCPU.Build.0 = Debug|Any CPU
		{2CE4CD4B-B7B7-4EAE-A9BE-2699824D6096}.Release|AnyCPU.ActiveCfg = Release|Any CPU
		{2CE4CD4B-B7B7-4EAE-A9BE-2699824D6096}.Release|AnyCPU.Build.0 = Release|Any CPU
		{86A8DEFE-7ABB-4097-9389-C249581E243D}.Debug|AnyCPU.ActiveCfg = Debug|Any CPU
		{86A8DEFE-7ABB-4097-9389-C249581E243D}.Debug|AnyCPU.Build.0 = Debug|Any CPU
		{86A8DEFE-7ABB-4097-9389-C249581E243D}.Release|AnyCPU.ActiveCfg = Release|Any CPU
		{86A8DEFE-7ABB-4097-9389-C249581E243D}.Release|AnyCPU.Build.0 = Release|Any CPU
		{37FCD325-1077-4603-98E7-4509CAD648D6}.Debug|AnyCPU.ActiveCfg = Debug|Any CPU
		{37FCD325-1077-4603-98E7-4509CAD648D6}.Debug|AnyCPU.Build.0 = Debug|Any CPU
		{37FCD325-1077-4603-98E7-4509CAD648D6}.Release|AnyCPU.ActiveCfg = Release|Any CPU
		{37FCD325-1077-4603-98E7-4509CAD648D6}.Release|AnyCPU.Build.0 = Release|Any CPU
		{88B746FF-8D6E-464D-9D66-FF2ECCF148E0}.Debug|AnyCPU.ActiveCfg = Debug|Any CPU
		{88B746FF-8D6E-464D-9D66-FF2ECCF148E0}.Debug|AnyCPU.Build.0 = Debug|Any CPU
		{88B746FF-8D6E-464D-9D66-FF2ECCF148E0}.Release|AnyCPU.ActiveCfg = Release|Any CPU
		{88B746FF-8D6E-464D-9D66-FF2ECCF148E0}.Release|AnyCPU.Build.0 = Release|Any CPU
		{1A273ED2-AE84-48E9-9C23-E978C2D0CB34}.Debug|AnyCPU.ActiveCfg = Debug|anycpu
		{1A273ED2-AE84-48E9-9C23-E978C2D0CB34}.Debug|AnyCPU.Build.0 = Debug|anycpu
		{1A273ED2-AE84-48E9-9C23-E978C2D0CB34}.Release|AnyCPU.ActiveCfg = Release|anycpu
		{1A273ED2-AE84-48E9-9C23-E978C2D0CB34}.Release|AnyCPU.Build.0 = Release|anycpu
		{DA50FC92-7FE7-48B5-BDB6-CDA57B37BB51}.Debug|AnyCPU.ActiveCfg = Debug|anycpu
		{DA50FC92-7FE7-48B5-BDB6-CDA57B37BB51}.Debug|AnyCPU.Build.0 = Debug|anycpu
		{DA50FC92-7FE7-48B5-BDB6-CDA57B37BB51}.Release|AnyCPU.ActiveCfg = Release|anycpu
		{DA50FC92-7FE7-48B5-BDB6-CDA57B37BB51}.Release|AnyCPU.Build.0 = Release|anycpu
		{4EFCED6E-9A6B-453A-94E4-CE4B736EC684}.Debug|AnyCPU.ActiveCfg = Debug|Any CPU
		{4EFCED6E-9A6B-453A-94E4-CE4B736EC684}.Debug|AnyCPU.Build.0 = Debug|Any CPU
		{4EFCED6E-9A6B-453A-94E4-CE4B736EC684}.Release|AnyCPU.ActiveCfg = Release|Any CPU
		{4EFCED6E-9A6B-453A-94E4-CE4B736EC684}.Release|AnyCPU.Build.0 = Release|Any CPU
		{D8E14B43-E929-4C18-9FA6-2C3DC47EFC17}.Debug|AnyCPU.ActiveCfg = Debug|Any CPU
		{D8E14B43-E929-4C18-9FA6-2C3DC47EFC17}.Debug|AnyCPU.Build.0 = Debug|Any CPU
		{D8E14B43-E929-4C18-9FA6-2C3DC47EFC17}.Release|AnyCPU.ActiveCfg = Release|Any CPU
		{D8E14B43-E929-4C18-9FA6-2C3DC47EFC17}.Release|AnyCPU.Build.0 = Release|Any CPU
		{C0E44558-FEE3-4DD3-986A-3F46DD1BF41B}.Debug|AnyCPU.ActiveCfg = Debug|Any CPU
		{C0E44558-FEE3-4DD3-986A-3F46DD1BF41B}.Debug|AnyCPU.Build.0 = Debug|Any CPU
		{C0E44558-FEE3-4DD3-986A-3F46DD1BF41B}.Release|AnyCPU.ActiveCfg = Release|Any CPU
		{C0E44558-FEE3-4DD3-986A-3F46DD1BF41B}.Release|AnyCPU.Build.0 = Release|Any CPU
		{BA4D889D-066B-4C2C-A973-09E319CBC396}.Debug|AnyCPU.ActiveCfg = Debug|Any CPU
		{BA4D889D-066B-4C2C-A973-09E319CBC396}.Debug|AnyCPU.Build.0 = Debug|Any CPU
		{BA4D889D-066B-4C2C-A973-09E319CBC396}.Release|AnyCPU.ActiveCfg = Release|Any CPU
		{BA4D889D-066B-4C2C-A973-09E319CBC396}.Release|AnyCPU.Build.0 = Release|Any CPU
		{A39B6D7C-6616-40D6-8AE4-C6CEE93D2708}.Debug|AnyCPU.ActiveCfg = Debug|Any CPU
		{A39B6D7C-6616-40D6-8AE4-C6CEE93D2708}.Debug|AnyCPU.Build.0 = Debug|Any CPU
		{A39B6D7C-6616-40D6-8AE4-C6CEE93D2708}.Release|AnyCPU.ActiveCfg = Release|Any CPU
		{A39B6D7C-6616-40D6-8AE4-C6CEE93D2708}.Release|AnyCPU.Build.0 = Release|Any CPU
	EndGlobalSection
	GlobalSection(SolutionProperties) = preSolution
		HideSolutionNode = FALSE
	EndGlobalSection
	GlobalSection(NestedProjects) = preSolution
		{1D4FC8F1-0DA4-4F38-BE68-11AEBA9A0EA4} = {04E3E11E-B47D-4599-8AFC-50515A95E715}
		{AFB8F6D1-6EA9-42C3-950B-98F34C669AD2} = {E351F97D-EA4F-4E7F-AAA0-8EBB1F2A4A62}
		{3FC3E78B-F7D4-42EA-BBE8-4535DF42BFF8} = {E351F97D-EA4F-4E7F-AAA0-8EBB1F2A4A62}
		{94BD81F7-B06F-4295-9636-F8A3B6BDC762} = {04E3E11E-B47D-4599-8AFC-50515A95E715}
		{B501D075-6183-4E1D-92C9-F7B5002475B1} = {04E3E11E-B47D-4599-8AFC-50515A95E715}
		{D14A1B5C-2060-4930-92BE-F7190256C735} = {04E3E11E-B47D-4599-8AFC-50515A95E715}
		{FE789F04-5E95-42C5-AEF1-E33F8DF06B3F} = {04E3E11E-B47D-4599-8AFC-50515A95E715}
		{74598F5C-B8CC-4CE6-8EE2-AB9CA1400076} = {04E3E11E-B47D-4599-8AFC-50515A95E715}
		{D27AD8F7-7710-40BE-B03B-55EFBEC13C44} = {04E3E11E-B47D-4599-8AFC-50515A95E715}
		{3F1F2F50-AF1A-4A5A-BEDB-193372F068D7} = {04E3E11E-B47D-4599-8AFC-50515A95E715}
		{B17475BC-45A2-47A3-B8FC-62F3A0959EE0} = {04E3E11E-B47D-4599-8AFC-50515A95E715}
		{52C7D9B6-E8C8-47D0-9471-652D278D7D77} = {864062D3-A415-4A6F-9324-5820237BA058}
		{D1295A8F-4F42-461D-A046-564476C10002} = {864062D3-A415-4A6F-9324-5820237BA058}
		{D18FCF91-8876-48A0-A693-2DC1E7D3D80A} = {864062D3-A415-4A6F-9324-5820237BA058}
		{1268EADF-8344-431C-81F6-FCB7CBC99F49} = {864062D3-A415-4A6F-9324-5820237BA058}
		{07BC4495-1267-4B78-9EA6-B76FEEA2A64A} = {864062D3-A415-4A6F-9324-5820237BA058}
		{64CC4E44-CE3A-4319-BF3F-6CF8BD513870} = {864062D3-A415-4A6F-9324-5820237BA058}
		{D48EE8D0-0A0A-4493-AEF5-DAF5F8CF86AD} = {864062D3-A415-4A6F-9324-5820237BA058}
		{53EE4C57-1C03-405A-8243-8DA539546C88} = {04E3E11E-B47D-4599-8AFC-50515A95E715}
		{2DD1EE75-6D8D-4653-A800-0A24367F7F38} = {CAB438D8-B0F5-4AF0-BEBD-9E2ADBD7B483}
		{53E4ABF0-1085-45F9-B964-DCAE4B819998} = {CAB438D8-B0F5-4AF0-BEBD-9E2ADBD7B483}
		{38C762AB-8FD1-44DE-9855-26AAE7129DC3} = {864062D3-A415-4A6F-9324-5820237BA058}
		{7387E151-48E3-4885-B2CA-A74434A34045} = {864062D3-A415-4A6F-9324-5820237BA058}
		{8A6CB07C-E493-4A4F-AB94-038645A27118} = {E351F97D-EA4F-4E7F-AAA0-8EBB1F2A4A62}
		{66CF299A-CE95-4131-BCD8-DB66E30C4BF7} = {04E3E11E-B47D-4599-8AFC-50515A95E715}
		{B8105878-D423-4159-A3E7-028298281EC6} = {04E3E11E-B47D-4599-8AFC-50515A95E715}
		{43564FB3-0F79-4FF4-A2B0-B1637072FF01} = {04E3E11E-B47D-4599-8AFC-50515A95E715}
		{3DE17662-DCD6-4F49-AF06-D39AACC8649A} = {04E3E11E-B47D-4599-8AFC-50515A95E715}
		{E34BCFA0-CAA4-412C-AA1C-75DB8D67D157} = {04E3E11E-B47D-4599-8AFC-50515A95E715}
		{1E5501E8-49C1-4659-838D-CC9720C5208F} = {CAB438D8-B0F5-4AF0-BEBD-9E2ADBD7B483}
		{1BAFA0CC-0377-46CE-AB7B-7BB2E7B62F63} = {04E3E11E-B47D-4599-8AFC-50515A95E715}
		{AF8AC493-40AC-4195-82F6-B08EE4B4E49E} = {04E3E11E-B47D-4599-8AFC-50515A95E715}
		{0C31DE30-F9DF-4312-BFFE-DCAD558CCF08} = {04E3E11E-B47D-4599-8AFC-50515A95E715}
		{A0AEF446-3368-4591-9DE6-BC3B2B33337D} = {04E3E11E-B47D-4599-8AFC-50515A95E715}
		{F3CFF31C-037B-450F-B22D-1D6E529B2DCC} = {864062D3-A415-4A6F-9324-5820237BA058}
		{16DB2680-399B-4111-AA26-6CDBBFA334D8} = {CAB438D8-B0F5-4AF0-BEBD-9E2ADBD7B483}
		{3B2A5653-EC97-4001-BB9B-D90F1AF2C371} = {05C3B1D6-A4CE-4534-A9E4-E9117591ADF7}
		{53DCA265-3C3C-42F9-B647-F72BA678122B} = {05C3B1D6-A4CE-4534-A9E4-E9117591ADF7}
		{372E8E3E-29D5-4B4D-88A2-4711CD628C4E} = {05C3B1D6-A4CE-4534-A9E4-E9117591ADF7}
		{90C99ADB-7D4B-4EB4-98C2-40BD1B14C7D2} = {05C3B1D6-A4CE-4534-A9E4-E9117591ADF7}
		{DE40756E-57F6-4AF2-B155-55E3A88CCED8} = {05C3B1D6-A4CE-4534-A9E4-E9117591ADF7}
		{6410DA0F-5E14-4FC0-9AEE-F4C542C96C7A} = {05C3B1D6-A4CE-4534-A9E4-E9117591ADF7}
		{D28957BF-5E66-4D60-B528-22820C60AC82} = {E351F97D-EA4F-4E7F-AAA0-8EBB1F2A4A62}
		{1FED3F23-1175-42AA-BE87-EF1E8DB52F8B} = {04E3E11E-B47D-4599-8AFC-50515A95E715}
		{2CE4CD4B-B7B7-4EAE-A9BE-2699824D6096} = {04E3E11E-B47D-4599-8AFC-50515A95E715}
		{86A8DEFE-7ABB-4097-9389-C249581E243D} = {04E3E11E-B47D-4599-8AFC-50515A95E715}
		{37FCD325-1077-4603-98E7-4509CAD648D6} = {864062D3-A415-4A6F-9324-5820237BA058}
		{88B746FF-8D6E-464D-9D66-FF2ECCF148E0} = {864062D3-A415-4A6F-9324-5820237BA058}
		{1A273ED2-AE84-48E9-9C23-E978C2D0CB34} = {864062D3-A415-4A6F-9324-5820237BA058}
		{DA50FC92-7FE7-48B5-BDB6-CDA57B37BB51} = {864062D3-A415-4A6F-9324-5820237BA058}
		{4EFCED6E-9A6B-453A-94E4-CE4B736EC684} = {864062D3-A415-4A6F-9324-5820237BA058}
		{D8E14B43-E929-4C18-9FA6-2C3DC47EFC17} = {864062D3-A415-4A6F-9324-5820237BA058}
		{C0E44558-FEE3-4DD3-986A-3F46DD1BF41B} = {04E3E11E-B47D-4599-8AFC-50515A95E715}
		{BA4D889D-066B-4C2C-A973-09E319CBC396} = {E351F97D-EA4F-4E7F-AAA0-8EBB1F2A4A62}
		{A39B6D7C-6616-40D6-8AE4-C6CEE93D2708} = {CAB438D8-B0F5-4AF0-BEBD-9E2ADBD7B483}
	EndGlobalSection
	GlobalSection(ExtensibilityGlobals) = postSolution
		SolutionGuid = {53A1F287-EFB2-4D97-A4BB-4A5E145613F6}
	EndGlobalSection
	GlobalSection(SharedMSBuildProjectFiles) = preSolution
		src\Xamarin.Android.NamingCustomAttributes\Xamarin.Android.NamingCustomAttributes.projitems*{3f1f2f50-af1a-4a5a-bedb-193372f068d7}*SharedItemsImports = 5
		src\Xamarin.Android.NamingCustomAttributes\Xamarin.Android.NamingCustomAttributes.projitems*{66cf299a-ce95-4131-bcd8-db66e30c4bf7}*SharedItemsImports = 5
		src\Xamarin.Android.NamingCustomAttributes\Xamarin.Android.NamingCustomAttributes.projitems*{74598f5c-b8cc-4ce6-8ee2-ab9ca1400076}*SharedItemsImports = 13
		external\Java.Interop\src\Java.Interop.NamingCustomAttributes\Java.Interop.NamingCustomAttributes.projitems*{d1295a8f-4f42-461d-a046-564476c10002}*SharedItemsImports = 5
		external\Java.Interop\src\Java.Interop.NamingCustomAttributes\Java.Interop.NamingCustomAttributes.projitems*{d18fcf91-8876-48a0-a693-2dc1e7d3d80a}*SharedItemsImports = 5
		external\Java.Interop\src\Java.Interop.NamingCustomAttributes\Java.Interop.NamingCustomAttributes.projitems*{fe789f04-5e95-42c5-aef1-e33f8df06b3f}*SharedItemsImports = 13
	EndGlobalSection
	GlobalSection(MonoDevelopProperties) = preSolution
		Policies = $0
		$0.DotNetNamingPolicy = $1
	EndGlobalSection
EndGlobal
