
Microsoft Visual Studio Solution File, Format Version 12.00
# Visual Studio Version 16
VisualStudioVersion = 16.0.29411.108
MinimumVisualStudioVersion = 10.0.40219.1
Project("{FAE04EC0-301F-11D3-BF4B-00C04F79EFBC}") = "xa-prep-tasks", "build-tools\xa-prep-tasks\xa-prep-tasks.csproj", "{7CE69551-BD73-4726-ACAA-AAF89C84BAF8}"
EndProject
Project("{FAE04EC0-301F-11D3-BF4B-00C04F79EFBC}") = "Xamarin.Android.Tools.BootstrapTasks", "build-tools\Xamarin.Android.Tools.BootstrapTasks\Xamarin.Android.Tools.BootstrapTasks.csproj", "{E8492EFB-D14A-4F32-AA28-88848322ECEA}"
EndProject
Global
	GlobalSection(SolutionConfigurationPlatforms) = preSolution
		Debug|Any CPU = Debug|Any CPU
		Release|Any CPU = Release|Any CPU
	EndGlobalSection
	GlobalSection(ProjectConfigurationPlatforms) = postSolution
		{7CE69551-BD73-4726-ACAA-AAF89C84BAF8}.Debug|Any CPU.ActiveCfg = Debug|Any CPU
		{7CE69551-BD73-4726-ACAA-AAF89C84BAF8}.Debug|Any CPU.Build.0 = Debug|Any CPU
		{7CE69551-BD73-4726-ACAA-AAF89C84BAF8}.Release|Any CPU.ActiveCfg = Release|Any CPU
		{7CE69551-BD73-4726-ACAA-AAF89C84BAF8}.Release|Any CPU.Build.0 = Release|Any CPU
		{E8492EFB-D14A-4F32-AA28-88848322ECEA}.Debug|Any CPU.ActiveCfg = Debug|Any CPU
		{E8492EFB-D14A-4F32-AA28-88848322ECEA}.Debug|Any CPU.Build.0 = Debug|Any CPU
		{E8492EFB-D14A-4F32-AA28-88848322ECEA}.Release|Any CPU.ActiveCfg = Release|Any CPU
		{E8492EFB-D14A-4F32-AA28-88848322ECEA}.Release|Any CPU.Build.0 = Release|Any CPU
	EndGlobalSection
	GlobalSection(SolutionProperties) = preSolution
		HideSolutionNode = FALSE
	EndGlobalSection
	GlobalSection(ExtensibilityGlobals) = postSolution
		SolutionGuid = {368B5B8B-7CA0-4D02-B36A-95CF69A960CD}
	EndGlobalSection
EndGlobal
