
Microsoft Visual Studio Solution File, Format Version 12.00
# Visual Studio Version 16
VisualStudioVersion = 16.0.29920.165
MinimumVisualStudioVersion = 10.0.40219.1
Project("{9A19103F-16F7-4668-BE54-9A1E7A4F7556}") = "Xamarin.Android.Build.Tasks", "src\Xamarin.Android.Build.Tasks\Xamarin.Android.Build.Tasks.csproj", "{3F1F2F50-AF1A-4A5A-BEDB-193372F068D7}"
EndProject
Project("{9A19103F-16F7-4668-BE54-9A1E7A4F7556}") = "Xamarin.Android.Build.Tests", "src\Xamarin.Android.Build.Tasks\Tests\Xamarin.Android.Build.Tests\Xamarin.Android.Build.Tests.csproj", "{53E4ABF0-1085-45F9-B964-DCAE4B819998}"
EndProject
Project("{9A19103F-16F7-4668-BE54-9A1E7A4F7556}") = "Xamarin.ProjectTools", "src\Xamarin.Android.Build.Tasks\Tests\Xamarin.ProjectTools\Xamarin.ProjectTools.csproj", "{2DD1EE75-6D8D-4653-A800-0A24367F7F38}"
EndProject
Project("{2150E333-8FDC-42A3-9474-1A3956D46DE8}") = "external", "external", "{385E71CC-BAE5-488B-805E-ACAE55F01DF5}"
EndProject
Project("{9A19103F-16F7-4668-BE54-9A1E7A4F7556}") = "MSBuildDeviceIntegration", "tests\MSBuildDeviceIntegration\MSBuildDeviceIntegration.csproj", "{16DB2680-399B-4111-AA26-6CDBBFA334D8}"
EndProject
Project("{9A19103F-16F7-4668-BE54-9A1E7A4F7556}") = "Mono.Debugging", "external\debugger-libs\Mono.Debugging\Mono.Debugging.csproj", "{90C99ADB-7D4B-4EB4-98C2-40BD1B14C7D2}"
EndProject
Project("{9A19103F-16F7-4668-BE54-9A1E7A4F7556}") = "Mono.Debugger.Soft", "external\debugger-libs\Mono.Debugger.Soft\Mono.Debugger.Soft.csproj", "{372E8E3E-29D5-4B4D-88A2-4711CD628C4E}"
EndProject
Project("{9A19103F-16F7-4668-BE54-9A1E7A4F7556}") = "Mono.Debugging.Soft", "external\debugger-libs\Mono.Debugging.Soft\Mono.Debugging.Soft.csproj", "{DE40756E-57F6-4AF2-B155-55E3A88CCED8}"
EndProject
Project("{9A19103F-16F7-4668-BE54-9A1E7A4F7556}") = "vswhere", "tools\vswhere\vswhere.csproj", "{DBDC804F-8406-4F5E-83C6-720CB0CB6C6F}"
EndProject
Project("{9A19103F-16F7-4668-BE54-9A1E7A4F7556}") = "Microsoft.Android.Build.BaseTasks", "external\xamarin-android-tools\src\Microsoft.Android.Build.BaseTasks\Microsoft.Android.Build.BaseTasks.csproj", "{3DE17662-DCD6-4F49-AF06-D39AACC8649A}"
EndProject
Project("{9A19103F-16F7-4668-BE54-9A1E7A4F7556}") = "Xamarin.Android.Tools.AndroidSdk", "external\xamarin-android-tools\src\Xamarin.Android.Tools.AndroidSdk\Xamarin.Android.Tools.AndroidSdk.csproj", "{E34BCFA0-CAA4-412C-AA1C-75DB8D67D157}"
EndProject
Project("{FAE04EC0-301F-11D3-BF4B-00C04F79EFBC}") = "Microsoft.Android.Sdk.Analysis", "src\Microsoft.Android.Sdk.Analysis\Microsoft.Android.Sdk.Analysis.csproj", "{0D00DD34-3E94-4166-9DEE-12355E4C98A0}"
EndProject
Project("{FAE04EC0-301F-11D3-BF4B-00C04F79EFBC}") = "Microsoft.Android.Sdk.Analysis.Tests", "src\Microsoft.Android.Sdk.Analysis\Tests\Microsoft.Android.Sdk.Analysis.Tests.csproj", "{B54CE553-1105-45BE-ABC2-2D8ABC4B1099}"
EndProject
Project("{2150E333-8FDC-42A3-9474-1A3956D46DE8}") = "tests", "tests", "{02EA681E-C7D8-13C7-8484-4AC65E1B71E8}"
EndProject
Global
	GlobalSection(SharedMSBuildProjectFiles) = preSolution
		src\Xamarin.Android.NamingCustomAttributes\Xamarin.Android.NamingCustomAttributes.projitems*{3f1f2f50-af1a-4a5a-bedb-193372f068d7}*SharedItemsImports = 5
	EndGlobalSection
	GlobalSection(SolutionConfigurationPlatforms) = preSolution
		Debug|Any CPU = Debug|Any CPU
		Release|Any CPU = Release|Any CPU
	EndGlobalSection
	GlobalSection(ProjectConfigurationPlatforms) = postSolution
		{3F1F2F50-AF1A-4A5A-BEDB-193372F068D7}.Debug|Any CPU.ActiveCfg = Debug|Any CPU
		{3F1F2F50-AF1A-4A5A-BEDB-193372F068D7}.Debug|Any CPU.Build.0 = Debug|Any CPU
		{3F1F2F50-AF1A-4A5A-BEDB-193372F068D7}.Release|Any CPU.ActiveCfg = Release|Any CPU
		{3F1F2F50-AF1A-4A5A-BEDB-193372F068D7}.Release|Any CPU.Build.0 = Release|Any CPU
		{53E4ABF0-1085-45F9-B964-DCAE4B819998}.Debug|Any CPU.ActiveCfg = Debug|Any CPU
		{53E4ABF0-1085-45F9-B964-DCAE4B819998}.Debug|Any CPU.Build.0 = Debug|Any CPU
		{53E4ABF0-1085-45F9-B964-DCAE4B819998}.Release|Any CPU.ActiveCfg = Release|Any CPU
		{53E4ABF0-1085-45F9-B964-DCAE4B819998}.Release|Any CPU.Build.0 = Release|Any CPU
		{2DD1EE75-6D8D-4653-A800-0A24367F7F38}.Debug|Any CPU.ActiveCfg = Debug|Any CPU
		{2DD1EE75-6D8D-4653-A800-0A24367F7F38}.Debug|Any CPU.Build.0 = Debug|Any CPU
		{2DD1EE75-6D8D-4653-A800-0A24367F7F38}.Release|Any CPU.ActiveCfg = Release|Any CPU
		{2DD1EE75-6D8D-4653-A800-0A24367F7F38}.Release|Any CPU.Build.0 = Release|Any CPU
		{16DB2680-399B-4111-AA26-6CDBBFA334D8}.Debug|Any CPU.ActiveCfg = Debug|Any CPU
		{16DB2680-399B-4111-AA26-6CDBBFA334D8}.Debug|Any CPU.Build.0 = Debug|Any CPU
		{16DB2680-399B-4111-AA26-6CDBBFA334D8}.Release|Any CPU.ActiveCfg = Release|Any CPU
		{16DB2680-399B-4111-AA26-6CDBBFA334D8}.Release|Any CPU.Build.0 = Release|Any CPU
		{90C99ADB-7D4B-4EB4-98C2-40BD1B14C7D2}.Debug|Any CPU.ActiveCfg = Debug|Any CPU
		{90C99ADB-7D4B-4EB4-98C2-40BD1B14C7D2}.Debug|Any CPU.Build.0 = Debug|Any CPU
		{90C99ADB-7D4B-4EB4-98C2-40BD1B14C7D2}.Release|Any CPU.ActiveCfg = Release|Any CPU
		{90C99ADB-7D4B-4EB4-98C2-40BD1B14C7D2}.Release|Any CPU.Build.0 = Release|Any CPU
		{372E8E3E-29D5-4B4D-88A2-4711CD628C4E}.Debug|Any CPU.ActiveCfg = Debug|Any CPU
		{372E8E3E-29D5-4B4D-88A2-4711CD628C4E}.Debug|Any CPU.Build.0 = Debug|Any CPU
		{372E8E3E-29D5-4B4D-88A2-4711CD628C4E}.Release|Any CPU.ActiveCfg = Release|Any CPU
		{372E8E3E-29D5-4B4D-88A2-4711CD628C4E}.Release|Any CPU.Build.0 = Release|Any CPU
		{DE40756E-57F6-4AF2-B155-55E3A88CCED8}.Debug|Any CPU.ActiveCfg = Debug|Any CPU
		{DE40756E-57F6-4AF2-B155-55E3A88CCED8}.Debug|Any CPU.Build.0 = Debug|Any CPU
		{DE40756E-57F6-4AF2-B155-55E3A88CCED8}.Release|Any CPU.ActiveCfg = Release|Any CPU
		{DE40756E-57F6-4AF2-B155-55E3A88CCED8}.Release|Any CPU.Build.0 = Release|Any CPU
		{DBDC804F-8406-4F5E-83C6-720CB0CB6C6F}.Debug|Any CPU.ActiveCfg = Debug|Any CPU
		{DBDC804F-8406-4F5E-83C6-720CB0CB6C6F}.Debug|Any CPU.Build.0 = Debug|Any CPU
		{DBDC804F-8406-4F5E-83C6-720CB0CB6C6F}.Release|Any CPU.ActiveCfg = Release|Any CPU
		{DBDC804F-8406-4F5E-83C6-720CB0CB6C6F}.Release|Any CPU.Build.0 = Release|Any CPU
		{3DE17662-DCD6-4F49-AF06-D39AACC8649A}.Debug|Any CPU.ActiveCfg = Debug|Any CPU
		{3DE17662-DCD6-4F49-AF06-D39AACC8649A}.Debug|Any CPU.Build.0 = Debug|Any CPU
		{3DE17662-DCD6-4F49-AF06-D39AACC8649A}.Release|Any CPU.ActiveCfg = Release|Any CPU
		{3DE17662-DCD6-4F49-AF06-D39AACC8649A}.Release|Any CPU.Build.0 = Release|Any CPU
		{E34BCFA0-CAA4-412C-AA1C-75DB8D67D157}.Debug|Any CPU.ActiveCfg = Debug|Any CPU
		{E34BCFA0-CAA4-412C-AA1C-75DB8D67D157}.Debug|Any CPU.Build.0 = Debug|Any CPU
		{E34BCFA0-CAA4-412C-AA1C-75DB8D67D157}.Release|Any CPU.ActiveCfg = Release|Any CPU
		{E34BCFA0-CAA4-412C-AA1C-75DB8D67D157}.Release|Any CPU.Build.0 = Release|Any CPU
		{0D00DD34-3E94-4166-9DEE-12355E4C98A0}.Debug|Any CPU.ActiveCfg = Debug|Any CPU
		{0D00DD34-3E94-4166-9DEE-12355E4C98A0}.Debug|Any CPU.Build.0 = Debug|Any CPU
		{0D00DD34-3E94-4166-9DEE-12355E4C98A0}.Release|Any CPU.ActiveCfg = Release|Any CPU
		{0D00DD34-3E94-4166-9DEE-12355E4C98A0}.Release|Any CPU.Build.0 = Release|Any CPU
		{B54CE553-1105-45BE-ABC2-2D8ABC4B1099}.Debug|Any CPU.ActiveCfg = Debug|Any CPU
		{B54CE553-1105-45BE-ABC2-2D8ABC4B1099}.Debug|Any CPU.Build.0 = Debug|Any CPU
		{B54CE553-1105-45BE-ABC2-2D8ABC4B1099}.Release|Any CPU.ActiveCfg = Release|Any CPU
		{B54CE553-1105-45BE-ABC2-2D8ABC4B1099}.Release|Any CPU.Build.0 = Release|Any CPU
	EndGlobalSection
	GlobalSection(SolutionProperties) = preSolution
		HideSolutionNode = FALSE
	EndGlobalSection
	GlobalSection(NestedProjects) = preSolution
		{53E4ABF0-1085-45F9-B964-DCAE4B819998} = {02EA681E-C7D8-13C7-8484-4AC65E1B71E8}
		{2DD1EE75-6D8D-4653-A800-0A24367F7F38} = {02EA681E-C7D8-13C7-8484-4AC65E1B71E8}
		{16DB2680-399B-4111-AA26-6CDBBFA334D8} = {02EA681E-C7D8-13C7-8484-4AC65E1B71E8}
		{90C99ADB-7D4B-4EB4-98C2-40BD1B14C7D2} = {385E71CC-BAE5-488B-805E-ACAE55F01DF5}
		{372E8E3E-29D5-4B4D-88A2-4711CD628C4E} = {385E71CC-BAE5-488B-805E-ACAE55F01DF5}
		{DE40756E-57F6-4AF2-B155-55E3A88CCED8} = {385E71CC-BAE5-488B-805E-ACAE55F01DF5}
		{DBDC804F-8406-4F5E-83C6-720CB0CB6C6F} = {02EA681E-C7D8-13C7-8484-4AC65E1B71E8}
		{3DE17662-DCD6-4F49-AF06-D39AACC8649A} = {385E71CC-BAE5-488B-805E-ACAE55F01DF5}
		{E34BCFA0-CAA4-412C-AA1C-75DB8D67D157} = {385E71CC-BAE5-488B-805E-ACAE55F01DF5}
		{B54CE553-1105-45BE-ABC2-2D8ABC4B1099} = {02EA681E-C7D8-13C7-8484-4AC65E1B71E8}
	EndGlobalSection
	GlobalSection(ExtensibilityGlobals) = postSolution
		SolutionGuid = {F32556C5-6FD4-4F1D-884A-DEDF2EE865F6}
	EndGlobalSection
EndGlobal
