Microsoft Visual Studio Solution File, Format Version 12.00
# Visual Studio 15
VisualStudioVersion = 15.0.27428.2037
MinimumVisualStudioVersion = 10.0.40219.1
Project("{FAE04EC0-301F-11D3-BF4B-00C04F79EFBC}") = "Mono.Android-Tests", "src\Mono.Android\Test\Mono.Android-Tests.csproj", "{40EAD437-216B-4DF4-8258-3F47E1672C3A}"
EndProject
Project("{FAE04EC0-301F-11D3-BF4B-00C04F79EFBC}") = "HelloWorld", "samples\HelloWorld\HelloWorld.csproj", "{2305B00D-DE81-4744-B0DA-357835CAFE5A}"
EndProject
Project("{FAE04EC0-301F-11D3-BF4B-00C04F79EFBC}") = "HelloLibrary", "samples\HelloWorld\HelloLibrary\HelloLibrary.csproj", "{6BE66B30-9346-4DA6-B09A-0CDC1DFE33C2}"
EndProject
Project("{2150E333-8FDC-42A3-9474-1A3956D46DE8}") = "Samples", "Samples", "{43A4FB09-279A-4138-8027-EC1E1CED2E8A}"
EndProject
Project("{2150E333-8FDC-42A3-9474-1A3956D46DE8}") = "Core", "Core", "{EFBC4DC0-DBFF-4DAA-B0B8-6D0CB02A25F5}"
EndProject
Project("{2150E333-8FDC-42A3-9474-1A3956D46DE8}") = "Locales", "Locales", "{D6BFEDF6-2F48-44B2-9553-F2F6F92531BD}"
EndProject
Project("{2150E333-8FDC-42A3-9474-1A3956D46DE8}") = "BCL-Tests", "BCL-Tests", "{6C86878D-9EBF-45B3-9368-C0EA4026F706}"
EndProject
Project("{FAE04EC0-301F-11D3-BF4B-00C04F79EFBC}") = "LibraryResources", "tests\locales\LibraryResources\LibraryResources.csproj", "{05768F39-7BAF-43E6-971E-712F5771E88E}"
EndProject
Project("{FAE04EC0-301F-11D3-BF4B-00C04F79EFBC}") = "Xamarin.Android.Locale-Tests", "tests\locales\Xamarin.Android.Locale-Tests\Xamarin.Android.Locale-Tests.csproj", "{9D5C83B5-70D5-4CC2-9DB7-78B23DC8F255}"
EndProject
Project("{2150E333-8FDC-42A3-9474-1A3956D46DE8}") = "CodeGen-Binding", "CodeGen-Binding", "{2EFFECF5-1CCA-4005-AE62-1D6F01C88DF4}"
EndProject
Project("{FAE04EC0-301F-11D3-BF4B-00C04F79EFBC}") = "Xamarin.Android.McwGen-Tests", "tests\CodeGen-Binding\Xamarin.Android.McwGen-Tests\Xamarin.Android.McwGen-Tests.csproj", "{EF798EB3-D639-4E09-9DB0-233E67F727B0}"
EndProject
Project("{FAE04EC0-301F-11D3-BF4B-00C04F79EFBC}") = "Xamarin.Android.LibraryProjectZip-LibBinding", "tests\CodeGen-Binding\Xamarin.Android.LibraryProjectZip-LibBinding\Xamarin.Android.LibraryProjectZip-LibBinding.csproj", "{9553ED9D-92EA-411B-ADFF-21C5608CCD16}"
EndProject
Project("{FAE04EC0-301F-11D3-BF4B-00C04F79EFBC}") = "Xamarin.Android.FixJavaAbstractMethod-APIv1Binding", "tests\CodeGen-Binding\Xamarin.Android.FixJavaAbstractMethod-APIv1Binding\Xamarin.Android.FixJavaAbstractMethod-APIv1Binding.csproj", "{91105023-9421-4E56-A87B-64BC62525D55}"
EndProject
Project("{FAE04EC0-301F-11D3-BF4B-00C04F79EFBC}") = "Xamarin.Android.FixJavaAbstractMethod-APIv2Binding", "tests\CodeGen-Binding\Xamarin.Android.FixJavaAbstractMethod-APIv2Binding\Xamarin.Android.FixJavaAbstractMethod-APIv2Binding.csproj", "{7B9D9F32-973F-49CF-A8F8-05BDFC75556C}"
EndProject
Project("{FAE04EC0-301F-11D3-BF4B-00C04F79EFBC}") = "Xamarin.Android.FixJavaAbstractMethod-Library", "tests\CodeGen-Binding\Xamarin.Android.FixJavaAbstractMethod-Library\Xamarin.Android.FixJavaAbstractMethod-Library.csproj", "{B7476528-C166-40BF-931F-EAEB02247879}"
EndProject
Project("{FAE04EC0-301F-11D3-BF4B-00C04F79EFBC}") = "Xamarin.Android.JcwGen-Tests", "tests\CodeGen-Binding\Xamarin.Android.JcwGen-Tests\Xamarin.Android.JcwGen-Tests.csproj", "{9479B71F-19FE-48F9-AB3F-AE764D76038A}"
EndProject
Project("{2150E333-8FDC-42A3-9474-1A3956D46DE8}") = "CodeGen-MkBundle", "CodeGen-MkBundle", "{93CBCEB8-8B64-420C-950C-BCE9CC8C6032}"
EndProject
Project("{FAE04EC0-301F-11D3-BF4B-00C04F79EFBC}") = "Xamarin.Android.MakeBundle-Tests", "tests\CodeGen-MkBundle\Xamarin.Android.MakeBundle-Tests\Xamarin.Android.MakeBundle-Tests.csproj", "{A0B2692E-9FBE-4157-9526-7145F07F2C5A}"
EndProject
Project("{FAE04EC0-301F-11D3-BF4B-00C04F79EFBC}") = "Xamarin.Android.MakeBundle-UnitTests", "tests\CodeGen-MkBundle\Xamarin.Android.MakeBundle-UnitTests\Xamarin.Android.MakeBundle-UnitTests.csproj", "{FA8EEC88-CA3C-4D69-B206-54B392570DC6}"
EndProject
Project("{2150E333-8FDC-42A3-9474-1A3956D46DE8}") = "ResolveImports", "ResolveImports", "{E49089E4-4CE0-475E-BE9C-0AB4E4D56EE9}"
EndProject
Project("{FAE04EC0-301F-11D3-BF4B-00C04F79EFBC}") = "Xamarin.Android.BindingResolveImportLib1", "tests\ResolveImports\Xamarin.Android.BindingResolveImportLib1\Xamarin.Android.BindingResolveImportLib1.csproj", "{2A0519DF-0DDA-45F7-AC3C-E2992748D364}"
EndProject
Project("{FAE04EC0-301F-11D3-BF4B-00C04F79EFBC}") = "Xamarin.Android.BindingResolveImportLib2", "tests\ResolveImports\Xamarin.Android.BindingResolveImportLib2\Xamarin.Android.BindingResolveImportLib2.csproj", "{DD4E2A49-730C-41FD-B6D4-AFB73F94271F}"
EndProject
Project("{FAE04EC0-301F-11D3-BF4B-00C04F79EFBC}") = "Xamarin.Android.BindingResolveImportLib3", "tests\ResolveImports\Xamarin.Android.BindingResolveImportLib3\Xamarin.Android.BindingResolveImportLib3.csproj", "{9802CB35-0BC0-4EE1-9A81-BB40BD97945A}"
EndProject
Project("{FAE04EC0-301F-11D3-BF4B-00C04F79EFBC}") = "Xamarin.Android.BindingResolveImportLib4", "tests\ResolveImports\Xamarin.Android.BindingResolveImportLib4\Xamarin.Android.BindingResolveImportLib4.csproj", "{5BDCEF07-E3D7-4E73-B025-6E43A5A7D7F1}"
EndProject
Project("{FAE04EC0-301F-11D3-BF4B-00C04F79EFBC}") = "Xamarin.Android.BindingResolveImports-Tests", "tests\ResolveImports\Xamarin.Android.BindingResolveImports-Tests\Xamarin.Android.BindingResolveImports-Tests.csproj", "{B297008B-C313-455E-B230-E119589D2D79}"
EndProject
Project("{D954291E-2A0B-460D-934E-DC6B0785DB48}") = "Xamarin.Forms.Performance.Integration", "tests\Xamarin.Forms-Performance-Integration\Xamarin.Forms.Performance.Integration.csproj", "{195BE9C2-1F91-40DC-BD6D-DE860BF083FB}"
EndProject
Project("{FAE04EC0-301F-11D3-BF4B-00C04F79EFBC}") = "Xamarin.Forms.Performance.Integration.Droid", "tests\Xamarin.Forms-Performance-Integration\Droid\Xamarin.Forms.Performance.Integration.Droid.csproj", "{576312CC-83FF-48B1-A473-488CDC7121AD}"
EndProject
Project("{FAE04EC0-301F-11D3-BF4B-00C04F79EFBC}") = "Xamarin.Android.Bcl-Tests", "tests\BCL-Tests\Xamarin.Android.Bcl-Tests\Xamarin.Android.Bcl-Tests.csproj", "{04D4E45E-0EBE-40F7-B170-0A8F4D74DCBC}"
EndProject
Project("{FAE04EC0-301F-11D3-BF4B-00C04F79EFBC}") = "TestRunner.Core", "tests\TestRunner.Core\TestRunner.Core.csproj", "{3CC4E384-4985-4D93-A34C-73F69A379FA7}"
EndProject
Project("{FAE04EC0-301F-11D3-BF4B-00C04F79EFBC}") = "TestRunner.NUnit", "tests\TestRunner.NUnit\TestRunner.NUnit.csproj", "{CB2335CB-0050-4020-8A05-E9614EDAA05E}"
EndProject
Project("{FAE04EC0-301F-11D3-BF4B-00C04F79EFBC}") = "TestRunner.xUnit", "tests\TestRunner.xUnit\TestRunner.xUnit.csproj", "{57DC8529-2628-40C4-B27E-BAC1AE44A706}"
EndProject
Project("{FAE04EC0-301F-11D3-BF4B-00C04F79EFBC}") = "LocalTests.NUnit", "tests\BCL-Tests\LocalTests.NUnit\LocalTests.NUnit.csproj", "{910DCD88-D50A-4AAD-BA7A-CD51AB8532BF}"
EndProject
Project("{FAE04EC0-301F-11D3-BF4B-00C04F79EFBC}") = "CodeBehindBuildTests", "tests\CodeBehind\BuildTests\CodeBehindBuildTests.csproj", "{95012FA9-ED51-4004-8F36-91DB361C892B}"
EndProject
Project("{FAE04EC0-301F-11D3-BF4B-00C04F79EFBC}") = "CommonSampleLibrary", "tests\CodeBehind\CommonSampleLibrary\CommonSampleLibrary.csproj", "{7A5FB23C-6B26-461A-8BBD-02392DCE3C11}"
EndProject
Project("{2150E333-8FDC-42A3-9474-1A3956D46DE8}") = "CodeBehind", "CodeBehind", "{9B63992C-2201-4BB0-BD00-D637B481A995}"
EndProject
Project("{FAE04EC0-301F-11D3-BF4B-00C04F79EFBC}") = "CodeBehindUnitTests", "tests\CodeBehind\UnitTests\CodeBehindUnitTests.csproj", "{F4DAFD78-BE76-46C9-A1AD-85D8C91CD77B}"
EndProject
Project("{FAE04EC0-301F-11D3-BF4B-00C04F79EFBC}") = "Xamarin.ProjectTools", "src\Xamarin.Android.Build.Tasks\Tests\Xamarin.ProjectTools\Xamarin.ProjectTools.csproj", "{2DD1EE75-6D8D-4653-A800-0A24367F7F38}"
EndProject
Project("{2150E333-8FDC-42A3-9474-1A3956D46DE8}") = "Performance-Tests", "Performance-Tests", "{68B8E272-5B12-47AA-8923-550B9CE535C7}"
EndProject
Project("{FAE04EC0-301F-11D3-BF4B-00C04F79EFBC}") = "timing", "build-tools\timing\timing.csproj", "{37CAA28C-40BE-4253-BA68-CC5D7316A617}"
EndProject
Project("{FAE04EC0-301F-11D3-BF4B-00C04F79EFBC}") = "EmbeddedDSO", "tests\EmbeddedDSOs\EmbeddedDSO\EmbeddedDSO.csproj", "{056ED976-618F-4A3E-910E-AA25230C2296}"
EndProject
Project("{FAE04EC0-301F-11D3-BF4B-00C04F79EFBC}") = "EmbeddedDSO-UnitTests", "tests\EmbeddedDSOs\EmbeddedDSO-UnitTests\EmbeddedDSO-UnitTests.csproj", "{8B5E63B7-8C18-4BA7-BAAB-A1955B257F5E}"
EndProject
Global
	GlobalSection(SharedMSBuildProjectFiles) = preSolution
		src\Mono.Android\Test\Mono.Android-Test.Shared.projitems*{40ead437-216b-4df4-8258-3f47e1672c3a}*SharedItemsImports = 4
	EndGlobalSection
	GlobalSection(SolutionConfigurationPlatforms) = preSolution
		Debug|Any CPU = Debug|Any CPU
		Release|Any CPU = Release|Any CPU
	EndGlobalSection
	GlobalSection(ProjectConfigurationPlatforms) = postSolution
		{40EAD437-216B-4DF4-8258-3F47E1672C3A}.Debug|Any CPU.ActiveCfg = Debug|Any CPU
		{40EAD437-216B-4DF4-8258-3F47E1672C3A}.Debug|Any CPU.Build.0 = Debug|Any CPU
		{40EAD437-216B-4DF4-8258-3F47E1672C3A}.Release|Any CPU.ActiveCfg = Release|Any CPU
		{40EAD437-216B-4DF4-8258-3F47E1672C3A}.Release|Any CPU.Build.0 = Release|Any CPU
		{2305B00D-DE81-4744-B0DA-357835CAFE5A}.Debug|Any CPU.ActiveCfg = Debug|Any CPU
		{2305B00D-DE81-4744-B0DA-357835CAFE5A}.Debug|Any CPU.Build.0 = Debug|Any CPU
		{2305B00D-DE81-4744-B0DA-357835CAFE5A}.Release|Any CPU.ActiveCfg = Release|Any CPU
		{2305B00D-DE81-4744-B0DA-357835CAFE5A}.Release|Any CPU.Build.0 = Release|Any CPU
		{05768F39-7BAF-43E6-971E-712F5771E88E}.Debug|Any CPU.ActiveCfg = Debug|Any CPU
		{05768F39-7BAF-43E6-971E-712F5771E88E}.Debug|Any CPU.Build.0 = Debug|Any CPU
		{05768F39-7BAF-43E6-971E-712F5771E88E}.Release|Any CPU.ActiveCfg = Release|Any CPU
		{05768F39-7BAF-43E6-971E-712F5771E88E}.Release|Any CPU.Build.0 = Release|Any CPU
		{9D5C83B5-70D5-4CC2-9DB7-78B23DC8F255}.Debug|Any CPU.ActiveCfg = Debug|Any CPU
		{9D5C83B5-70D5-4CC2-9DB7-78B23DC8F255}.Debug|Any CPU.Build.0 = Debug|Any CPU
		{9D5C83B5-70D5-4CC2-9DB7-78B23DC8F255}.Release|Any CPU.ActiveCfg = Release|Any CPU
		{9D5C83B5-70D5-4CC2-9DB7-78B23DC8F255}.Release|Any CPU.Build.0 = Release|Any CPU
		{EF798EB3-D639-4E09-9DB0-233E67F727B0}.Debug|Any CPU.ActiveCfg = Debug|Any CPU
		{EF798EB3-D639-4E09-9DB0-233E67F727B0}.Debug|Any CPU.Build.0 = Debug|Any CPU
		{EF798EB3-D639-4E09-9DB0-233E67F727B0}.Release|Any CPU.ActiveCfg = Release|Any CPU
		{EF798EB3-D639-4E09-9DB0-233E67F727B0}.Release|Any CPU.Build.0 = Release|Any CPU
		{9553ED9D-92EA-411B-ADFF-21C5608CCD16}.Debug|Any CPU.ActiveCfg = Debug|Any CPU
		{9553ED9D-92EA-411B-ADFF-21C5608CCD16}.Debug|Any CPU.Build.0 = Debug|Any CPU
		{9553ED9D-92EA-411B-ADFF-21C5608CCD16}.Release|Any CPU.ActiveCfg = Release|Any CPU
		{9553ED9D-92EA-411B-ADFF-21C5608CCD16}.Release|Any CPU.Build.0 = Release|Any CPU
		{91105023-9421-4E56-A87B-64BC62525D55}.Debug|Any CPU.ActiveCfg = Debug|Any CPU
		{91105023-9421-4E56-A87B-64BC62525D55}.Debug|Any CPU.Build.0 = Debug|Any CPU
		{91105023-9421-4E56-A87B-64BC62525D55}.Release|Any CPU.ActiveCfg = Release|Any CPU
		{91105023-9421-4E56-A87B-64BC62525D55}.Release|Any CPU.Build.0 = Release|Any CPU
		{7B9D9F32-973F-49CF-A8F8-05BDFC75556C}.Debug|Any CPU.ActiveCfg = Debug|Any CPU
		{7B9D9F32-973F-49CF-A8F8-05BDFC75556C}.Debug|Any CPU.Build.0 = Debug|Any CPU
		{7B9D9F32-973F-49CF-A8F8-05BDFC75556C}.Release|Any CPU.ActiveCfg = Release|Any CPU
		{7B9D9F32-973F-49CF-A8F8-05BDFC75556C}.Release|Any CPU.Build.0 = Release|Any CPU
		{B7476528-C166-40BF-931F-EAEB02247879}.Debug|Any CPU.ActiveCfg = Debug|Any CPU
		{B7476528-C166-40BF-931F-EAEB02247879}.Debug|Any CPU.Build.0 = Debug|Any CPU
		{B7476528-C166-40BF-931F-EAEB02247879}.Release|Any CPU.ActiveCfg = Release|Any CPU
		{B7476528-C166-40BF-931F-EAEB02247879}.Release|Any CPU.Build.0 = Release|Any CPU
		{9479B71F-19FE-48F9-AB3F-AE764D76038A}.Debug|Any CPU.ActiveCfg = Debug|Any CPU
		{9479B71F-19FE-48F9-AB3F-AE764D76038A}.Debug|Any CPU.Build.0 = Debug|Any CPU
		{9479B71F-19FE-48F9-AB3F-AE764D76038A}.Release|Any CPU.ActiveCfg = Release|Any CPU
		{9479B71F-19FE-48F9-AB3F-AE764D76038A}.Release|Any CPU.Build.0 = Release|Any CPU
		{A0B2692E-9FBE-4157-9526-7145F07F2C5A}.Debug|Any CPU.ActiveCfg = Debug|Any CPU
		{A0B2692E-9FBE-4157-9526-7145F07F2C5A}.Debug|Any CPU.Build.0 = Debug|Any CPU
		{A0B2692E-9FBE-4157-9526-7145F07F2C5A}.Release|Any CPU.ActiveCfg = Release|Any CPU
		{A0B2692E-9FBE-4157-9526-7145F07F2C5A}.Release|Any CPU.Build.0 = Release|Any CPU
		{FA8EEC88-CA3C-4D69-B206-54B392570DC6}.Debug|Any CPU.ActiveCfg = Debug|Any CPU
		{FA8EEC88-CA3C-4D69-B206-54B392570DC6}.Debug|Any CPU.Build.0 = Debug|Any CPU
		{FA8EEC88-CA3C-4D69-B206-54B392570DC6}.Release|Any CPU.ActiveCfg = Release|Any CPU
		{FA8EEC88-CA3C-4D69-B206-54B392570DC6}.Release|Any CPU.Build.0 = Release|Any CPU
		{2A0519DF-0DDA-45F7-AC3C-E2992748D364}.Debug|Any CPU.ActiveCfg = Debug|Any CPU
		{2A0519DF-0DDA-45F7-AC3C-E2992748D364}.Debug|Any CPU.Build.0 = Debug|Any CPU
		{2A0519DF-0DDA-45F7-AC3C-E2992748D364}.Release|Any CPU.ActiveCfg = Release|Any CPU
		{2A0519DF-0DDA-45F7-AC3C-E2992748D364}.Release|Any CPU.Build.0 = Release|Any CPU
		{DD4E2A49-730C-41FD-B6D4-AFB73F94271F}.Debug|Any CPU.ActiveCfg = Debug|Any CPU
		{DD4E2A49-730C-41FD-B6D4-AFB73F94271F}.Debug|Any CPU.Build.0 = Debug|Any CPU
		{DD4E2A49-730C-41FD-B6D4-AFB73F94271F}.Release|Any CPU.ActiveCfg = Release|Any CPU
		{DD4E2A49-730C-41FD-B6D4-AFB73F94271F}.Release|Any CPU.Build.0 = Release|Any CPU
		{9802CB35-0BC0-4EE1-9A81-BB40BD97945A}.Debug|Any CPU.ActiveCfg = Debug|Any CPU
		{9802CB35-0BC0-4EE1-9A81-BB40BD97945A}.Debug|Any CPU.Build.0 = Debug|Any CPU
		{9802CB35-0BC0-4EE1-9A81-BB40BD97945A}.Release|Any CPU.ActiveCfg = Release|Any CPU
		{9802CB35-0BC0-4EE1-9A81-BB40BD97945A}.Release|Any CPU.Build.0 = Release|Any CPU
		{5BDCEF07-E3D7-4E73-B025-6E43A5A7D7F1}.Debug|Any CPU.ActiveCfg = Debug|Any CPU
		{5BDCEF07-E3D7-4E73-B025-6E43A5A7D7F1}.Debug|Any CPU.Build.0 = Debug|Any CPU
		{5BDCEF07-E3D7-4E73-B025-6E43A5A7D7F1}.Release|Any CPU.ActiveCfg = Release|Any CPU
		{5BDCEF07-E3D7-4E73-B025-6E43A5A7D7F1}.Release|Any CPU.Build.0 = Release|Any CPU
		{B297008B-C313-455E-B230-E119589D2D79}.Debug|Any CPU.ActiveCfg = Debug|Any CPU
		{B297008B-C313-455E-B230-E119589D2D79}.Debug|Any CPU.Build.0 = Debug|Any CPU
		{B297008B-C313-455E-B230-E119589D2D79}.Release|Any CPU.ActiveCfg = Release|Any CPU
		{B297008B-C313-455E-B230-E119589D2D79}.Release|Any CPU.Build.0 = Release|Any CPU
		{195BE9C2-1F91-40DC-BD6D-DE860BF083FB}.Debug|Any CPU.ActiveCfg = Debug|Any CPU
		{195BE9C2-1F91-40DC-BD6D-DE860BF083FB}.Debug|Any CPU.Build.0 = Debug|Any CPU
		{195BE9C2-1F91-40DC-BD6D-DE860BF083FB}.Release|Any CPU.ActiveCfg = Release|Any CPU
		{195BE9C2-1F91-40DC-BD6D-DE860BF083FB}.Release|Any CPU.Build.0 = Release|Any CPU
		{576312CC-83FF-48B1-A473-488CDC7121AD}.Debug|Any CPU.ActiveCfg = Debug|Any CPU
		{576312CC-83FF-48B1-A473-488CDC7121AD}.Debug|Any CPU.Build.0 = Debug|Any CPU
		{576312CC-83FF-48B1-A473-488CDC7121AD}.Release|Any CPU.ActiveCfg = Release|Any CPU
		{576312CC-83FF-48B1-A473-488CDC7121AD}.Release|Any CPU.Build.0 = Release|Any CPU
		{04D4E45E-0EBE-40F7-B170-0A8F4D74DCBC}.Debug|Any CPU.ActiveCfg = Debug|Any CPU
		{04D4E45E-0EBE-40F7-B170-0A8F4D74DCBC}.Debug|Any CPU.Build.0 = Debug|Any CPU
		{04D4E45E-0EBE-40F7-B170-0A8F4D74DCBC}.Release|Any CPU.ActiveCfg = Release|Any CPU
		{04D4E45E-0EBE-40F7-B170-0A8F4D74DCBC}.Release|Any CPU.Build.0 = Release|Any CPU
		{3CC4E384-4985-4D93-A34C-73F69A379FA7}.Debug|Any CPU.ActiveCfg = Debug|Any CPU
		{3CC4E384-4985-4D93-A34C-73F69A379FA7}.Debug|Any CPU.Build.0 = Debug|Any CPU
		{3CC4E384-4985-4D93-A34C-73F69A379FA7}.Release|Any CPU.ActiveCfg = Release|Any CPU
		{3CC4E384-4985-4D93-A34C-73F69A379FA7}.Release|Any CPU.Build.0 = Release|Any CPU
		{CB2335CB-0050-4020-8A05-E9614EDAA05E}.Debug|Any CPU.ActiveCfg = Debug|Any CPU
		{CB2335CB-0050-4020-8A05-E9614EDAA05E}.Debug|Any CPU.Build.0 = Debug|Any CPU
		{CB2335CB-0050-4020-8A05-E9614EDAA05E}.Release|Any CPU.ActiveCfg = Release|Any CPU
		{CB2335CB-0050-4020-8A05-E9614EDAA05E}.Release|Any CPU.Build.0 = Release|Any CPU
		{57DC8529-2628-40C4-B27E-BAC1AE44A706}.Debug|Any CPU.ActiveCfg = Debug|Any CPU
		{57DC8529-2628-40C4-B27E-BAC1AE44A706}.Debug|Any CPU.Build.0 = Debug|Any CPU
		{57DC8529-2628-40C4-B27E-BAC1AE44A706}.Release|Any CPU.ActiveCfg = Release|Any CPU
		{57DC8529-2628-40C4-B27E-BAC1AE44A706}.Release|Any CPU.Build.0 = Release|Any CPU
		{910DCD88-D50A-4AAD-BA7A-CD51AB8532BF}.Debug|Any CPU.ActiveCfg = Debug|Any CPU
		{910DCD88-D50A-4AAD-BA7A-CD51AB8532BF}.Debug|Any CPU.Build.0 = Debug|Any CPU
		{910DCD88-D50A-4AAD-BA7A-CD51AB8532BF}.Release|Any CPU.ActiveCfg = Release|Any CPU
		{910DCD88-D50A-4AAD-BA7A-CD51AB8532BF}.Release|Any CPU.Build.0 = Release|Any CPU
		{95012FA9-ED51-4004-8F36-91DB361C892B}.Debug|Any CPU.ActiveCfg = Debug|Any CPU
		{95012FA9-ED51-4004-8F36-91DB361C892B}.Debug|Any CPU.Build.0 = Debug|Any CPU
		{95012FA9-ED51-4004-8F36-91DB361C892B}.Release|Any CPU.ActiveCfg = Release|Any CPU
		{95012FA9-ED51-4004-8F36-91DB361C892B}.Release|Any CPU.Build.0 = Release|Any CPU
		{7A5FB23C-6B26-461A-8BBD-02392DCE3C11}.Debug|Any CPU.ActiveCfg = Debug|Any CPU
		{7A5FB23C-6B26-461A-8BBD-02392DCE3C11}.Debug|Any CPU.Build.0 = Debug|Any CPU
		{7A5FB23C-6B26-461A-8BBD-02392DCE3C11}.Release|Any CPU.ActiveCfg = Release|Any CPU
		{7A5FB23C-6B26-461A-8BBD-02392DCE3C11}.Release|Any CPU.Build.0 = Release|Any CPU
		{F4DAFD78-BE76-46C9-A1AD-85D8C91CD77B}.Debug|Any CPU.ActiveCfg = Debug|Any CPU
		{F4DAFD78-BE76-46C9-A1AD-85D8C91CD77B}.Debug|Any CPU.Build.0 = Debug|Any CPU
		{F4DAFD78-BE76-46C9-A1AD-85D8C91CD77B}.Release|Any CPU.ActiveCfg = Release|Any CPU
		{F4DAFD78-BE76-46C9-A1AD-85D8C91CD77B}.Release|Any CPU.Build.0 = Release|Any CPU
		{2DD1EE75-6D8D-4653-A800-0A24367F7F38}.Debug|Any CPU.ActiveCfg = Debug|Any CPU
		{2DD1EE75-6D8D-4653-A800-0A24367F7F38}.Debug|Any CPU.Build.0 = Debug|Any CPU
		{2DD1EE75-6D8D-4653-A800-0A24367F7F38}.Release|Any CPU.ActiveCfg = Release|Any CPU
		{2DD1EE75-6D8D-4653-A800-0A24367F7F38}.Release|Any CPU.Build.0 = Release|Any CPU
		{37CAA28C-40BE-4253-BA68-CC5D7316A617}.Debug|Any CPU.ActiveCfg = Debug|Any CPU
		{37CAA28C-40BE-4253-BA68-CC5D7316A617}.Debug|Any CPU.Build.0 = Debug|Any CPU
		{37CAA28C-40BE-4253-BA68-CC5D7316A617}.Release|Any CPU.ActiveCfg = Release|Any CPU
		{37CAA28C-40BE-4253-BA68-CC5D7316A617}.Release|Any CPU.Build.0 = Release|Any CPU
		{056ED976-618F-4A3E-910E-AA25230C2296}.Debug|Any CPU.ActiveCfg = Debug|Any CPU
		{056ED976-618F-4A3E-910E-AA25230C2296}.Debug|Any CPU.Build.0 = Debug|Any CPU
		{056ED976-618F-4A3E-910E-AA25230C2296}.Release|Any CPU.ActiveCfg = Release|Any CPU
		{056ED976-618F-4A3E-910E-AA25230C2296}.Release|Any CPU.Build.0 = Release|Any CPU
		{B160F0E7-799A-4EB9-92B8-D71623C7674A}.Debug|Any CPU.ActiveCfg = Debug|Any CPU
		{B160F0E7-799A-4EB9-92B8-D71623C7674A}.Debug|Any CPU.Build.0 = Debug|Any CPU
		{B160F0E7-799A-4EB9-92B8-D71623C7674A}.Release|Any CPU.ActiveCfg = Release|Any CPU
		{B160F0E7-799A-4EB9-92B8-D71623C7674A}.Release|Any CPU.Build.0 = Release|Any CPU
		{FA8EEC88-CA3C-4D69-B206-54B392570DC6}.Debug|Any CPU.ActiveCfg = Debug|Any CPU
		{FA8EEC88-CA3C-4D69-B206-54B392570DC6}.Debug|Any CPU.Build.0 = Debug|Any CPU
		{FA8EEC88-CA3C-4D69-B206-54B392570DC6}.Release|Any CPU.ActiveCfg = Release|Any CPU
		{FA8EEC88-CA3C-4D69-B206-54B392570DC6}.Release|Any CPU.Build.0 = Release|Any CPU
		{6BE66B30-9346-4DA6-B09A-0CDC1DFE33C2}.Debug|Any CPU.ActiveCfg = Debug|Any CPU
		{6BE66B30-9346-4DA6-B09A-0CDC1DFE33C2}.Debug|Any CPU.Build.0 = Debug|Any CPU
		{6BE66B30-9346-4DA6-B09A-0CDC1DFE33C2}.Release|Any CPU.ActiveCfg = Release|Any CPU
		{6BE66B30-9346-4DA6-B09A-0CDC1DFE33C2}.Release|Any CPU.Build.0 = Release|Any CPU
		{8B5E63B7-8C18-4BA7-BAAB-A1955B257F5E}.Debug|Any CPU.ActiveCfg = Debug|Any CPU
		{8B5E63B7-8C18-4BA7-BAAB-A1955B257F5E}.Debug|Any CPU.Build.0 = Debug|Any CPU
		{8B5E63B7-8C18-4BA7-BAAB-A1955B257F5E}.Release|Any CPU.ActiveCfg = Release|Any CPU
		{8B5E63B7-8C18-4BA7-BAAB-A1955B257F5E}.Release|Any CPU.Build.0 = Release|Any CPU
	EndGlobalSection
	GlobalSection(SolutionProperties) = preSolution
		HideSolutionNode = FALSE
	EndGlobalSection
	GlobalSection(NestedProjects) = preSolution
		{40EAD437-216B-4DF4-8258-3F47E1672C3A} = {EFBC4DC0-DBFF-4DAA-B0B8-6D0CB02A25F5}
		{2305B00D-DE81-4744-B0DA-357835CAFE5A} = {43A4FB09-279A-4138-8027-EC1E1CED2E8A}
		{05768F39-7BAF-43E6-971E-712F5771E88E} = {D6BFEDF6-2F48-44B2-9553-F2F6F92531BD}
		{9D5C83B5-70D5-4CC2-9DB7-78B23DC8F255} = {D6BFEDF6-2F48-44B2-9553-F2F6F92531BD}
		{EF798EB3-D639-4E09-9DB0-233E67F727B0} = {2EFFECF5-1CCA-4005-AE62-1D6F01C88DF4}
		{9553ED9D-92EA-411B-ADFF-21C5608CCD16} = {2EFFECF5-1CCA-4005-AE62-1D6F01C88DF4}
		{91105023-9421-4E56-A87B-64BC62525D55} = {2EFFECF5-1CCA-4005-AE62-1D6F01C88DF4}
		{7B9D9F32-973F-49CF-A8F8-05BDFC75556C} = {2EFFECF5-1CCA-4005-AE62-1D6F01C88DF4}
		{B7476528-C166-40BF-931F-EAEB02247879} = {2EFFECF5-1CCA-4005-AE62-1D6F01C88DF4}
		{9479B71F-19FE-48F9-AB3F-AE764D76038A} = {2EFFECF5-1CCA-4005-AE62-1D6F01C88DF4}
		{A0B2692E-9FBE-4157-9526-7145F07F2C5A} = {93CBCEB8-8B64-420C-950C-BCE9CC8C6032}
		{2A0519DF-0DDA-45F7-AC3C-E2992748D364} = {E49089E4-4CE0-475E-BE9C-0AB4E4D56EE9}
		{DD4E2A49-730C-41FD-B6D4-AFB73F94271F} = {E49089E4-4CE0-475E-BE9C-0AB4E4D56EE9}
		{9802CB35-0BC0-4EE1-9A81-BB40BD97945A} = {E49089E4-4CE0-475E-BE9C-0AB4E4D56EE9}
		{5BDCEF07-E3D7-4E73-B025-6E43A5A7D7F1} = {E49089E4-4CE0-475E-BE9C-0AB4E4D56EE9}
		{B297008B-C313-455E-B230-E119589D2D79} = {E49089E4-4CE0-475E-BE9C-0AB4E4D56EE9}
		{04D4E45E-0EBE-40F7-B170-0A8F4D74DCBC} = {6C86878D-9EBF-45B3-9368-C0EA4026F706}
		{3CC4E384-4985-4D93-A34C-73F69A379FA7} = {6C86878D-9EBF-45B3-9368-C0EA4026F706}
		{CB2335CB-0050-4020-8A05-E9614EDAA05E} = {6C86878D-9EBF-45B3-9368-C0EA4026F706}
		{57DC8529-2628-40C4-B27E-BAC1AE44A706} = {6C86878D-9EBF-45B3-9368-C0EA4026F706}
		{910DCD88-D50A-4AAD-BA7A-CD51AB8532BF} = {6C86878D-9EBF-45B3-9368-C0EA4026F706}
		{95012FA9-ED51-4004-8F36-91DB361C892B} = {9B63992C-2201-4BB0-BD00-D637B481A995}
		{7A5FB23C-6B26-461A-8BBD-02392DCE3C11} = {9B63992C-2201-4BB0-BD00-D637B481A995}
		{F4DAFD78-BE76-46C9-A1AD-85D8C91CD77B} = {9B63992C-2201-4BB0-BD00-D637B481A995}
		{2DD1EE75-6D8D-4653-A800-0A24367F7F38} = {9B63992C-2201-4BB0-BD00-D637B481A995}
		{37CAA28C-40BE-4253-BA68-CC5D7316A617} = {68B8E272-5B12-47AA-8923-550B9CE535C7}
		{6BE66B30-9346-4DA6-B09A-0CDC1DFE33C2} = {43A4FB09-279A-4138-8027-EC1E1CED2E8A}
	EndGlobalSection
	GlobalSection(ExtensibilityGlobals) = postSolution
		SolutionGuid = {8643CD20-B195-4919-8135-27549488237E}
	EndGlobalSection
EndGlobal
