
Microsoft Visual Studio Solution File, Format Version 12.00
# Visual Studio 2012
Project("{2150E333-8FDC-42A3-9474-1A3956D46DE8}") = "Build-Tools", "Build-Tools", "{E351F97D-EA4F-4E7F-AAA0-8EBB1F2A4A62}"
EndProject
Project("{9344BDBB-3E7F-41FC-A0DD-8665D75EE146}") = "android-toolchain", "build-tools\android-toolchain\android-toolchain.mdproj", "{8FF78EB6-6FC8-46A7-8A15-EBBA9045C5FA}"
EndProject
Project("{FAE04EC0-301F-11D3-BF4B-00C04F79EFBC}") = "Xamarin.Android.Tools.BootstrapTasks", "src\Xamarin.Android.Tools.BootstrapTasks\Xamarin.Android.Tools.BootstrapTasks.csproj", "{E8492EFB-D14A-4F32-AA28-88848322ECEA}"
EndProject
Project("{9344BDBB-3E7F-41FC-A0DD-8665D75EE146}") = "mono-runtimes", "build-tools\mono-runtimes\mono-runtimes.mdproj", "{C03E6CF1-7460-4CDC-A4AB-292BBC0F61F2}"
EndProject
Project("{9344BDBB-3E7F-41FC-A0DD-8665D75EE146}") = "libzip", "build-tools\libzip\libzip.mdproj", "{900A0F71-BAAD-417A-8D1A-8D330297CDD0}"
EndProject
Project("{FAE04EC0-301F-11D3-BF4B-00C04F79EFBC}") = "jnienv-gen", "build-tools\jnienv-gen\jnienv-gen.csproj", "{AFB8F6D1-6EA9-42C3-950B-98F34C669AD2}"
EndProject
Project("{FAE04EC0-301F-11D3-BF4B-00C04F79EFBC}") = "api-merge", "build-tools\api-merge\api-merge.csproj", "{3FC3E78B-F7D4-42EA-BBE8-4535DF42BFF8}"
EndProject
Project("{2150E333-8FDC-42A3-9474-1A3956D46DE8}") = "Core", "Core", "{04E3E11E-B47D-4599-8AFC-50515A95E715}"
EndProject
Project("{FAE04EC0-301F-11D3-BF4B-00C04F79EFBC}") = "Java.Interop", "external\Java.Interop\src\Java.Interop\Java.Interop.csproj", "{94BD81F7-B06F-4295-9636-F8A3B6BDC762}"
EndProject
Project("{FAE04EC0-301F-11D3-BF4B-00C04F79EFBC}") = "generator", "external\Java.Interop\tools\generator\generator.csproj", "{D14A1B5C-2060-4930-92BE-F7190256C735}"
EndProject
Project("{D954291E-2A0B-460D-934E-DC6B0785DB48}") = "Java.Interop.NamingCustomAttributes", "external\Java.Interop\src\Java.Interop.NamingCustomAttributes\Java.Interop.NamingCustomAttributes.shproj", "{FE789F04-5E95-42C5-AEF1-E33F8DF06B3F}"
EndProject
Project("{D954291E-2A0B-460D-934E-DC6B0785DB48}") = "Xamarin.Android.NamingCustomAttributes", "src\Xamarin.Android.NamingCustomAttributes\Xamarin.Android.NamingCustomAttributes.shproj", "{74598F5C-B8CC-4CE6-8EE2-AB9CA1400076}"
EndProject
Project("{D954291E-2A0B-460D-934E-DC6B0785DB48}") = "Java.Interop.Tools.TypeNameMappings", "external\Java.Interop\src\Java.Interop.Tools.TypeNameMappings\Java.Interop.Tools.TypeNameMappings.shproj", "{E706B6F2-5562-4765-8F07-8CF84A797B30}"
EndProject
Project("{FAE04EC0-301F-11D3-BF4B-00C04F79EFBC}") = "Mono.Android", "src\Mono.Android\Mono.Android.csproj", "{66CF299A-CE95-4131-BCD8-DB66E30C4BF7}"
EndProject
Project("{FAE04EC0-301F-11D3-BF4B-00C04F79EFBC}") = "Mono.Android.Export", "src\Mono.Android.Export\Mono.Android.Export.csproj", "{B8105878-D423-4159-A3E7-028298281EC6}"
EndProject
Project("{FAE04EC0-301F-11D3-BF4B-00C04F79EFBC}") = "Xamarin.Android.Tools.Aidl", "src\Xamarin.Android.Tools.Aidl\Xamarin.Android.Tools.Aidl.csproj", "{D27AD8F7-7710-40BE-B03B-55EFBEC13C44}"
EndProject
Project("{FAE04EC0-301F-11D3-BF4B-00C04F79EFBC}") = "Xamarin.Android.Build.Tasks", "src\Xamarin.Android.Build.Tasks\Xamarin.Android.Build.Tasks.csproj", "{3F1F2F50-AF1A-4A5A-BEDB-193372F068D7}"
EndProject
Project("{FAE04EC0-301F-11D3-BF4B-00C04F79EFBC}") = "Xamarin.Android.Build.Utilities", "src\Xamarin.Android.Build.Utilities\Xamarin.Android.Build.Utilities.csproj", "{91713046-C358-4647-B162-ED4E1442F3D8}"
EndProject
Project("{FAE04EC0-301F-11D3-BF4B-00C04F79EFBC}") = "Xamarin.Android.Tools.Bytecode", "external\Java.Interop\src\Xamarin.Android.Tools.Bytecode\Xamarin.Android.Tools.Bytecode.csproj", "{B17475BC-45A2-47A3-B8FC-62F3A0959EE0}"
EndProject
Project("{2150E333-8FDC-42A3-9474-1A3956D46DE8}") = "Tools", "Tools", "{864062D3-A415-4A6F-9324-5820237BA058}"
EndProject
Project("{FAE04EC0-301F-11D3-BF4B-00C04F79EFBC}") = "jcw-gen", "external\Java.Interop\tools\jcw-gen\jcw-gen.csproj", "{52C7D9B6-E8C8-47D0-9471-652D278D7D77}"
EndProject
Project("{FAE04EC0-301F-11D3-BF4B-00C04F79EFBC}") = "Java.Interop.Tools.JavaCallableWrappers", "external\Java.Interop\src\Java.Interop.Tools.JavaCallableWrappers\Java.Interop.Tools.JavaCallableWrappers.csproj", "{D18FCF91-8876-48A0-A693-2DC1E7D3D80A}"
EndProject
Project("{FAE04EC0-301F-11D3-BF4B-00C04F79EFBC}") = "Xamarin.Android.Tools.ApiXmlAdjuster", "external\Java.Interop\src\Xamarin.Android.Tools.ApiXmlAdjuster\Xamarin.Android.Tools.ApiXmlAdjuster.csproj", "{1268EADF-8344-431C-81F6-FCB7CBC99F49}"
EndProject
Project("{FAE04EC0-301F-11D3-BF4B-00C04F79EFBC}") = "Xamarin.Android.Tools.AnnotationSupport", "external\Java.Interop\src\Xamarin.Android.Tools.AnnotationSupport\Xamarin.Android.Tools.AnnotationSupport.csproj", "{07BC4495-1267-4B78-9EA6-B76FEEA2A64A}"
EndProject
Project("{FAE04EC0-301F-11D3-BF4B-00C04F79EFBC}") = "Java.Interop.Tools.Diagnostics", "external\Java.Interop\src\Java.Interop.Tools.Diagnostics\Java.Interop.Tools.Diagnostics.csproj", "{64CC4E44-CE3A-4319-BF3F-6CF8BD513870}"
EndProject
Project("{FAE04EC0-301F-11D3-BF4B-00C04F79EFBC}") = "Java.Interop.Tools.Cecil", "external\Java.Interop\src\Java.Interop.Tools.Cecil\Java.Interop.Tools.Cecil.csproj", "{D48EE8D0-0A0A-4493-AEF5-DAF5F8CF86AD}"
EndProject
Project("{9344BDBB-3E7F-41FC-A0DD-8665D75EE146}") = "monodroid", "src\monodroid\monodroid.mdproj", "{53EE4C57-1C03-405A-8243-8DA539546C88}"
EndProject
Project("{FAE04EC0-301F-11D3-BF4B-00C04F79EFBC}") = "api-xml-adjuster", "tools\api-xml-adjuster\api-xml-adjuster.csproj", "{8A6CB07C-E493-4A4F-AB94-038645A27118}"
EndProject
Project("{FAE04EC0-301F-11D3-BF4B-00C04F79EFBC}") = "Xamarin.Android.NUnitLite", "src\Xamarin.Android.NUnitLite\Xamarin.Android.NUnitLite.csproj", "{4D603AA3-3BFD-43C8-8050-0CD6C2601126}"
EndProject
Project("{2150E333-8FDC-42A3-9474-1A3956D46DE8}") = "Tests", "Tests", "{CAB438D8-B0F5-4AF0-BEBD-9E2ADBD7B483}"
EndProject
Project("{FAE04EC0-301F-11D3-BF4B-00C04F79EFBC}") = "Xamarin.ProjectTools", "src\Xamarin.Android.Build.Tasks\Tests\Xamarin.ProjectTools\Xamarin.ProjectTools.csproj", "{2DD1EE75-6D8D-4653-A800-0A24367F7F38}"
EndProject
Project("{FAE04EC0-301F-11D3-BF4B-00C04F79EFBC}") = "Xamarin.Android.Build.Tests", "src\Xamarin.Android.Build.Tasks\Tests\Xamarin.Android.Build.Tests\Xamarin.Android.Build.Tests.csproj", "{53E4ABF0-1085-45F9-B964-DCAE4B819998}"
EndProject
Project("{FAE04EC0-301F-11D3-BF4B-00C04F79EFBC}") = "System.EnterpriseServices", "src\System.EnterpriseServices\System.EnterpriseServices.csproj", "{2868FC32-A4E7-4008-87C8-2C7879CACB58}"
EndProject
Project("{9344BDBB-3E7F-41FC-A0DD-8665D75EE146}") = "unix-distribution-setup", "build-tools\unix-distribution-setup\unix-distribution-setup.mdproj", "{2CF172E5-BDAE-4ABA-8BC8-08040ED3E77A}"
EndProject
Project("{FAE04EC0-301F-11D3-BF4B-00C04F79EFBC}") = "Mono.Posix", "src\Mono.Posix\Mono.Posix.csproj", "{1A4B041A-842F-40B3-A50D-49E01D30BD18}"
EndProject
Project("{FAE04EC0-301F-11D3-BF4B-00C04F79EFBC}") = "class-parse", "external\Java.Interop\tools\class-parse\class-parse.csproj", "{38C762AB-8FD1-44DE-9855-26AAE7129DC3}"
EndProject
Project("{FAE04EC0-301F-11D3-BF4B-00C04F79EFBC}") = "logcat-parse", "external\Java.Interop\tools\logcat-parse\logcat-parse.csproj", "{7387E151-48E3-4885-B2CA-A74434A34045}"
EndProject
Project("{FAE04EC0-301F-11D3-BF4B-00C04F79EFBC}") = "Mono.Data.Sqlite", "src\Mono.Data.Sqlite\Mono.Data.Sqlite.csproj", "{26781D3A-FF20-4F55-9824-C8A06AA9E484}"
EndProject
Project("{9344BDBB-3E7F-41FC-A0DD-8665D75EE146}") = "sqlite-xamarin", "src\sqlite-xamarin\sqlite-xamarin.mdproj", "{B8F799C5-D7CE-4E09-9CE6-BAA4173E7EC8}"
EndProject
Project("{FAE04EC0-301F-11D3-BF4B-00C04F79EFBC}") = "OpenTK", "src\OpenTK-1.0\OpenTK.csproj", "{5EB9E888-E357-417E-9F39-DDEC195CE47F}"
EndProject
Project("{FAE04EC0-301F-11D3-BF4B-00C04F79EFBC}") = "libZipSharp", "external\LibZipSharp\libZipSharp.csproj", "{E248B2CA-303B-4645-ADDC-9D4459D550FD}"
EndProject
Project("{FAE04EC0-301F-11D3-BF4B-00C04F79EFBC}") = "System.Drawing.Primitives", "src\System.Drawing.Primitives\System.Drawing.Primitives.csproj", "{C9FF2E4D-D927-479E-838B-647C16763F64}"
EndProject
Project("{9344BDBB-3E7F-41FC-A0DD-8665D75EE146}") = "libzip-windows", "build-tools\libzip-windows\libzip-windows.mdproj", "{0DE278D6-000F-4001-BB98-187C0AF58A61}"
EndProject
Project("{9344BDBB-3E7F-41FC-A0DD-8665D75EE146}") = "bundle", "build-tools\bundle\bundle.mdproj", "{1640725C-4DB8-4D8D-BC96-74E688A06EEF}"
EndProject
Project("{FAE04EC0-301F-11D3-BF4B-00C04F79EFBC}") = "xa-prep-tasks", "build-tools\xa-prep-tasks\xa-prep-tasks.csproj", "{7CE69551-BD73-4726-ACAA-AAF89C84BAF8}"
EndProject
Project("{9344BDBB-3E7F-41FC-A0DD-8665D75EE146}") = "proguard", "build-tools\proguard\proguard.mdproj", "{4B9D96BB-95AB-44E8-9F87-13B12C8BCED1}"
EndProject
Global
	GlobalSection(SolutionConfigurationPlatforms) = preSolution
		Debug|AnyCPU = Debug|AnyCPU
		Release|AnyCPU = Release|AnyCPU
		XAIntegrationDebug|AnyCPU = XAIntegrationDebug|AnyCPU
		XAIntegrationRelease|AnyCPU = XAIntegrationRelease|AnyCPU
	EndGlobalSection
	GlobalSection(ProjectConfigurationPlatforms) = postSolution
		{3F1F2F50-AF1A-4A5A-BEDB-193372F068D7}.Debug|AnyCPU.ActiveCfg = Debug|Any CPU
		{3F1F2F50-AF1A-4A5A-BEDB-193372F068D7}.Debug|AnyCPU.Build.0 = Debug|Any CPU
		{3F1F2F50-AF1A-4A5A-BEDB-193372F068D7}.Release|AnyCPU.ActiveCfg = Release|Any CPU
		{3F1F2F50-AF1A-4A5A-BEDB-193372F068D7}.Release|AnyCPU.Build.0 = Release|Any CPU
		{3F1F2F50-AF1A-4A5A-BEDB-193372F068D7}.XAIntegrationDebug|Any CPU.ActiveCfg = Debug|Any CPU
		{3F1F2F50-AF1A-4A5A-BEDB-193372F068D7}.XAIntegrationDebug|Any CPU.Build.0 = Debug|Any CPU
		{3F1F2F50-AF1A-4A5A-BEDB-193372F068D7}.XAIntegrationRelease|Any CPU.ActiveCfg = Debug|Any CPU
		{3F1F2F50-AF1A-4A5A-BEDB-193372F068D7}.XAIntegrationRelease|Any CPU.Build.0 = Debug|Any CPU
		{3FC3E78B-F7D4-42EA-BBE8-4535DF42BFF8}.Debug|AnyCPU.ActiveCfg = Debug|Any CPU
		{3FC3E78B-F7D4-42EA-BBE8-4535DF42BFF8}.Debug|AnyCPU.Build.0 = Debug|Any CPU
		{3FC3E78B-F7D4-42EA-BBE8-4535DF42BFF8}.Release|AnyCPU.ActiveCfg = Release|Any CPU
		{3FC3E78B-F7D4-42EA-BBE8-4535DF42BFF8}.Release|AnyCPU.Build.0 = Release|Any CPU
		{3FC3E78B-F7D4-42EA-BBE8-4535DF42BFF8}.XAIntegrationDebug|Any CPU.ActiveCfg = Debug|Any CPU
		{3FC3E78B-F7D4-42EA-BBE8-4535DF42BFF8}.XAIntegrationDebug|Any CPU.Build.0 = Debug|Any CPU
		{3FC3E78B-F7D4-42EA-BBE8-4535DF42BFF8}.XAIntegrationRelease|Any CPU.ActiveCfg = Debug|An yCPU
		{3FC3E78B-F7D4-42EA-BBE8-4535DF42BFF8}.XAIntegrationRelease|Any CPU.Build.0 = Debug|An yCPU
		{66CF299A-CE95-4131-BCD8-DB66E30C4BF7}.Debug|AnyCPU.ActiveCfg = Debug|Any CPU
		{66CF299A-CE95-4131-BCD8-DB66E30C4BF7}.Debug|AnyCPU.Build.0 = Debug|Any CPU
		{66CF299A-CE95-4131-BCD8-DB66E30C4BF7}.Release|AnyCPU.ActiveCfg = Release|Any CPU
		{66CF299A-CE95-4131-BCD8-DB66E30C4BF7}.Release|AnyCPU.Build.0 = Release|Any CPU
		{66CF299A-CE95-4131-BCD8-DB66E30C4BF7}.XAIntegrationDebug|Any CPU.ActiveCfg = Debug|Any CPU
		{66CF299A-CE95-4131-BCD8-DB66E30C4BF7}.XAIntegrationDebug|Any CPU.Build.0 = Debug|Any CPU
		{66CF299A-CE95-4131-BCD8-DB66E30C4BF7}.XAIntegrationRelease|Any CPU.ActiveCfg = Debug|Any CPU
		{66CF299A-CE95-4131-BCD8-DB66E30C4BF7}.XAIntegrationRelease|Any CPU.Build.0 = Debug|Any CPU
		{8FF78EB6-6FC8-46A7-8A15-EBBA9045C5FA}.Debug|AnyCPU.ActiveCfg = Debug|Any CPU
		{8FF78EB6-6FC8-46A7-8A15-EBBA9045C5FA}.Debug|AnyCPU.Build.0 = Debug|Any CPU
		{8FF78EB6-6FC8-46A7-8A15-EBBA9045C5FA}.Release|AnyCPU.ActiveCfg = Release|Any CPU
		{8FF78EB6-6FC8-46A7-8A15-EBBA9045C5FA}.Release|AnyCPU.Build.0 = Release|Any CPU
		{8FF78EB6-6FC8-46A7-8A15-EBBA9045C5FA}.XAIntegrationDebug|Any CPU.ActiveCfg = Debug|Any CPU
		{8FF78EB6-6FC8-46A7-8A15-EBBA9045C5FA}.XAIntegrationDebug|Any CPU.Build.0 = Debug|Any CPU
		{8FF78EB6-6FC8-46A7-8A15-EBBA9045C5FA}.XAIntegrationRelease|Any CPU.ActiveCfg = Debug|Any CPU
		{8FF78EB6-6FC8-46A7-8A15-EBBA9045C5FA}.XAIntegrationRelease|Any CPU.Build.0 = Debug|Any CPU
		{91713046-C358-4647-B162-ED4E1442F3D8}.Debug|AnyCPU.ActiveCfg = Debug|Any CPU
		{91713046-C358-4647-B162-ED4E1442F3D8}.Debug|AnyCPU.Build.0 = Debug|Any CPU
		{91713046-C358-4647-B162-ED4E1442F3D8}.Release|AnyCPU.ActiveCfg = Release|Any CPU
		{91713046-C358-4647-B162-ED4E1442F3D8}.Release|AnyCPU.Build.0 = Release|Any CPU
		{91713046-C358-4647-B162-ED4E1442F3D8}.XAIntegrationDebug|Any CPU.ActiveCfg = Debug|Any CPU
		{91713046-C358-4647-B162-ED4E1442F3D8}.XAIntegrationDebug|Any CPU.Build.0 = Debug|Any CPU
		{91713046-C358-4647-B162-ED4E1442F3D8}.XAIntegrationRelease|Any CPU.ActiveCfg = Debug|Any CPU
		{91713046-C358-4647-B162-ED4E1442F3D8}.XAIntegrationRelease|Any CPU.Build.0 = Debug|Any CPU
		{94BD81F7-B06F-4295-9636-F8A3B6BDC762}.Debug|AnyCPU.ActiveCfg = Debug|Any CPU
		{94BD81F7-B06F-4295-9636-F8A3B6BDC762}.Release|AnyCPU.ActiveCfg = Release|Any CPU
		{94BD81F7-B06F-4295-9636-F8A3B6BDC762}.XAIntegrationDebug|Any CPU.ActiveCfg = XAIntegrationDebug|Any CPU
		{94BD81F7-B06F-4295-9636-F8A3B6BDC762}.XAIntegrationDebug|Any CPU.Build.0 = XAIntegrationDebug|Any CPU
		{94BD81F7-B06F-4295-9636-F8A3B6BDC762}.XAIntegrationRelease|Any CPU.ActiveCfg = XAIntegrationRelease|Any CPU
		{94BD81F7-B06F-4295-9636-F8A3B6BDC762}.XAIntegrationRelease|Any CPU.Build.0 = XAIntegrationRelease|Any CPU
		{AFB8F6D1-6EA9-42C3-950B-98F34C669AD2}.Debug|AnyCPU.ActiveCfg = Debug|Any CPU
		{AFB8F6D1-6EA9-42C3-950B-98F34C669AD2}.Debug|AnyCPU.Build.0 = Debug|Any CPU
		{AFB8F6D1-6EA9-42C3-950B-98F34C669AD2}.Release|AnyCPU.ActiveCfg = Release|Any CPU
		{AFB8F6D1-6EA9-42C3-950B-98F34C669AD2}.Release|AnyCPU.Build.0 = Release|Any CPU
		{AFB8F6D1-6EA9-42C3-950B-98F34C669AD2}.XAIntegrationDebug|Any CPU.ActiveCfg = Debug|Any CPU
		{AFB8F6D1-6EA9-42C3-950B-98F34C669AD2}.XAIntegrationDebug|Any CPU.Build.0 = Debug|Any CPU
		{AFB8F6D1-6EA9-42C3-950B-98F34C669AD2}.XAIntegrationRelease|Any CPU.ActiveCfg = Debug|Any CPU
		{AFB8F6D1-6EA9-42C3-950B-98F34C669AD2}.XAIntegrationRelease|Any CPU.Build.0 = Debug|Any CPU
		{B17475BC-45A2-47A3-B8FC-62F3A0959EE0}.Debug|AnyCPU.ActiveCfg = Debug|Any CPU
		{B17475BC-45A2-47A3-B8FC-62F3A0959EE0}.Debug|AnyCPU.Build.0 = Debug|Any CPU
		{B17475BC-45A2-47A3-B8FC-62F3A0959EE0}.Release|AnyCPU.ActiveCfg = Release|Any CPU
		{B17475BC-45A2-47A3-B8FC-62F3A0959EE0}.Release|AnyCPU.Build.0 = Release|Any CPU
		{B17475BC-45A2-47A3-B8FC-62F3A0959EE0}.XAIntegrationDebug|Any CPU.ActiveCfg = Debug|Any CPU
		{B17475BC-45A2-47A3-B8FC-62F3A0959EE0}.XAIntegrationDebug|Any CPU.Build.0 = Debug|Any CPU
		{B17475BC-45A2-47A3-B8FC-62F3A0959EE0}.XAIntegrationRelease|Any CPU.ActiveCfg = Debug|Any CPU
		{B17475BC-45A2-47A3-B8FC-62F3A0959EE0}.XAIntegrationRelease|Any CPU.Build.0 = Debug|Any CPU
		{B8105878-D423-4159-A3E7-028298281EC6}.Debug|AnyCPU.ActiveCfg = Debug|Any CPU
		{B8105878-D423-4159-A3E7-028298281EC6}.Debug|AnyCPU.Build.0 = Debug|Any CPU
		{B8105878-D423-4159-A3E7-028298281EC6}.Release|AnyCPU.ActiveCfg = Release|Any CPU
		{B8105878-D423-4159-A3E7-028298281EC6}.Release|AnyCPU.Build.0 = Release|Any CPU
		{B8105878-D423-4159-A3E7-028298281EC6}.XAIntegrationDebug|Any CPU.ActiveCfg = Debug|Any CPU
		{B8105878-D423-4159-A3E7-028298281EC6}.XAIntegrationDebug|Any CPU.Build.0 = Debug|Any CPU
		{B8105878-D423-4159-A3E7-028298281EC6}.XAIntegrationRelease|Any CPU.ActiveCfg = Debug|Any CPU
		{B8105878-D423-4159-A3E7-028298281EC6}.XAIntegrationRelease|Any CPU.Build.0 = Debug|Any CPU
		{53EE4C57-1C03-405A-8243-8DA539546C88}.XAIntegrationDebug|Any CPU.ActiveCfg = Debug|Any CPU
		{53EE4C57-1C03-405A-8243-8DA539546C88}.XAIntegrationRelease|Any CPU.ActiveCfg = Debug|Any CPU
		{53EE4C57-1C03-405A-8243-8DA539546C88}.Debug|AnyCPU.Build.0 = Debug|Any CPU
		{53EE4C57-1C03-405A-8243-8DA539546C88}.Release|AnyCPU.Build.0 = Release|Any CPU
		{53EE4C57-1C03-405A-8243-8DA539546C88}.Debug|AnyCPU.ActiveCfg = Debug|Any CPU
		{53EE4C57-1C03-405A-8243-8DA539546C88}.Release|AnyCPU.ActiveCfg = Release|Any CPU
		{53EE4C57-1C03-405A-8243-8DA539546C88}.XAIntegrationDebug|Any CPU.Build.0 = Debug|Any CPU
		{53EE4C57-1C03-405A-8243-8DA539546C88}.XAIntegrationRelease|Any CPU.Build.0 = Debug|Any CPU
		{8A6CB07C-E493-4A4F-AB94-038645A27118}.Debug|AnyCPU.ActiveCfg = Debug|Any CPU
		{8A6CB07C-E493-4A4F-AB94-038645A27118}.Debug|AnyCPU.Build.0 = Debug|Any CPU
		{8A6CB07C-E493-4A4F-AB94-038645A27118}.Release|AnyCPU.ActiveCfg = Release|Any CPU
		{8A6CB07C-E493-4A4F-AB94-038645A27118}.Release|AnyCPU.Build.0 = Release|Any CPU
		{8A6CB07C-E493-4A4F-AB94-038645A27118}.XAIntegrationDebug|AnyCPU.ActiveCfg = Debug|Any CPU
		{8A6CB07C-E493-4A4F-AB94-038645A27118}.XAIntegrationDebug|AnyCPU.Build.0 = Debug|Any CPU
		{8A6CB07C-E493-4A4F-AB94-038645A27118}.XAIntegrationRelease|AnyCPU.ActiveCfg = Debug|Any CPU
		{8A6CB07C-E493-4A4F-AB94-038645A27118}.XAIntegrationRelease|AnyCPU.Build.0 = Debug|Any CPU
		{52C7D9B6-E8C8-47D0-9471-652D278D7D77}.Debug|AnyCPU.ActiveCfg = Debug|Any CPU
		{52C7D9B6-E8C8-47D0-9471-652D278D7D77}.Debug|AnyCPU.Build.0 = Debug|Any CPU
		{52C7D9B6-E8C8-47D0-9471-652D278D7D77}.Release|AnyCPU.ActiveCfg = Release|Any CPU
		{52C7D9B6-E8C8-47D0-9471-652D278D7D77}.Release|AnyCPU.Build.0 = Release|Any CPU
		{D18FCF91-8876-48A0-A693-2DC1E7D3D80A}.Debug|AnyCPU.ActiveCfg = Debug|Any CPU
		{D18FCF91-8876-48A0-A693-2DC1E7D3D80A}.Debug|AnyCPU.Build.0 = Debug|Any CPU
		{D18FCF91-8876-48A0-A693-2DC1E7D3D80A}.Release|AnyCPU.ActiveCfg = Release|Any CPU
		{D18FCF91-8876-48A0-A693-2DC1E7D3D80A}.Release|AnyCPU.Build.0 = Release|Any CPU
		{1268EADF-8344-431C-81F6-FCB7CBC99F49}.Debug|AnyCPU.ActiveCfg = Debug|Any CPU
		{1268EADF-8344-431C-81F6-FCB7CBC99F49}.Debug|AnyCPU.Build.0 = Debug|Any CPU
		{1268EADF-8344-431C-81F6-FCB7CBC99F49}.Release|AnyCPU.ActiveCfg = Release|Any CPU
		{1268EADF-8344-431C-81F6-FCB7CBC99F49}.Release|AnyCPU.Build.0 = Release|Any CPU
		{07BC4495-1267-4B78-9EA6-B76FEEA2A64A}.Debug|AnyCPU.ActiveCfg = Debug|Any CPU
		{07BC4495-1267-4B78-9EA6-B76FEEA2A64A}.Debug|AnyCPU.Build.0 = Debug|Any CPU
		{07BC4495-1267-4B78-9EA6-B76FEEA2A64A}.Release|AnyCPU.ActiveCfg = Release|Any CPU
		{07BC4495-1267-4B78-9EA6-B76FEEA2A64A}.Release|AnyCPU.Build.0 = Release|Any CPU
		{64CC4E44-CE3A-4319-BF3F-6CF8BD513870}.Debug|AnyCPU.ActiveCfg = Debug|Any CPU
		{64CC4E44-CE3A-4319-BF3F-6CF8BD513870}.Debug|AnyCPU.Build.0 = Debug|Any CPU
		{64CC4E44-CE3A-4319-BF3F-6CF8BD513870}.Release|AnyCPU.ActiveCfg = Release|Any CPU
		{64CC4E44-CE3A-4319-BF3F-6CF8BD513870}.Release|AnyCPU.Build.0 = Release|Any CPU
		{D48EE8D0-0A0A-4493-AEF5-DAF5F8CF86AD}.Debug|AnyCPU.ActiveCfg = Debug|Any CPU
		{D48EE8D0-0A0A-4493-AEF5-DAF5F8CF86AD}.Debug|AnyCPU.Build.0 = Debug|Any CPU
		{D48EE8D0-0A0A-4493-AEF5-DAF5F8CF86AD}.Release|AnyCPU.ActiveCfg = Release|Any CPU
		{D48EE8D0-0A0A-4493-AEF5-DAF5F8CF86AD}.Release|AnyCPU.Build.0 = Release|Any CPU
		{C03E6CF1-7460-4CDC-A4AB-292BBC0F61F2}.Debug|AnyCPU.ActiveCfg = Debug|Any CPU
		{C03E6CF1-7460-4CDC-A4AB-292BBC0F61F2}.Debug|AnyCPU.Build.0 = Debug|Any CPU
		{C03E6CF1-7460-4CDC-A4AB-292BBC0F61F2}.Release|AnyCPU.ActiveCfg = Release|Any CPU
		{C03E6CF1-7460-4CDC-A4AB-292BBC0F61F2}.Release|AnyCPU.Build.0 = Release|Any CPU
		{C03E6CF1-7460-4CDC-A4AB-292BBC0F61F2}.XAIntegrationDebug|Any CPU.ActiveCfg = Debug|Any CPU
		{C03E6CF1-7460-4CDC-A4AB-292BBC0F61F2}.XAIntegrationDebug|Any CPU.Build.0 = Debug|Any CPU
		{C03E6CF1-7460-4CDC-A4AB-292BBC0F61F2}.XAIntegrationRelease|Any CPU.ActiveCfg = Debug|Any CPU
		{C03E6CF1-7460-4CDC-A4AB-292BBC0F61F2}.XAIntegrationRelease|Any CPU.Build.0 = Debug|Any CPU
		{D14A1B5C-2060-4930-92BE-F7190256C735}.Debug|AnyCPU.ActiveCfg = Debug|Any CPU
		{D14A1B5C-2060-4930-92BE-F7190256C735}.Debug|AnyCPU.Build.0 = Debug|Any CPU
		{D14A1B5C-2060-4930-92BE-F7190256C735}.Release|AnyCPU.ActiveCfg = Release|Any CPU
		{D14A1B5C-2060-4930-92BE-F7190256C735}.Release|AnyCPU.Build.0 = Release|Any CPU
		{D14A1B5C-2060-4930-92BE-F7190256C735}.XAIntegrationDebug|Any CPU.ActiveCfg = Debug|Any CPU
		{D14A1B5C-2060-4930-92BE-F7190256C735}.XAIntegrationDebug|Any CPU.Build.0 = Debug|Any CPU
		{D14A1B5C-2060-4930-92BE-F7190256C735}.XAIntegrationRelease|Any CPU.ActiveCfg = Debug|Any CPU
		{D14A1B5C-2060-4930-92BE-F7190256C735}.XAIntegrationRelease|Any CPU.Build.0 = Debug|Any CPU
		{D27AD8F7-7710-40BE-B03B-55EFBEC13C44}.Debug|AnyCPU.ActiveCfg = Debug|Any CPU
		{D27AD8F7-7710-40BE-B03B-55EFBEC13C44}.Debug|AnyCPU.Build.0 = Debug|Any CPU
		{D27AD8F7-7710-40BE-B03B-55EFBEC13C44}.Release|AnyCPU.ActiveCfg = Release|Any CPU
		{D27AD8F7-7710-40BE-B03B-55EFBEC13C44}.Release|AnyCPU.Build.0 = Release|Any CPU
		{D27AD8F7-7710-40BE-B03B-55EFBEC13C44}.XAIntegrationDebug|Any CPU.ActiveCfg = Debug|Any CPU
		{D27AD8F7-7710-40BE-B03B-55EFBEC13C44}.XAIntegrationDebug|Any CPU.Build.0 = Debug|Any CPU
		{D27AD8F7-7710-40BE-B03B-55EFBEC13C44}.XAIntegrationRelease|Any CPU.ActiveCfg = Debug|Any CPU
		{D27AD8F7-7710-40BE-B03B-55EFBEC13C44}.XAIntegrationRelease|Any CPU.Build.0 = Debug|Any CPU
		{E8492EFB-D14A-4F32-AA28-88848322ECEA}.Debug|AnyCPU.ActiveCfg = Debug|Any CPU
		{E8492EFB-D14A-4F32-AA28-88848322ECEA}.Debug|AnyCPU.Build.0 = Debug|Any CPU
		{E8492EFB-D14A-4F32-AA28-88848322ECEA}.Release|AnyCPU.ActiveCfg = Release|Any CPU
		{E8492EFB-D14A-4F32-AA28-88848322ECEA}.Release|AnyCPU.Build.0 = Release|Any CPU
		{E8492EFB-D14A-4F32-AA28-88848322ECEA}.XAIntegrationDebug|Any CPU.ActiveCfg = Debug|Any CPU
		{E8492EFB-D14A-4F32-AA28-88848322ECEA}.XAIntegrationDebug|Any CPU.Build.0 = Debug|Any CPU
		{E8492EFB-D14A-4F32-AA28-88848322ECEA}.XAIntegrationRelease|Any CPU.ActiveCfg = Debug|Any CPU
		{E8492EFB-D14A-4F32-AA28-88848322ECEA}.XAIntegrationRelease|Any CPU.Build.0 = Debug|Any CPU
		{4D603AA3-3BFD-43C8-8050-0CD6C2601126}.Debug|AnyCPU.ActiveCfg = Debug|Any CPU
		{4D603AA3-3BFD-43C8-8050-0CD6C2601126}.Debug|AnyCPU.Build.0 = Debug|Any CPU
		{4D603AA3-3BFD-43C8-8050-0CD6C2601126}.Release|AnyCPU.ActiveCfg = Release|Any CPU
		{4D603AA3-3BFD-43C8-8050-0CD6C2601126}.Release|AnyCPU.Build.0 = Release|Any CPU
		{4D603AA3-3BFD-43C8-8050-0CD6C2601126}.XAIntegrationDebug|Any CPU.ActiveCfg = Debug|Any CPU
		{4D603AA3-3BFD-43C8-8050-0CD6C2601126}.XAIntegrationDebug|Any CPU.Build.0 = Debug|Any CPU
		{4D603AA3-3BFD-43C8-8050-0CD6C2601126}.XAIntegrationRelease|Any CPU.ActiveCfg = Debug|Any CPU
		{4D603AA3-3BFD-43C8-8050-0CD6C2601126}.XAIntegrationRelease|Any CPU.Build.0 = Debug|Any CPU
		{4D603AA3-3BFD-43C8-8050-0CD6C2601126}.XAIntegrationDebug|AnyCPU.ActiveCfg = Debug|Any CPU
		{4D603AA3-3BFD-43C8-8050-0CD6C2601126}.XAIntegrationDebug|AnyCPU.Build.0 = Debug|Any CPU
		{4D603AA3-3BFD-43C8-8050-0CD6C2601126}.XAIntegrationRelease|AnyCPU.ActiveCfg = Debug|Any CPU
		{4D603AA3-3BFD-43C8-8050-0CD6C2601126}.XAIntegrationRelease|AnyCPU.Build.0 = Debug|Any CPU
		{2DD1EE75-6D8D-4653-A800-0A24367F7F38}.Debug|AnyCPU.ActiveCfg = Debug|Any CPU
		{2DD1EE75-6D8D-4653-A800-0A24367F7F38}.Debug|AnyCPU.Build.0 = Debug|Any CPU
		{2DD1EE75-6D8D-4653-A800-0A24367F7F38}.Release|AnyCPU.ActiveCfg = Release|Any CPU
		{2DD1EE75-6D8D-4653-A800-0A24367F7F38}.Release|AnyCPU.Build.0 = Release|Any CPU
		{2DD1EE75-6D8D-4653-A800-0A24367F7F38}.XAIntegrationDebug|Any CPU.ActiveCfg = Debug|Any CPU
		{2DD1EE75-6D8D-4653-A800-0A24367F7F38}.XAIntegrationDebug|Any CPU.Build.0 = Debug|Any CPU
		{2DD1EE75-6D8D-4653-A800-0A24367F7F38}.XAIntegrationRelease|Any CPU.ActiveCfg = Debug|Any CPU
		{2DD1EE75-6D8D-4653-A800-0A24367F7F38}.XAIntegrationRelease|Any CPU.Build.0 = Debug|Any CPU
		{2DD1EE75-6D8D-4653-A800-0A24367F7F38}.XAIntegrationDebug|AnyCPU.ActiveCfg = Debug|Any CPU
		{2DD1EE75-6D8D-4653-A800-0A24367F7F38}.XAIntegrationDebug|AnyCPU.Build.0 = Debug|Any CPU
		{2DD1EE75-6D8D-4653-A800-0A24367F7F38}.XAIntegrationRelease|AnyCPU.ActiveCfg = Debug|Any CPU
		{2DD1EE75-6D8D-4653-A800-0A24367F7F38}.XAIntegrationRelease|AnyCPU.Build.0 = Debug|Any CPU
		{53E4ABF0-1085-45F9-B964-DCAE4B819998}.Debug|AnyCPU.ActiveCfg = Debug|Any CPU
		{53E4ABF0-1085-45F9-B964-DCAE4B819998}.Debug|AnyCPU.Build.0 = Debug|Any CPU
		{53E4ABF0-1085-45F9-B964-DCAE4B819998}.Release|AnyCPU.ActiveCfg = Release|Any CPU
		{53E4ABF0-1085-45F9-B964-DCAE4B819998}.Release|AnyCPU.Build.0 = Release|Any CPU
		{53E4ABF0-1085-45F9-B964-DCAE4B819998}.XAIntegrationDebug|Any CPU.ActiveCfg = Debug|Any CPU
		{53E4ABF0-1085-45F9-B964-DCAE4B819998}.XAIntegrationDebug|Any CPU.Build.0 = Debug|Any CPU
		{53E4ABF0-1085-45F9-B964-DCAE4B819998}.XAIntegrationRelease|Any CPU.ActiveCfg = Debug|Any CPU
		{53E4ABF0-1085-45F9-B964-DCAE4B819998}.XAIntegrationRelease|Any CPU.Build.0 = Debug|Any CPU
		{53E4ABF0-1085-45F9-B964-DCAE4B819998}.XAIntegrationDebug|AnyCPU.ActiveCfg = Debug|Any CPU
		{53E4ABF0-1085-45F9-B964-DCAE4B819998}.XAIntegrationDebug|AnyCPU.Build.0 = Debug|Any CPU
		{53E4ABF0-1085-45F9-B964-DCAE4B819998}.XAIntegrationRelease|AnyCPU.ActiveCfg = Debug|Any CPU
		{53E4ABF0-1085-45F9-B964-DCAE4B819998}.XAIntegrationRelease|AnyCPU.Build.0 = Debug|Any CPU
		{2868FC32-A4E7-4008-87C8-2C7879CACB58}.Debug|AnyCPU.ActiveCfg = Debug|Any CPU
		{2868FC32-A4E7-4008-87C8-2C7879CACB58}.Debug|AnyCPU.Build.0 = Debug|Any CPU
		{2868FC32-A4E7-4008-87C8-2C7879CACB58}.Release|AnyCPU.ActiveCfg = Release|Any CPU
		{2868FC32-A4E7-4008-87C8-2C7879CACB58}.Release|AnyCPU.Build.0 = Release|Any CPU
		{2868FC32-A4E7-4008-87C8-2C7879CACB58}.XAIntegrationDebug|Any CPU.ActiveCfg = Debug|Any CPU
		{2868FC32-A4E7-4008-87C8-2C7879CACB58}.XAIntegrationDebug|Any CPU.Build.0 = Debug|Any CPU
		{2868FC32-A4E7-4008-87C8-2C7879CACB58}.XAIntegrationRelease|Any CPU.ActiveCfg = Debug|Any CPU
		{2868FC32-A4E7-4008-87C8-2C7879CACB58}.XAIntegrationRelease|Any CPU.Build.0 = Debug|Any CPU
		{2868FC32-A4E7-4008-87C8-2C7879CACB58}.XAIntegrationDebug|AnyCPU.ActiveCfg = Debug|Any CPU
		{2868FC32-A4E7-4008-87C8-2C7879CACB58}.XAIntegrationDebug|AnyCPU.Build.0 = Debug|Any CPU
		{2868FC32-A4E7-4008-87C8-2C7879CACB58}.XAIntegrationRelease|AnyCPU.ActiveCfg = Debug|Any CPU
		{2868FC32-A4E7-4008-87C8-2C7879CACB58}.XAIntegrationRelease|AnyCPU.Build.0 = Debug|Any CPU
		{2CF172E5-BDAE-4ABA-8BC8-08040ED3E77A}.Debug|AnyCPU.ActiveCfg = Debug|Any CPU
		{2CF172E5-BDAE-4ABA-8BC8-08040ED3E77A}.Debug|AnyCPU.Build.0 = Debug|Any CPU
		{2CF172E5-BDAE-4ABA-8BC8-08040ED3E77A}.Release|AnyCPU.ActiveCfg = Release|Any CPU
		{2CF172E5-BDAE-4ABA-8BC8-08040ED3E77A}.Release|AnyCPU.Build.0 = Release|Any CPU
		{2CF172E5-BDAE-4ABA-8BC8-08040ED3E77A}.XAIntegrationDebug|Any CPU.ActiveCfg = Debug|Any CPU
		{2CF172E5-BDAE-4ABA-8BC8-08040ED3E77A}.XAIntegrationDebug|Any CPU.Build.0 = Debug|Any CPU
		{2CF172E5-BDAE-4ABA-8BC8-08040ED3E77A}.XAIntegrationRelease|Any CPU.ActiveCfg = Debug|Any CPU
		{2CF172E5-BDAE-4ABA-8BC8-08040ED3E77A}.XAIntegrationRelease|Any CPU.Build.0 = Debug|Any CPU
		{2CF172E5-BDAE-4ABA-8BC8-08040ED3E77A}.XAIntegrationDebug|AnyCPU.ActiveCfg = Debug|Any CPU
		{2CF172E5-BDAE-4ABA-8BC8-08040ED3E77A}.XAIntegrationDebug|AnyCPU.Build.0 = Debug|Any CPU
		{2CF172E5-BDAE-4ABA-8BC8-08040ED3E77A}.XAIntegrationRelease|AnyCPU.ActiveCfg = Debug|Any CPU
		{2CF172E5-BDAE-4ABA-8BC8-08040ED3E77A}.XAIntegrationRelease|AnyCPU.Build.0 = Debug|Any CPU
		{1A4B041A-842F-40B3-A50D-49E01D30BD18}.Debug|AnyCPU.ActiveCfg = Debug|Any CPU
		{1A4B041A-842F-40B3-A50D-49E01D30BD18}.Debug|AnyCPU.Build.0 = Debug|Any CPU
		{1A4B041A-842F-40B3-A50D-49E01D30BD18}.Release|AnyCPU.ActiveCfg = Release|Any CPU
		{1A4B041A-842F-40B3-A50D-49E01D30BD18}.Release|AnyCPU.Build.0 = Release|Any CPU
		{1A4B041A-842F-40B3-A50D-49E01D30BD18}.XAIntegrationDebug|Any CPU.ActiveCfg = Debug|Any CPU
		{1A4B041A-842F-40B3-A50D-49E01D30BD18}.XAIntegrationDebug|Any CPU.Build.0 = Debug|Any CPU
		{1A4B041A-842F-40B3-A50D-49E01D30BD18}.XAIntegrationRelease|Any CPU.ActiveCfg = Debug|Any CPU
		{1A4B041A-842F-40B3-A50D-49E01D30BD18}.XAIntegrationRelease|Any CPU.Build.0 = Debug|Any CPU
		{1A4B041A-842F-40B3-A50D-49E01D30BD18}.XAIntegrationDebug|AnyCPU.ActiveCfg = Debug|Any CPU
		{1A4B041A-842F-40B3-A50D-49E01D30BD18}.XAIntegrationDebug|AnyCPU.Build.0 = Debug|Any CPU
		{1A4B041A-842F-40B3-A50D-49E01D30BD18}.XAIntegrationRelease|AnyCPU.ActiveCfg = Debug|Any CPU
		{1A4B041A-842F-40B3-A50D-49E01D30BD18}.XAIntegrationRelease|AnyCPU.Build.0 = Debug|Any CPU
		{38C762AB-8FD1-44DE-9855-26AAE7129DC3}.Debug|AnyCPU.ActiveCfg = Debug|Any CPU
		{38C762AB-8FD1-44DE-9855-26AAE7129DC3}.Debug|AnyCPU.Build.0 = Debug|Any CPU
		{38C762AB-8FD1-44DE-9855-26AAE7129DC3}.Release|AnyCPU.ActiveCfg = Release|Any CPU
		{38C762AB-8FD1-44DE-9855-26AAE7129DC3}.Release|AnyCPU.Build.0 = Release|Any CPU
		{38C762AB-8FD1-44DE-9855-26AAE7129DC3}.XAIntegrationDebug|Any CPU.ActiveCfg = Debug|Any CPU
		{38C762AB-8FD1-44DE-9855-26AAE7129DC3}.XAIntegrationDebug|Any CPU.Build.0 = Debug|Any CPU
		{38C762AB-8FD1-44DE-9855-26AAE7129DC3}.XAIntegrationRelease|Any CPU.ActiveCfg = Debug|Any CPU
		{38C762AB-8FD1-44DE-9855-26AAE7129DC3}.XAIntegrationRelease|Any CPU.Build.0 = Debug|Any CPU
		{38C762AB-8FD1-44DE-9855-26AAE7129DC3}.XAIntegrationDebug|AnyCPU.ActiveCfg = Debug|Any CPU
		{38C762AB-8FD1-44DE-9855-26AAE7129DC3}.XAIntegrationDebug|AnyCPU.Build.0 = Debug|Any CPU
		{38C762AB-8FD1-44DE-9855-26AAE7129DC3}.XAIntegrationRelease|AnyCPU.ActiveCfg = Debug|Any CPU
		{38C762AB-8FD1-44DE-9855-26AAE7129DC3}.XAIntegrationRelease|AnyCPU.Build.0 = Debug|Any CPU
		{7387E151-48E3-4885-B2CA-A74434A34045}.Debug|AnyCPU.ActiveCfg = Debug|Any CPU
		{7387E151-48E3-4885-B2CA-A74434A34045}.Debug|AnyCPU.Build.0 = Debug|Any CPU
		{7387E151-48E3-4885-B2CA-A74434A34045}.Release|AnyCPU.ActiveCfg = Release|Any CPU
		{7387E151-48E3-4885-B2CA-A74434A34045}.Release|AnyCPU.Build.0 = Release|Any CPU
		{7387E151-48E3-4885-B2CA-A74434A34045}.XAIntegrationDebug|Any CPU.ActiveCfg = Debug|Any CPU
		{7387E151-48E3-4885-B2CA-A74434A34045}.XAIntegrationDebug|Any CPU.Build.0 = Debug|Any CPU
		{7387E151-48E3-4885-B2CA-A74434A34045}.XAIntegrationRelease|Any CPU.ActiveCfg = Debug|Any CPU
		{7387E151-48E3-4885-B2CA-A74434A34045}.XAIntegrationRelease|Any CPU.Build.0 = Debug|Any CPU
		{7387E151-48E3-4885-B2CA-A74434A34045}.XAIntegrationDebug|AnyCPU.ActiveCfg = Debug|Any CPU
		{7387E151-48E3-4885-B2CA-A74434A34045}.XAIntegrationDebug|AnyCPU.Build.0 = Debug|Any CPU
		{7387E151-48E3-4885-B2CA-A74434A34045}.XAIntegrationRelease|AnyCPU.ActiveCfg = Debug|Any CPU
		{7387E151-48E3-4885-B2CA-A74434A34045}.XAIntegrationRelease|AnyCPU.Build.0 = Debug|Any CPU
		{26781D3A-FF20-4F55-9824-C8A06AA9E484}.Debug|AnyCPU.ActiveCfg = Debug|Any CPU
		{26781D3A-FF20-4F55-9824-C8A06AA9E484}.Debug|AnyCPU.Build.0 = Debug|Any CPU
		{26781D3A-FF20-4F55-9824-C8A06AA9E484}.Release|AnyCPU.ActiveCfg = Release|Any CPU
		{26781D3A-FF20-4F55-9824-C8A06AA9E484}.Release|AnyCPU.Build.0 = Release|Any CPU
		{26781D3A-FF20-4F55-9824-C8A06AA9E484}.XAIntegrationDebug|Any CPU.ActiveCfg = Debug|Any CPU
		{26781D3A-FF20-4F55-9824-C8A06AA9E484}.XAIntegrationDebug|Any CPU.Build.0 = Debug|Any CPU
		{26781D3A-FF20-4F55-9824-C8A06AA9E484}.XAIntegrationRelease|Any CPU.ActiveCfg = Debug|Any CPU
		{26781D3A-FF20-4F55-9824-C8A06AA9E484}.XAIntegrationRelease|Any CPU.Build.0 = Debug|Any CPU
		{26781D3A-FF20-4F55-9824-C8A06AA9E484}.XAIntegrationDebug|AnyCPU.ActiveCfg = Debug|Any CPU
		{26781D3A-FF20-4F55-9824-C8A06AA9E484}.XAIntegrationDebug|AnyCPU.Build.0 = Debug|Any CPU
		{26781D3A-FF20-4F55-9824-C8A06AA9E484}.XAIntegrationRelease|AnyCPU.ActiveCfg = Debug|Any CPU
		{26781D3A-FF20-4F55-9824-C8A06AA9E484}.XAIntegrationRelease|AnyCPU.Build.0 = Debug|Any CPU
		{B8F799C5-D7CE-4E09-9CE6-BAA4173E7EC8}.Debug|AnyCPU.ActiveCfg = Debug|Any CPU
		{B8F799C5-D7CE-4E09-9CE6-BAA4173E7EC8}.Debug|AnyCPU.Build.0 = Debug|Any CPU
		{B8F799C5-D7CE-4E09-9CE6-BAA4173E7EC8}.Release|AnyCPU.ActiveCfg = Release|Any CPU
		{B8F799C5-D7CE-4E09-9CE6-BAA4173E7EC8}.Release|AnyCPU.Build.0 = Release|Any CPU
		{B8F799C5-D7CE-4E09-9CE6-BAA4173E7EC8}.XAIntegrationDebug|Any CPU.ActiveCfg = Debug|Any CPU
		{B8F799C5-D7CE-4E09-9CE6-BAA4173E7EC8}.XAIntegrationDebug|Any CPU.Build.0 = Debug|Any CPU
		{B8F799C5-D7CE-4E09-9CE6-BAA4173E7EC8}.XAIntegrationRelease|Any CPU.ActiveCfg = Debug|Any CPU
		{B8F799C5-D7CE-4E09-9CE6-BAA4173E7EC8}.XAIntegrationRelease|Any CPU.Build.0 = Debug|Any CPU
		{B8F799C5-D7CE-4E09-9CE6-BAA4173E7EC8}.XAIntegrationDebug|AnyCPU.ActiveCfg = Debug|Any CPU
		{B8F799C5-D7CE-4E09-9CE6-BAA4173E7EC8}.XAIntegrationDebug|AnyCPU.Build.0 = Debug|Any CPU
		{B8F799C5-D7CE-4E09-9CE6-BAA4173E7EC8}.XAIntegrationRelease|AnyCPU.ActiveCfg = Debug|Any CPU
		{B8F799C5-D7CE-4E09-9CE6-BAA4173E7EC8}.XAIntegrationRelease|AnyCPU.Build.0 = Debug|Any CPU
		{5EB9E888-E357-417E-9F39-DDEC195CE47F}.Debug|AnyCPU.ActiveCfg = Debug|Any CPU
		{5EB9E888-E357-417E-9F39-DDEC195CE47F}.Debug|AnyCPU.Build.0 = Debug|Any CPU
		{5EB9E888-E357-417E-9F39-DDEC195CE47F}.Release|AnyCPU.ActiveCfg = Release|Any CPU
		{5EB9E888-E357-417E-9F39-DDEC195CE47F}.Release|AnyCPU.Build.0 = Release|Any CPU
		{5EB9E888-E357-417E-9F39-DDEC195CE47F}.XAIntegrationDebug|AnyCPU.ActiveCfg = Debug|Any CPU
		{5EB9E888-E357-417E-9F39-DDEC195CE47F}.XAIntegrationDebug|AnyCPU.Build.0 = Debug|Any CPU
		{5EB9E888-E357-417E-9F39-DDEC195CE47F}.XAIntegrationRelease|AnyCPU.ActiveCfg = Debug|Any CPU
		{5EB9E888-E357-417E-9F39-DDEC195CE47F}.XAIntegrationRelease|AnyCPU.Build.0 = Debug|Any CPU
		{900A0F71-BAAD-417A-8D1A-8D330297CDD0}.Debug|AnyCPU.ActiveCfg = Debug|Any CPU
		{900A0F71-BAAD-417A-8D1A-8D330297CDD0}.Debug|AnyCPU.Build.0 = Debug|Any CPU
		{900A0F71-BAAD-417A-8D1A-8D330297CDD0}.Release|AnyCPU.ActiveCfg = Release|Any CPU
		{900A0F71-BAAD-417A-8D1A-8D330297CDD0}.Release|AnyCPU.Build.0 = Release|Any CPU
		{900A0F71-BAAD-417A-8D1A-8D330297CDD0}.XAIntegrationDebug|Any CPU.ActiveCfg = Debug|Any CPU
		{900A0F71-BAAD-417A-8D1A-8D330297CDD0}.XAIntegrationDebug|Any CPU.Build.0 = Debug|Any CPU
		{900A0F71-BAAD-417A-8D1A-8D330297CDD0}.XAIntegrationRelease|Any CPU.ActiveCfg = Debug|Any CPU
		{900A0F71-BAAD-417A-8D1A-8D330297CDD0}.XAIntegrationRelease|Any CPU.Build.0 = Debug|Any CPU
		{E248B2CA-303B-4645-ADDC-9D4459D550FD}.Debug|AnyCPU.ActiveCfg = Debug|Any CPU
		{E248B2CA-303B-4645-ADDC-9D4459D550FD}.Debug|AnyCPU.Build.0 = Debug|Any CPU
		{E248B2CA-303B-4645-ADDC-9D4459D550FD}.Release|AnyCPU.ActiveCfg = Release|Any CPU
		{E248B2CA-303B-4645-ADDC-9D4459D550FD}.Release|AnyCPU.Build.0 = Release|Any CPU
		{E248B2CA-303B-4645-ADDC-9D4459D550FD}.XAIntegrationDebug|Any CPU.ActiveCfg = Debug|Any CPU
		{E248B2CA-303B-4645-ADDC-9D4459D550FD}.XAIntegrationDebug|Any CPU.Build.0 = Debug|Any CPU
		{E248B2CA-303B-4645-ADDC-9D4459D550FD}.XAIntegrationRelease|Any CPU.ActiveCfg = Debug|Any CPU
		{E248B2CA-303B-4645-ADDC-9D4459D550FD}.XAIntegrationRelease|Any CPU.Build.0 = Debug|Any CPU
		{C9FF2E4D-D927-479E-838B-647C16763F64}.Debug|AnyCPU.ActiveCfg = Debug|Any CPU
		{C9FF2E4D-D927-479E-838B-647C16763F64}.Debug|AnyCPU.Build.0 = Debug|Any CPU
		{C9FF2E4D-D927-479E-838B-647C16763F64}.Release|AnyCPU.ActiveCfg = Release|Any CPU
		{C9FF2E4D-D927-479E-838B-647C16763F64}.Release|AnyCPU.Build.0 = Release|Any CPU
		{C9FF2E4D-D927-479E-838B-647C16763F64}.XAIntegrationDebug|AnyCPU.ActiveCfg = Debug|Any CPU
		{C9FF2E4D-D927-479E-838B-647C16763F64}.XAIntegrationDebug|AnyCPU.Build.0 = Debug|Any CPU
		{C9FF2E4D-D927-479E-838B-647C16763F64}.XAIntegrationRelease|AnyCPU.ActiveCfg = Debug|Any CPU
		{C9FF2E4D-D927-479E-838B-647C16763F64}.XAIntegrationRelease|AnyCPU.Build.0 = Debug|Any CPU
		{0DE278D6-000F-4001-BB98-187C0AF58A61}.Debug|AnyCPU.ActiveCfg = Debug|Any CPU
		{0DE278D6-000F-4001-BB98-187C0AF58A61}.Debug|AnyCPU.Build.0 = Debug|Any CPU
		{0DE278D6-000F-4001-BB98-187C0AF58A61}.Release|AnyCPU.ActiveCfg = Release|Any CPU
		{0DE278D6-000F-4001-BB98-187C0AF58A61}.Release|AnyCPU.Build.0 = Release|Any CPU
		{0DE278D6-000F-4001-BB98-187C0AF58A61}.XAIntegrationDebug|AnyCPU.ActiveCfg = Debug|Any CPU
		{0DE278D6-000F-4001-BB98-187C0AF58A61}.XAIntegrationDebug|AnyCPU.Build.0 = Debug|Any CPU
		{0DE278D6-000F-4001-BB98-187C0AF58A61}.XAIntegrationRelease|AnyCPU.ActiveCfg = Release|Any CPU
		{0DE278D6-000F-4001-BB98-187C0AF58A61}.XAIntegrationRelease|AnyCPU.Build.0 = Release|Any CPU
		{1640725C-4DB8-4D8D-BC96-74E688A06EEF}.Debug|AnyCPU.ActiveCfg = Debug|Any CPU
		{1640725C-4DB8-4D8D-BC96-74E688A06EEF}.Debug|AnyCPU.Build.0 = Debug|Any CPU
		{1640725C-4DB8-4D8D-BC96-74E688A06EEF}.Release|AnyCPU.ActiveCfg = Release|Any CPU
		{1640725C-4DB8-4D8D-BC96-74E688A06EEF}.Release|AnyCPU.Build.0 = Release|Any CPU
		{1640725C-4DB8-4D8D-BC96-74E688A06EEF}.XAIntegrationDebug|AnyCPU.ActiveCfg = Debug|Any CPU
		{1640725C-4DB8-4D8D-BC96-74E688A06EEF}.XAIntegrationDebug|AnyCPU.Build.0 = Debug|Any CPU
		{1640725C-4DB8-4D8D-BC96-74E688A06EEF}.XAIntegrationRelease|AnyCPU.ActiveCfg = Release|Any CPU
		{1640725C-4DB8-4D8D-BC96-74E688A06EEF}.XAIntegrationRelease|AnyCPU.Build.0 = Release|Any CPU
		{7CE69551-BD73-4726-ACAA-AAF89C84BAF8}.Debug|AnyCPU.ActiveCfg = Debug|Any CPU
		{7CE69551-BD73-4726-ACAA-AAF89C84BAF8}.Debug|AnyCPU.Build.0 = Debug|Any CPU
		{7CE69551-BD73-4726-ACAA-AAF89C84BAF8}.Release|AnyCPU.ActiveCfg = Release|Any CPU
		{7CE69551-BD73-4726-ACAA-AAF89C84BAF8}.Release|AnyCPU.Build.0 = Release|Any CPU
		{7CE69551-BD73-4726-ACAA-AAF89C84BAF8}.XAIntegrationDebug|AnyCPU.ActiveCfg = Debug|Any CPU
		{7CE69551-BD73-4726-ACAA-AAF89C84BAF8}.XAIntegrationDebug|AnyCPU.Build.0 = Debug|Any CPU
		{7CE69551-BD73-4726-ACAA-AAF89C84BAF8}.XAIntegrationRelease|AnyCPU.ActiveCfg = Debug|Any CPU
		{7CE69551-BD73-4726-ACAA-AAF89C84BAF8}.XAIntegrationRelease|AnyCPU.Build.0 = Debug|Any CPU
		{4B9D96BB-95AB-44E8-9F87-13B12C8BCED1}.Debug|AnyCPU.ActiveCfg = Debug|Any CPU
		{4B9D96BB-95AB-44E8-9F87-13B12C8BCED1}.Debug|AnyCPU.Build.0 = Debug|Any CPU
		{4B9D96BB-95AB-44E8-9F87-13B12C8BCED1}.Release|AnyCPU.ActiveCfg = Release|Any CPU
		{4B9D96BB-95AB-44E8-9F87-13B12C8BCED1}.Release|AnyCPU.Build.0 = Release|Any CPU
		{4B9D96BB-95AB-44E8-9F87-13B12C8BCED1}.XAIntegrationDebug|AnyCPU.ActiveCfg = Debug|Any CPU
		{4B9D96BB-95AB-44E8-9F87-13B12C8BCED1}.XAIntegrationDebug|Any CPU.ActiveCfg = Debug|Any CPU
		{4B9D96BB-95AB-44E8-9F87-13B12C8BCED1}.XAIntegrationRelease|AnyCPU.ActiveCfg = Release|Any CPU
		{4B9D96BB-95AB-44E8-9F87-13B12C8BCED1}.XAIntegrationRelease|Any CPU.ActiveCfg = Release|Any CPU
	EndGlobalSection
	GlobalSection(NestedProjects) = preSolution
		{8FF78EB6-6FC8-46A7-8A15-EBBA9045C5FA} = {E351F97D-EA4F-4E7F-AAA0-8EBB1F2A4A62}
		{E8492EFB-D14A-4F32-AA28-88848322ECEA} = {E351F97D-EA4F-4E7F-AAA0-8EBB1F2A4A62}
		{C03E6CF1-7460-4CDC-A4AB-292BBC0F61F2} = {E351F97D-EA4F-4E7F-AAA0-8EBB1F2A4A62}
		{AFB8F6D1-6EA9-42C3-950B-98F34C669AD2} = {E351F97D-EA4F-4E7F-AAA0-8EBB1F2A4A62}
		{3FC3E78B-F7D4-42EA-BBE8-4535DF42BFF8} = {E351F97D-EA4F-4E7F-AAA0-8EBB1F2A4A62}
		{94BD81F7-B06F-4295-9636-F8A3B6BDC762} = {04E3E11E-B47D-4599-8AFC-50515A95E715}
		{D14A1B5C-2060-4930-92BE-F7190256C735} = {04E3E11E-B47D-4599-8AFC-50515A95E715}
		{FE789F04-5E95-42C5-AEF1-E33F8DF06B3F} = {04E3E11E-B47D-4599-8AFC-50515A95E715}
		{74598F5C-B8CC-4CE6-8EE2-AB9CA1400076} = {04E3E11E-B47D-4599-8AFC-50515A95E715}
		{E706B6F2-5562-4765-8F07-8CF84A797B30} = {04E3E11E-B47D-4599-8AFC-50515A95E715}
		{66CF299A-CE95-4131-BCD8-DB66E30C4BF7} = {04E3E11E-B47D-4599-8AFC-50515A95E715}
		{B8105878-D423-4159-A3E7-028298281EC6} = {04E3E11E-B47D-4599-8AFC-50515A95E715}
		{D27AD8F7-7710-40BE-B03B-55EFBEC13C44} = {04E3E11E-B47D-4599-8AFC-50515A95E715}
		{3F1F2F50-AF1A-4A5A-BEDB-193372F068D7} = {04E3E11E-B47D-4599-8AFC-50515A95E715}
		{91713046-C358-4647-B162-ED4E1442F3D8} = {04E3E11E-B47D-4599-8AFC-50515A95E715}
		{B17475BC-45A2-47A3-B8FC-62F3A0959EE0} = {04E3E11E-B47D-4599-8AFC-50515A95E715}
		{52C7D9B6-E8C8-47D0-9471-652D278D7D77} = {864062D3-A415-4A6F-9324-5820237BA058}
		{D18FCF91-8876-48A0-A693-2DC1E7D3D80A} = {864062D3-A415-4A6F-9324-5820237BA058}
		{1268EADF-8344-431C-81F6-FCB7CBC99F49} = {864062D3-A415-4A6F-9324-5820237BA058}
		{07BC4495-1267-4B78-9EA6-B76FEEA2A64A} = {864062D3-A415-4A6F-9324-5820237BA058}
		{64CC4E44-CE3A-4319-BF3F-6CF8BD513870} = {864062D3-A415-4A6F-9324-5820237BA058}
		{D48EE8D0-0A0A-4493-AEF5-DAF5F8CF86AD} = {864062D3-A415-4A6F-9324-5820237BA058}
		{53EE4C57-1C03-405A-8243-8DA539546C88} = {04E3E11E-B47D-4599-8AFC-50515A95E715}
		{8A6CB07C-E493-4A4F-AB94-038645A27118} = {864062D3-A415-4A6F-9324-5820237BA058}
		{4D603AA3-3BFD-43C8-8050-0CD6C2601126} = {04E3E11E-B47D-4599-8AFC-50515A95E715}
		{2DD1EE75-6D8D-4653-A800-0A24367F7F38} = {CAB438D8-B0F5-4AF0-BEBD-9E2ADBD7B483}
		{53E4ABF0-1085-45F9-B964-DCAE4B819998} = {CAB438D8-B0F5-4AF0-BEBD-9E2ADBD7B483}
		{2868FC32-A4E7-4008-87C8-2C7879CACB58} = {04E3E11E-B47D-4599-8AFC-50515A95E715}
		{2CF172E5-BDAE-4ABA-8BC8-08040ED3E77A} = {E351F97D-EA4F-4E7F-AAA0-8EBB1F2A4A62}
		{1A4B041A-842F-40B3-A50D-49E01D30BD18} = {04E3E11E-B47D-4599-8AFC-50515A95E715}
		{38C762AB-8FD1-44DE-9855-26AAE7129DC3} = {864062D3-A415-4A6F-9324-5820237BA058}
		{7387E151-48E3-4885-B2CA-A74434A34045} = {864062D3-A415-4A6F-9324-5820237BA058}
		{26781D3A-FF20-4F55-9824-C8A06AA9E484} = {04E3E11E-B47D-4599-8AFC-50515A95E715}
		{B8F799C5-D7CE-4E09-9CE6-BAA4173E7EC8} = {04E3E11E-B47D-4599-8AFC-50515A95E715}
		{5EB9E888-E357-417E-9F39-DDEC195CE47F} = {04E3E11E-B47D-4599-8AFC-50515A95E715}
		{900A0F71-BAAD-417A-8D1A-8D330297CDD0} = {E351F97D-EA4F-4E7F-AAA0-8EBB1F2A4A62}
		{E248B2CA-303B-4645-ADDC-9D4459D550FD} = {04E3E11E-B47D-4599-8AFC-50515A95E715}
		{C9FF2E4D-D927-479E-838B-647C16763F64} = {04E3E11E-B47D-4599-8AFC-50515A95E715}
		{0DE278D6-000F-4001-BB98-187C0AF58A61} = {E351F97D-EA4F-4E7F-AAA0-8EBB1F2A4A62}
		{1640725C-4DB8-4D8D-BC96-74E688A06EEF} = {E351F97D-EA4F-4E7F-AAA0-8EBB1F2A4A62}
		{7CE69551-BD73-4726-ACAA-AAF89C84BAF8} = {E351F97D-EA4F-4E7F-AAA0-8EBB1F2A4A62}
		{4B9D96BB-95AB-44E8-9F87-13B12C8BCED1} = {E351F97D-EA4F-4E7F-AAA0-8EBB1F2A4A62}
	EndGlobalSection
	GlobalSection(MonoDevelopProperties) = preSolution
		Policies = $0
		$0.DotNetNamingPolicy = $1
		$1.DirectoryNamespaceAssociation = None
		$1.ResourceNamePolicy = FileFormatDefault
	EndGlobalSection
EndGlobal
