
Microsoft Visual Studio Solution File, Format Version 12.00
# Visual Studio Version 16
VisualStudioVersion = 16.0.29411.108
MinimumVisualStudioVersion = 10.0.40219.1
Project("{2150E333-8FDC-42A3-9474-1A3956D46DE8}") = "Core", "Core", "{EFBC4DC0-DBFF-4DAA-B0B8-6D0CB02A25F5}"
EndProject
Project("{2150E333-8FDC-42A3-9474-1A3956D46DE8}") = "CodeGen-Binding", "CodeGen-Binding", "{2EFFECF5-1CCA-4005-AE62-1D6F01C88DF4}"
EndProject
Project("{FAE04EC0-301F-11D3-BF4B-00C04F79EFBC}") = "Xamarin.Android.McwGen-Tests", "tests\CodeGen-Binding\Xamarin.Android.McwGen-Tests\Xamarin.Android.McwGen-Tests.csproj", "{EF798EB3-D639-4E09-9DB0-233E67F727B0}"
EndProject
Project("{FAE04EC0-301F-11D3-BF4B-00C04F79EFBC}") = "Xamarin.Android.LibraryProjectZip-LibBinding", "tests\CodeGen-Binding\Xamarin.Android.LibraryProjectZip-LibBinding\Xamarin.Android.LibraryProjectZip-LibBinding.csproj", "{9553ED9D-92EA-411B-ADFF-21C5608CCD16}"
EndProject
Project("{FAE04EC0-301F-11D3-BF4B-00C04F79EFBC}") = "Xamarin.Android.FixJavaAbstractMethod-APIv1Binding", "tests\CodeGen-Binding\Xamarin.Android.FixJavaAbstractMethod-APIv1Binding\Xamarin.Android.FixJavaAbstractMethod-APIv1Binding.csproj", "{91105023-9421-4E56-A87B-64BC62525D55}"
EndProject
Project("{FAE04EC0-301F-11D3-BF4B-00C04F79EFBC}") = "Xamarin.Android.FixJavaAbstractMethod-APIv2Binding", "tests\CodeGen-Binding\Xamarin.Android.FixJavaAbstractMethod-APIv2Binding\Xamarin.Android.FixJavaAbstractMethod-APIv2Binding.csproj", "{7B9D9F32-973F-49CF-A8F8-05BDFC75556C}"
EndProject
Project("{FAE04EC0-301F-11D3-BF4B-00C04F79EFBC}") = "Xamarin.Android.FixJavaAbstractMethod-Library", "tests\CodeGen-Binding\Xamarin.Android.FixJavaAbstractMethod-Library\Xamarin.Android.FixJavaAbstractMethod-Library.csproj", "{B7476528-C166-40BF-931F-EAEB02247879}"
EndProject
Project("{FAE04EC0-301F-11D3-BF4B-00C04F79EFBC}") = "Xamarin.Android.JcwGen-Tests", "tests\CodeGen-Binding\Xamarin.Android.JcwGen-Tests\Xamarin.Android.JcwGen-Tests.csproj", "{9479B71F-19FE-48F9-AB3F-AE764D76038A}"
EndProject
Project("{9A19103F-16F7-4668-BE54-9A1E7A4F7556}") = "Xamarin.Forms.Performance.Integration", "tests\Xamarin.Forms-Performance-Integration\Xamarin.Forms.Performance.Integration.csproj", "{195BE9C2-1F91-40DC-BD6D-DE860BF083FB}"
EndProject
Project("{2150E333-8FDC-42A3-9474-1A3956D46DE8}") = "CodeBehind", "CodeBehind", "{9B63992C-2201-4BB0-BD00-D637B481A995}"
EndProject
Project("{9A19103F-16F7-4668-BE54-9A1E7A4F7556}") = "Xamarin.ProjectTools", "src\Xamarin.Android.Build.Tasks\Tests\Xamarin.ProjectTools\Xamarin.ProjectTools.csproj", "{2DD1EE75-6D8D-4653-A800-0A24367F7F38}"
EndProject
Project("{9A19103F-16F7-4668-BE54-9A1E7A4F7556}") = "Java.Interop", "external\Java.Interop\src\Java.Interop\Java.Interop.csproj", "{94BD81F7-B06F-4295-9636-F8A3B6BDC762}"
EndProject
Project("{2150E333-8FDC-42A3-9474-1A3956D46DE8}") = "tests", "tests", "{0AB3BF05-4346-4AA6-1389-037BE0695223}"
EndProject
Project("{FAE04EC0-301F-11D3-BF4B-00C04F79EFBC}") = "StartupHook", "tests\StartupHook\StartupHook.csproj", "{3220BC41-7332-49A7-9286-5131477808EF}"
EndProject
Project("{2150E333-8FDC-42A3-9474-1A3956D46DE8}") = "samples", "samples", "{5D20AA90-6969-D8BD-9DCD-8634F4692FDA}"
EndProject
Project("{2150E333-8FDC-42A3-9474-1A3956D46DE8}") = "HelloWorld", "HelloWorld", "{2633B698-A9AF-DF75-F94C-9021C604CA0C}"
EndProject
Project("{2150E333-8FDC-42A3-9474-1A3956D46DE8}") = "HelloWorld.DotNet", "HelloWorld.DotNet", "{00F1FAFB-D484-5C99-D022-F523885E2C79}"
EndProject
Project("{FAE04EC0-301F-11D3-BF4B-00C04F79EFBC}") = "HelloWorld.DotNet", "samples\HelloWorld\HelloWorld\HelloWorld.DotNet.csproj", "{42E4D469-9EF9-4EF5-963C-26E2B8EBA764}"
EndProject
Project("{2150E333-8FDC-42A3-9474-1A3956D46DE8}") = "HelloLibrary", "HelloLibrary", "{812A42AA-CEFD-0CC9-C72F-A51A839857CF}"
EndProject
Project("{FAE04EC0-301F-11D3-BF4B-00C04F79EFBC}") = "HelloLibrary.DotNet", "samples\HelloWorld\HelloLibrary\HelloLibrary.DotNet.csproj", "{DDEE988E-4DB5-4142-8FB7-ABA710383443}"
EndProject
Project("{2150E333-8FDC-42A3-9474-1A3956D46DE8}") = "Mono.Android-Tests", "Mono.Android-Tests", "{1499463E-D19F-820D-85F7-F11C7A9BA00B}"
EndProject
Project("{2150E333-8FDC-42A3-9474-1A3956D46DE8}") = "Mono.Android-Test.Library", "Mono.Android-Test.Library", "{6C8A5080-5ECA-E9AA-017D-0EE1DFF4A187}"
EndProject
Project("{FAE04EC0-301F-11D3-BF4B-00C04F79EFBC}") = "Mono.Android-Test.Library.NET", "tests\Mono.Android-Tests\Mono.Android-Test.Library\Mono.Android-Test.Library.NET.csproj", "{45CDA4A2-ED2E-4DFC-B317-4D66D7FAD200}"
EndProject
Project("{2150E333-8FDC-42A3-9474-1A3956D46DE8}") = "Java.Interop-Tests", "Java.Interop-Tests", "{1BA4C691-ACB6-D031-D2EB-7CA277E85BEB}"
EndProject
Project("{FAE04EC0-301F-11D3-BF4B-00C04F79EFBC}") = "Java.Interop-Tests.NET", "tests\Mono.Android-Tests\Java.Interop-Tests\Java.Interop-Tests.NET.csproj", "{83E25890-BFC5-494A-BFF7-C3021C4272AF}"
EndProject
Project("{2150E333-8FDC-42A3-9474-1A3956D46DE8}") = "Mono.Android.NET-Tests", "Mono.Android.NET-Tests", "{5569B99A-9837-0E0F-C6F1-1926591449D0}"
EndProject
Project("{FAE04EC0-301F-11D3-BF4B-00C04F79EFBC}") = "Mono.Android.NET-Tests", "tests\Mono.Android-Tests\Mono.Android-Tests\Mono.Android.NET-Tests.csproj", "{B2DA401C-F837-4B48-A4A5-A922C2993153}"
EndProject
Project("{2150E333-8FDC-42A3-9474-1A3956D46DE8}") = "TestRunner.Core", "TestRunner.Core", "{0EAFBB29-6531-FC4E-66AB-EBFD77419ADE}"
EndProject
Project("{FAE04EC0-301F-11D3-BF4B-00C04F79EFBC}") = "TestRunner.Core.NET", "tests\TestRunner.Core\TestRunner.Core.NET.csproj", "{C21BE43B-EA20-4E4C-A997-76FCD907AD37}"
EndProject
Global
	GlobalSection(SolutionConfigurationPlatforms) = preSolution
		Debug|Any CPU = Debug|Any CPU
		Debug|x64 = Debug|x64
		Debug|x86 = Debug|x86
		Release|Any CPU = Release|Any CPU
		Release|x64 = Release|x64
		Release|x86 = Release|x86
	EndGlobalSection
	GlobalSection(ProjectConfigurationPlatforms) = postSolution
		{EF798EB3-D639-4E09-9DB0-233E67F727B0}.Debug|Any CPU.ActiveCfg = Debug|Any CPU
		{EF798EB3-D639-4E09-9DB0-233E67F727B0}.Debug|Any CPU.Build.0 = Debug|Any CPU
		{EF798EB3-D639-4E09-9DB0-233E67F727B0}.Debug|x64.ActiveCfg = Debug|Any CPU
		{EF798EB3-D639-4E09-9DB0-233E67F727B0}.Debug|x64.Build.0 = Debug|Any CPU
		{EF798EB3-D639-4E09-9DB0-233E67F727B0}.Debug|x86.ActiveCfg = Debug|Any CPU
		{EF798EB3-D639-4E09-9DB0-233E67F727B0}.Debug|x86.Build.0 = Debug|Any CPU
		{EF798EB3-D639-4E09-9DB0-233E67F727B0}.Release|Any CPU.ActiveCfg = Release|Any CPU
		{EF798EB3-D639-4E09-9DB0-233E67F727B0}.Release|Any CPU.Build.0 = Release|Any CPU
		{EF798EB3-D639-4E09-9DB0-233E67F727B0}.Release|x64.ActiveCfg = Release|Any CPU
		{EF798EB3-D639-4E09-9DB0-233E67F727B0}.Release|x64.Build.0 = Release|Any CPU
		{EF798EB3-D639-4E09-9DB0-233E67F727B0}.Release|x86.ActiveCfg = Release|Any CPU
		{EF798EB3-D639-4E09-9DB0-233E67F727B0}.Release|x86.Build.0 = Release|Any CPU
		{9553ED9D-92EA-411B-ADFF-21C5608CCD16}.Debug|Any CPU.ActiveCfg = Debug|Any CPU
		{9553ED9D-92EA-411B-ADFF-21C5608CCD16}.Debug|Any CPU.Build.0 = Debug|Any CPU
		{9553ED9D-92EA-411B-ADFF-21C5608CCD16}.Debug|x64.ActiveCfg = Debug|Any CPU
		{9553ED9D-92EA-411B-ADFF-21C5608CCD16}.Debug|x64.Build.0 = Debug|Any CPU
		{9553ED9D-92EA-411B-ADFF-21C5608CCD16}.Debug|x86.ActiveCfg = Debug|Any CPU
		{9553ED9D-92EA-411B-ADFF-21C5608CCD16}.Debug|x86.Build.0 = Debug|Any CPU
		{9553ED9D-92EA-411B-ADFF-21C5608CCD16}.Release|Any CPU.ActiveCfg = Release|Any CPU
		{9553ED9D-92EA-411B-ADFF-21C5608CCD16}.Release|Any CPU.Build.0 = Release|Any CPU
		{9553ED9D-92EA-411B-ADFF-21C5608CCD16}.Release|x64.ActiveCfg = Release|Any CPU
		{9553ED9D-92EA-411B-ADFF-21C5608CCD16}.Release|x64.Build.0 = Release|Any CPU
		{9553ED9D-92EA-411B-ADFF-21C5608CCD16}.Release|x86.ActiveCfg = Release|Any CPU
		{9553ED9D-92EA-411B-ADFF-21C5608CCD16}.Release|x86.Build.0 = Release|Any CPU
		{91105023-9421-4E56-A87B-64BC62525D55}.Debug|Any CPU.ActiveCfg = Debug|Any CPU
		{91105023-9421-4E56-A87B-64BC62525D55}.Debug|Any CPU.Build.0 = Debug|Any CPU
		{91105023-9421-4E56-A87B-64BC62525D55}.Debug|x64.ActiveCfg = Debug|Any CPU
		{91105023-9421-4E56-A87B-64BC62525D55}.Debug|x64.Build.0 = Debug|Any CPU
		{91105023-9421-4E56-A87B-64BC62525D55}.Debug|x86.ActiveCfg = Debug|Any CPU
		{91105023-9421-4E56-A87B-64BC62525D55}.Debug|x86.Build.0 = Debug|Any CPU
		{91105023-9421-4E56-A87B-64BC62525D55}.Release|Any CPU.ActiveCfg = Release|Any CPU
		{91105023-9421-4E56-A87B-64BC62525D55}.Release|Any CPU.Build.0 = Release|Any CPU
		{91105023-9421-4E56-A87B-64BC62525D55}.Release|x64.ActiveCfg = Release|Any CPU
		{91105023-9421-4E56-A87B-64BC62525D55}.Release|x64.Build.0 = Release|Any CPU
		{91105023-9421-4E56-A87B-64BC62525D55}.Release|x86.ActiveCfg = Release|Any CPU
		{91105023-9421-4E56-A87B-64BC62525D55}.Release|x86.Build.0 = Release|Any CPU
		{7B9D9F32-973F-49CF-A8F8-05BDFC75556C}.Debug|Any CPU.ActiveCfg = Debug|Any CPU
		{7B9D9F32-973F-49CF-A8F8-05BDFC75556C}.Debug|Any CPU.Build.0 = Debug|Any CPU
		{7B9D9F32-973F-49CF-A8F8-05BDFC75556C}.Debug|x64.ActiveCfg = Debug|Any CPU
		{7B9D9F32-973F-49CF-A8F8-05BDFC75556C}.Debug|x64.Build.0 = Debug|Any CPU
		{7B9D9F32-973F-49CF-A8F8-05BDFC75556C}.Debug|x86.ActiveCfg = Debug|Any CPU
		{7B9D9F32-973F-49CF-A8F8-05BDFC75556C}.Debug|x86.Build.0 = Debug|Any CPU
		{7B9D9F32-973F-49CF-A8F8-05BDFC75556C}.Release|Any CPU.ActiveCfg = Release|Any CPU
		{7B9D9F32-973F-49CF-A8F8-05BDFC75556C}.Release|Any CPU.Build.0 = Release|Any CPU
		{7B9D9F32-973F-49CF-A8F8-05BDFC75556C}.Release|x64.ActiveCfg = Release|Any CPU
		{7B9D9F32-973F-49CF-A8F8-05BDFC75556C}.Release|x64.Build.0 = Release|Any CPU
		{7B9D9F32-973F-49CF-A8F8-05BDFC75556C}.Release|x86.ActiveCfg = Release|Any CPU
		{7B9D9F32-973F-49CF-A8F8-05BDFC75556C}.Release|x86.Build.0 = Release|Any CPU
		{B7476528-C166-40BF-931F-EAEB02247879}.Debug|Any CPU.ActiveCfg = Debug|Any CPU
		{B7476528-C166-40BF-931F-EAEB02247879}.Debug|Any CPU.Build.0 = Debug|Any CPU
		{B7476528-C166-40BF-931F-EAEB02247879}.Debug|x64.ActiveCfg = Debug|Any CPU
		{B7476528-C166-40BF-931F-EAEB02247879}.Debug|x64.Build.0 = Debug|Any CPU
		{B7476528-C166-40BF-931F-EAEB02247879}.Debug|x86.ActiveCfg = Debug|Any CPU
		{B7476528-C166-40BF-931F-EAEB02247879}.Debug|x86.Build.0 = Debug|Any CPU
		{B7476528-C166-40BF-931F-EAEB02247879}.Release|Any CPU.ActiveCfg = Release|Any CPU
		{B7476528-C166-40BF-931F-EAEB02247879}.Release|Any CPU.Build.0 = Release|Any CPU
		{B7476528-C166-40BF-931F-EAEB02247879}.Release|x64.ActiveCfg = Release|Any CPU
		{B7476528-C166-40BF-931F-EAEB02247879}.Release|x64.Build.0 = Release|Any CPU
		{B7476528-C166-40BF-931F-EAEB02247879}.Release|x86.ActiveCfg = Release|Any CPU
		{B7476528-C166-40BF-931F-EAEB02247879}.Release|x86.Build.0 = Release|Any CPU
		{9479B71F-19FE-48F9-AB3F-AE764D76038A}.Debug|Any CPU.ActiveCfg = Debug|Any CPU
		{9479B71F-19FE-48F9-AB3F-AE764D76038A}.Debug|Any CPU.Build.0 = Debug|Any CPU
		{9479B71F-19FE-48F9-AB3F-AE764D76038A}.Debug|x64.ActiveCfg = Debug|Any CPU
		{9479B71F-19FE-48F9-AB3F-AE764D76038A}.Debug|x64.Build.0 = Debug|Any CPU
		{9479B71F-19FE-48F9-AB3F-AE764D76038A}.Debug|x86.ActiveCfg = Debug|Any CPU
		{9479B71F-19FE-48F9-AB3F-AE764D76038A}.Debug|x86.Build.0 = Debug|Any CPU
		{9479B71F-19FE-48F9-AB3F-AE764D76038A}.Release|Any CPU.ActiveCfg = Release|Any CPU
		{9479B71F-19FE-48F9-AB3F-AE764D76038A}.Release|Any CPU.Build.0 = Release|Any CPU
		{9479B71F-19FE-48F9-AB3F-AE764D76038A}.Release|x64.ActiveCfg = Release|Any CPU
		{9479B71F-19FE-48F9-AB3F-AE764D76038A}.Release|x64.Build.0 = Release|Any CPU
		{9479B71F-19FE-48F9-AB3F-AE764D76038A}.Release|x86.ActiveCfg = Release|Any CPU
		{9479B71F-19FE-48F9-AB3F-AE764D76038A}.Release|x86.Build.0 = Release|Any CPU
		{195BE9C2-1F91-40DC-BD6D-DE860BF083FB}.Debug|Any CPU.ActiveCfg = Debug|Any CPU
		{195BE9C2-1F91-40DC-BD6D-DE860BF083FB}.Debug|Any CPU.Build.0 = Debug|Any CPU
		{195BE9C2-1F91-40DC-BD6D-DE860BF083FB}.Debug|x64.ActiveCfg = Debug|Any CPU
		{195BE9C2-1F91-40DC-BD6D-DE860BF083FB}.Debug|x64.Build.0 = Debug|Any CPU
		{195BE9C2-1F91-40DC-BD6D-DE860BF083FB}.Debug|x86.ActiveCfg = Debug|Any CPU
		{195BE9C2-1F91-40DC-BD6D-DE860BF083FB}.Debug|x86.Build.0 = Debug|Any CPU
		{195BE9C2-1F91-40DC-BD6D-DE860BF083FB}.Release|Any CPU.ActiveCfg = Release|Any CPU
		{195BE9C2-1F91-40DC-BD6D-DE860BF083FB}.Release|Any CPU.Build.0 = Release|Any CPU
		{195BE9C2-1F91-40DC-BD6D-DE860BF083FB}.Release|x64.ActiveCfg = Release|Any CPU
		{195BE9C2-1F91-40DC-BD6D-DE860BF083FB}.Release|x64.Build.0 = Release|Any CPU
		{195BE9C2-1F91-40DC-BD6D-DE860BF083FB}.Release|x86.ActiveCfg = Release|Any CPU
		{195BE9C2-1F91-40DC-BD6D-DE860BF083FB}.Release|x86.Build.0 = Release|Any CPU
		{2DD1EE75-6D8D-4653-A800-0A24367F7F38}.Debug|Any CPU.ActiveCfg = Debug|Any CPU
		{2DD1EE75-6D8D-4653-A800-0A24367F7F38}.Debug|Any CPU.Build.0 = Debug|Any CPU
		{2DD1EE75-6D8D-4653-A800-0A24367F7F38}.Debug|x64.ActiveCfg = Debug|Any CPU
		{2DD1EE75-6D8D-4653-A800-0A24367F7F38}.Debug|x64.Build.0 = Debug|Any CPU
		{2DD1EE75-6D8D-4653-A800-0A24367F7F38}.Debug|x86.ActiveCfg = Debug|Any CPU
		{2DD1EE75-6D8D-4653-A800-0A24367F7F38}.Debug|x86.Build.0 = Debug|Any CPU
		{2DD1EE75-6D8D-4653-A800-0A24367F7F38}.Release|Any CPU.ActiveCfg = Release|Any CPU
		{2DD1EE75-6D8D-4653-A800-0A24367F7F38}.Release|Any CPU.Build.0 = Release|Any CPU
		{2DD1EE75-6D8D-4653-A800-0A24367F7F38}.Release|x64.ActiveCfg = Release|Any CPU
		{2DD1EE75-6D8D-4653-A800-0A24367F7F38}.Release|x64.Build.0 = Release|Any CPU
		{2DD1EE75-6D8D-4653-A800-0A24367F7F38}.Release|x86.ActiveCfg = Release|Any CPU
		{2DD1EE75-6D8D-4653-A800-0A24367F7F38}.Release|x86.Build.0 = Release|Any CPU
		{94BD81F7-B06F-4295-9636-F8A3B6BDC762}.Debug|Any CPU.ActiveCfg = Debug|Any CPU
		{94BD81F7-B06F-4295-9636-F8A3B6BDC762}.Debug|Any CPU.Build.0 = Debug|Any CPU
		{94BD81F7-B06F-4295-9636-F8A3B6BDC762}.Debug|x64.ActiveCfg = Debug|Any CPU
		{94BD81F7-B06F-4295-9636-F8A3B6BDC762}.Debug|x64.Build.0 = Debug|Any CPU
		{94BD81F7-B06F-4295-9636-F8A3B6BDC762}.Debug|x86.ActiveCfg = Debug|Any CPU
		{94BD81F7-B06F-4295-9636-F8A3B6BDC762}.Debug|x86.Build.0 = Debug|Any CPU
		{94BD81F7-B06F-4295-9636-F8A3B6BDC762}.Release|Any CPU.ActiveCfg = Release|Any CPU
		{94BD81F7-B06F-4295-9636-F8A3B6BDC762}.Release|Any CPU.Build.0 = Release|Any CPU
		{94BD81F7-B06F-4295-9636-F8A3B6BDC762}.Release|x64.ActiveCfg = Release|Any CPU
		{94BD81F7-B06F-4295-9636-F8A3B6BDC762}.Release|x64.Build.0 = Release|Any CPU
		{94BD81F7-B06F-4295-9636-F8A3B6BDC762}.Release|x86.ActiveCfg = Release|Any CPU
		{94BD81F7-B06F-4295-9636-F8A3B6BDC762}.Release|x86.Build.0 = Release|Any CPU
		{3220BC41-7332-49A7-9286-5131477808EF}.Debug|Any CPU.ActiveCfg = Debug|Any CPU
		{3220BC41-7332-49A7-9286-5131477808EF}.Debug|Any CPU.Build.0 = Debug|Any CPU
		{3220BC41-7332-49A7-9286-5131477808EF}.Debug|x64.ActiveCfg = Debug|Any CPU
		{3220BC41-7332-49A7-9286-5131477808EF}.Debug|x64.Build.0 = Debug|Any CPU
		{3220BC41-7332-49A7-9286-5131477808EF}.Debug|x86.ActiveCfg = Debug|Any CPU
		{3220BC41-7332-49A7-9286-5131477808EF}.Debug|x86.Build.0 = Debug|Any CPU
		{3220BC41-7332-49A7-9286-5131477808EF}.Release|Any CPU.ActiveCfg = Release|Any CPU
		{3220BC41-7332-49A7-9286-5131477808EF}.Release|Any CPU.Build.0 = Release|Any CPU
		{3220BC41-7332-49A7-9286-5131477808EF}.Release|x64.ActiveCfg = Release|Any CPU
		{3220BC41-7332-49A7-9286-5131477808EF}.Release|x64.Build.0 = Release|Any CPU
		{3220BC41-7332-49A7-9286-5131477808EF}.Release|x86.ActiveCfg = Release|Any CPU
		{3220BC41-7332-49A7-9286-5131477808EF}.Release|x86.Build.0 = Release|Any CPU
		{42E4D469-9EF9-4EF5-963C-26E2B8EBA764}.Debug|Any CPU.ActiveCfg = Debug|Any CPU
		{42E4D469-9EF9-4EF5-963C-26E2B8EBA764}.Debug|Any CPU.Build.0 = Debug|Any CPU
		{42E4D469-9EF9-4EF5-963C-26E2B8EBA764}.Debug|x64.ActiveCfg = Debug|Any CPU
		{42E4D469-9EF9-4EF5-963C-26E2B8EBA764}.Debug|x64.Build.0 = Debug|Any CPU
		{42E4D469-9EF9-4EF5-963C-26E2B8EBA764}.Debug|x86.ActiveCfg = Debug|Any CPU
		{42E4D469-9EF9-4EF5-963C-26E2B8EBA764}.Debug|x86.Build.0 = Debug|Any CPU
		{42E4D469-9EF9-4EF5-963C-26E2B8EBA764}.Release|Any CPU.ActiveCfg = Release|Any CPU
		{42E4D469-9EF9-4EF5-963C-26E2B8EBA764}.Release|Any CPU.Build.0 = Release|Any CPU
		{42E4D469-9EF9-4EF5-963C-26E2B8EBA764}.Release|x64.ActiveCfg = Release|Any CPU
		{42E4D469-9EF9-4EF5-963C-26E2B8EBA764}.Release|x64.Build.0 = Release|Any CPU
		{42E4D469-9EF9-4EF5-963C-26E2B8EBA764}.Release|x86.ActiveCfg = Release|Any CPU
		{42E4D469-9EF9-4EF5-963C-26E2B8EBA764}.Release|x86.Build.0 = Release|Any CPU
		{DDEE988E-4DB5-4142-8FB7-ABA710383443}.Debug|Any CPU.ActiveCfg = Debug|Any CPU
		{DDEE988E-4DB5-4142-8FB7-ABA710383443}.Debug|Any CPU.Build.0 = Debug|Any CPU
		{DDEE988E-4DB5-4142-8FB7-ABA710383443}.Debug|x64.ActiveCfg = Debug|Any CPU
		{DDEE988E-4DB5-4142-8FB7-ABA710383443}.Debug|x64.Build.0 = Debug|Any CPU
		{DDEE988E-4DB5-4142-8FB7-ABA710383443}.Debug|x86.ActiveCfg = Debug|Any CPU
		{DDEE988E-4DB5-4142-8FB7-ABA710383443}.Debug|x86.Build.0 = Debug|Any CPU
		{DDEE988E-4DB5-4142-8FB7-ABA710383443}.Release|Any CPU.ActiveCfg = Release|Any CPU
		{DDEE988E-4DB5-4142-8FB7-ABA710383443}.Release|Any CPU.Build.0 = Release|Any CPU
		{DDEE988E-4DB5-4142-8FB7-ABA710383443}.Release|x64.ActiveCfg = Release|Any CPU
		{DDEE988E-4DB5-4142-8FB7-ABA710383443}.Release|x64.Build.0 = Release|Any CPU
		{DDEE988E-4DB5-4142-8FB7-ABA710383443}.Release|x86.ActiveCfg = Release|Any CPU
		{DDEE988E-4DB5-4142-8FB7-ABA710383443}.Release|x86.Build.0 = Release|Any CPU
		{45CDA4A2-ED2E-4DFC-B317-4D66D7FAD200}.Debug|Any CPU.ActiveCfg = Debug|Any CPU
		{45CDA4A2-ED2E-4DFC-B317-4D66D7FAD200}.Debug|Any CPU.Build.0 = Debug|Any CPU
		{45CDA4A2-ED2E-4DFC-B317-4D66D7FAD200}.Debug|x64.ActiveCfg = Debug|Any CPU
		{45CDA4A2-ED2E-4DFC-B317-4D66D7FAD200}.Debug|x64.Build.0 = Debug|Any CPU
		{45CDA4A2-ED2E-4DFC-B317-4D66D7FAD200}.Debug|x86.ActiveCfg = Debug|Any CPU
		{45CDA4A2-ED2E-4DFC-B317-4D66D7FAD200}.Debug|x86.Build.0 = Debug|Any CPU
		{45CDA4A2-ED2E-4DFC-B317-4D66D7FAD200}.Release|Any CPU.ActiveCfg = Release|Any CPU
		{45CDA4A2-ED2E-4DFC-B317-4D66D7FAD200}.Release|Any CPU.Build.0 = Release|Any CPU
		{45CDA4A2-ED2E-4DFC-B317-4D66D7FAD200}.Release|x64.ActiveCfg = Release|Any CPU
		{45CDA4A2-ED2E-4DFC-B317-4D66D7FAD200}.Release|x64.Build.0 = Release|Any CPU
		{45CDA4A2-ED2E-4DFC-B317-4D66D7FAD200}.Release|x86.ActiveCfg = Release|Any CPU
		{45CDA4A2-ED2E-4DFC-B317-4D66D7FAD200}.Release|x86.Build.0 = Release|Any CPU
		{83E25890-BFC5-494A-BFF7-C3021C4272AF}.Debug|Any CPU.ActiveCfg = Debug|Any CPU
		{83E25890-BFC5-494A-BFF7-C3021C4272AF}.Debug|Any CPU.Build.0 = Debug|Any CPU
		{83E25890-BFC5-494A-BFF7-C3021C4272AF}.Debug|x64.ActiveCfg = Debug|Any CPU
		{83E25890-BFC5-494A-BFF7-C3021C4272AF}.Debug|x64.Build.0 = Debug|Any CPU
		{83E25890-BFC5-494A-BFF7-C3021C4272AF}.Debug|x86.ActiveCfg = Debug|Any CPU
		{83E25890-BFC5-494A-BFF7-C3021C4272AF}.Debug|x86.Build.0 = Debug|Any CPU
		{83E25890-BFC5-494A-BFF7-C3021C4272AF}.Release|Any CPU.ActiveCfg = Release|Any CPU
		{83E25890-BFC5-494A-BFF7-C3021C4272AF}.Release|Any CPU.Build.0 = Release|Any CPU
		{83E25890-BFC5-494A-BFF7-C3021C4272AF}.Release|x64.ActiveCfg = Release|Any CPU
		{83E25890-BFC5-494A-BFF7-C3021C4272AF}.Release|x64.Build.0 = Release|Any CPU
		{83E25890-BFC5-494A-BFF7-C3021C4272AF}.Release|x86.ActiveCfg = Release|Any CPU
		{83E25890-BFC5-494A-BFF7-C3021C4272AF}.Release|x86.Build.0 = Release|Any CPU
		{B2DA401C-F837-4B48-A4A5-A922C2993153}.Debug|Any CPU.ActiveCfg = Debug|Any CPU
		{B2DA401C-F837-4B48-A4A5-A922C2993153}.Debug|Any CPU.Build.0 = Debug|Any CPU
		{B2DA401C-F837-4B48-A4A5-A922C2993153}.Debug|x64.ActiveCfg = Debug|Any CPU
		{B2DA401C-F837-4B48-A4A5-A922C2993153}.Debug|x64.Build.0 = Debug|Any CPU
		{B2DA401C-F837-4B48-A4A5-A922C2993153}.Debug|x86.ActiveCfg = Debug|Any CPU
		{B2DA401C-F837-4B48-A4A5-A922C2993153}.Debug|x86.Build.0 = Debug|Any CPU
		{B2DA401C-F837-4B48-A4A5-A922C2993153}.Release|Any CPU.ActiveCfg = Release|Any CPU
		{B2DA401C-F837-4B48-A4A5-A922C2993153}.Release|Any CPU.Build.0 = Release|Any CPU
		{B2DA401C-F837-4B48-A4A5-A922C2993153}.Release|x64.ActiveCfg = Release|Any CPU
		{B2DA401C-F837-4B48-A4A5-A922C2993153}.Release|x64.Build.0 = Release|Any CPU
		{B2DA401C-F837-4B48-A4A5-A922C2993153}.Release|x86.ActiveCfg = Release|Any CPU
		{B2DA401C-F837-4B48-A4A5-A922C2993153}.Release|x86.Build.0 = Release|Any CPU
		{C21BE43B-EA20-4E4C-A997-76FCD907AD37}.Debug|Any CPU.ActiveCfg = Debug|Any CPU
		{C21BE43B-EA20-4E4C-A997-76FCD907AD37}.Debug|Any CPU.Build.0 = Debug|Any CPU
		{C21BE43B-EA20-4E4C-A997-76FCD907AD37}.Debug|x64.ActiveCfg = Debug|Any CPU
		{C21BE43B-EA20-4E4C-A997-76FCD907AD37}.Debug|x64.Build.0 = Debug|Any CPU
		{C21BE43B-EA20-4E4C-A997-76FCD907AD37}.Debug|x86.ActiveCfg = Debug|Any CPU
		{C21BE43B-EA20-4E4C-A997-76FCD907AD37}.Debug|x86.Build.0 = Debug|Any CPU
		{C21BE43B-EA20-4E4C-A997-76FCD907AD37}.Release|Any CPU.ActiveCfg = Release|Any CPU
		{C21BE43B-EA20-4E4C-A997-76FCD907AD37}.Release|Any CPU.Build.0 = Release|Any CPU
		{C21BE43B-EA20-4E4C-A997-76FCD907AD37}.Release|x64.ActiveCfg = Release|Any CPU
		{C21BE43B-EA20-4E4C-A997-76FCD907AD37}.Release|x64.Build.0 = Release|Any CPU
		{C21BE43B-EA20-4E4C-A997-76FCD907AD37}.Release|x86.ActiveCfg = Release|Any CPU
		{C21BE43B-EA20-4E4C-A997-76FCD907AD37}.Release|x86.Build.0 = Release|Any CPU
	EndGlobalSection
	GlobalSection(SolutionProperties) = preSolution
		HideSolutionNode = FALSE
	EndGlobalSection
	GlobalSection(NestedProjects) = preSolution
		{EF798EB3-D639-4E09-9DB0-233E67F727B0} = {2EFFECF5-1CCA-4005-AE62-1D6F01C88DF4}
		{9553ED9D-92EA-411B-ADFF-21C5608CCD16} = {2EFFECF5-1CCA-4005-AE62-1D6F01C88DF4}
		{91105023-9421-4E56-A87B-64BC62525D55} = {2EFFECF5-1CCA-4005-AE62-1D6F01C88DF4}
		{7B9D9F32-973F-49CF-A8F8-05BDFC75556C} = {2EFFECF5-1CCA-4005-AE62-1D6F01C88DF4}
		{B7476528-C166-40BF-931F-EAEB02247879} = {2EFFECF5-1CCA-4005-AE62-1D6F01C88DF4}
		{9479B71F-19FE-48F9-AB3F-AE764D76038A} = {2EFFECF5-1CCA-4005-AE62-1D6F01C88DF4}
		{2DD1EE75-6D8D-4653-A800-0A24367F7F38} = {9B63992C-2201-4BB0-BD00-D637B481A995}
		{94BD81F7-B06F-4295-9636-F8A3B6BDC762} = {EFBC4DC0-DBFF-4DAA-B0B8-6D0CB02A25F5}
		{3220BC41-7332-49A7-9286-5131477808EF} = {0AB3BF05-4346-4AA6-1389-037BE0695223}
		{2633B698-A9AF-DF75-F94C-9021C604CA0C} = {5D20AA90-6969-D8BD-9DCD-8634F4692FDA}
		{00F1FAFB-D484-5C99-D022-F523885E2C79} = {2633B698-A9AF-DF75-F94C-9021C604CA0C}
		{42E4D469-9EF9-4EF5-963C-26E2B8EBA764} = {00F1FAFB-D484-5C99-D022-F523885E2C79}
		{812A42AA-CEFD-0CC9-C72F-A51A839857CF} = {2633B698-A9AF-DF75-F94C-9021C604CA0C}
		{DDEE988E-4DB5-4142-8FB7-ABA710383443} = {812A42AA-CEFD-0CC9-C72F-A51A839857CF}
		{1499463E-D19F-820D-85F7-F11C7A9BA00B} = {0AB3BF05-4346-4AA6-1389-037BE0695223}
		{6C8A5080-5ECA-E9AA-017D-0EE1DFF4A187} = {1499463E-D19F-820D-85F7-F11C7A9BA00B}
		{45CDA4A2-ED2E-4DFC-B317-4D66D7FAD200} = {6C8A5080-5ECA-E9AA-017D-0EE1DFF4A187}
		{1BA4C691-ACB6-D031-D2EB-7CA277E85BEB} = {1499463E-D19F-820D-85F7-F11C7A9BA00B}
		{83E25890-BFC5-494A-BFF7-C3021C4272AF} = {1BA4C691-ACB6-D031-D2EB-7CA277E85BEB}
		{5569B99A-9837-0E0F-C6F1-1926591449D0} = {1499463E-D19F-820D-85F7-F11C7A9BA00B}
		{B2DA401C-F837-4B48-A4A5-A922C2993153} = {5569B99A-9837-0E0F-C6F1-1926591449D0}
		{0EAFBB29-6531-FC4E-66AB-EBFD77419ADE} = {0AB3BF05-4346-4AA6-1389-037BE0695223}
		{C21BE43B-EA20-4E4C-A997-76FCD907AD37} = {0EAFBB29-6531-FC4E-66AB-EBFD77419ADE}
	EndGlobalSection
	GlobalSection(ExtensibilityGlobals) = postSolution
		SolutionGuid = {8643CD20-B195-4919-8135-27549488237E}
	EndGlobalSection
EndGlobal
