
Microsoft Visual Studio Solution File, Format Version 12.00
# Visual Studio 15
VisualStudioVersion = 15.0.27428.2037
MinimumVisualStudioVersion = 10.0.40219.1
Project("{2150E333-8FDC-42A3-9474-1A3956D46DE8}") = "Build-Tools", "Build-Tools", "{E351F97D-EA4F-4E7F-AAA0-8EBB1F2A4A62}"
EndProject
Project("{FAE04EC0-301F-11D3-BF4B-00C04F79EFBC}") = "android-toolchain", "build-tools\android-toolchain\android-toolchain.csproj", "{8FF78EB6-6FC8-46A7-8A15-EBBA9045C5FA}"
EndProject
Project("{FAE04EC0-301F-11D3-BF4B-00C04F79EFBC}") = "Xamarin.Android.Tools.BootstrapTasks", "build-tools\Xamarin.Android.Tools.BootstrapTasks\Xamarin.Android.Tools.BootstrapTasks.csproj", "{E8492EFB-D14A-4F32-AA28-88848322ECEA}"
EndProject
Project("{FAE04EC0-301F-11D3-BF4B-00C04F79EFBC}") = "mono-runtimes", "src\mono-runtimes\mono-runtimes.csproj", "{C03E6CF1-7460-4CDC-A4AB-292BBC0F61F2}"
EndProject
Project("{FAE04EC0-301F-11D3-BF4B-00C04F79EFBC}") = "libzip", "src\libzip\libzip.csproj", "{900A0F71-BAAD-417A-8D1A-8D330297CDD0}"
EndProject
Project("{FAE04EC0-301F-11D3-BF4B-00C04F79EFBC}") = "jnienv-gen", "build-tools\jnienv-gen\jnienv-gen.csproj", "{AFB8F6D1-6EA9-42C3-950B-98F34C669AD2}"
EndProject
Project("{FAE04EC0-301F-11D3-BF4B-00C04F79EFBC}") = "api-merge", "build-tools\api-merge\api-merge.csproj", "{3FC3E78B-F7D4-42EA-BBE8-4535DF42BFF8}"
EndProject
Project("{FAE04EC0-301F-11D3-BF4B-00C04F79EFBC}") = "remap-assembly-ref", "build-tools\remap-assembly-ref\remap-assembly-ref.csproj", "{C876DA71-8573-4CEF-9149-716D72455ED4}"
EndProject
Project("{2150E333-8FDC-42A3-9474-1A3956D46DE8}") = "Core", "Core", "{04E3E11E-B47D-4599-8AFC-50515A95E715}"
EndProject
Project("{9A19103F-16F7-4668-BE54-9A1E7A4F7556}") = "Java.Interop", "external\Java.Interop\src\Java.Interop\Java.Interop.csproj", "{94BD81F7-B06F-4295-9636-F8A3B6BDC762}"
EndProject
Project("{9A19103F-16F7-4668-BE54-9A1E7A4F7556}") = "Java.Interop.Export", "external\Java.Interop\src\Java.Interop.Export\Java.Interop.Export.csproj", "{B501D075-6183-4E1D-92C9-F7B5002475B1}"
EndProject
Project("{FAE04EC0-301F-11D3-BF4B-00C04F79EFBC}") = "generator", "external\Java.Interop\tools\generator\generator.csproj", "{D14A1B5C-2060-4930-92BE-F7190256C735}"
EndProject
Project("{D954291E-2A0B-460D-934E-DC6B0785DB48}") = "Java.Interop.NamingCustomAttributes", "external\Java.Interop\src\Java.Interop.NamingCustomAttributes\Java.Interop.NamingCustomAttributes.shproj", "{FE789F04-5E95-42C5-AEF1-E33F8DF06B3F}"
EndProject
Project("{D954291E-2A0B-460D-934E-DC6B0785DB48}") = "Xamarin.Android.NamingCustomAttributes", "src\Xamarin.Android.NamingCustomAttributes\Xamarin.Android.NamingCustomAttributes.shproj", "{74598F5C-B8CC-4CE6-8EE2-AB9CA1400076}"
EndProject
Project("{FAE04EC0-301F-11D3-BF4B-00C04F79EFBC}") = "Xamarin.Android.Tools.Aidl", "src\Xamarin.Android.Tools.Aidl\Xamarin.Android.Tools.Aidl.csproj", "{D27AD8F7-7710-40BE-B03B-55EFBEC13C44}"
EndProject
Project("{FAE04EC0-301F-11D3-BF4B-00C04F79EFBC}") = "Xamarin.Android.Build.Tasks", "src\Xamarin.Android.Build.Tasks\Xamarin.Android.Build.Tasks.csproj", "{3F1F2F50-AF1A-4A5A-BEDB-193372F068D7}"
EndProject
Project("{FAE04EC0-301F-11D3-BF4B-00C04F79EFBC}") = "Xamarin.Android.Tools.Bytecode", "external\Java.Interop\src\Xamarin.Android.Tools.Bytecode\Xamarin.Android.Tools.Bytecode.csproj", "{B17475BC-45A2-47A3-B8FC-62F3A0959EE0}"
EndProject
Project("{2150E333-8FDC-42A3-9474-1A3956D46DE8}") = "Tools", "Tools", "{864062D3-A415-4A6F-9324-5820237BA058}"
EndProject
Project("{FAE04EC0-301F-11D3-BF4B-00C04F79EFBC}") = "jcw-gen", "external\Java.Interop\tools\jcw-gen\jcw-gen.csproj", "{52C7D9B6-E8C8-47D0-9471-652D278D7D77}"
EndProject
Project("{FAE04EC0-301F-11D3-BF4B-00C04F79EFBC}") = "Xamarin.Android.Tools.JniMarshalMethodGenerator", "external\Java.Interop\tools\jnimarshalmethod-gen\Xamarin.Android.Tools.JniMarshalMethodGenerator.csproj", "{D1295A8F-4F42-461D-A046-564476C10002}"
EndProject
Project("{FAE04EC0-301F-11D3-BF4B-00C04F79EFBC}") = "Java.Interop.Tools.JavaCallableWrappers", "external\Java.Interop\src\Java.Interop.Tools.JavaCallableWrappers\Java.Interop.Tools.JavaCallableWrappers.csproj", "{D18FCF91-8876-48A0-A693-2DC1E7D3D80A}"
EndProject
Project("{FAE04EC0-301F-11D3-BF4B-00C04F79EFBC}") = "Xamarin.Android.Tools.ApiXmlAdjuster", "external\Java.Interop\src\Xamarin.Android.Tools.ApiXmlAdjuster\Xamarin.Android.Tools.ApiXmlAdjuster.csproj", "{1268EADF-8344-431C-81F6-FCB7CBC99F49}"
EndProject
Project("{FAE04EC0-301F-11D3-BF4B-00C04F79EFBC}") = "Xamarin.Android.Tools.AnnotationSupport", "external\Java.Interop\src\Xamarin.Android.Tools.AnnotationSupport\Xamarin.Android.Tools.AnnotationSupport.csproj", "{07BC4495-1267-4B78-9EA6-B76FEEA2A64A}"
EndProject
Project("{FAE04EC0-301F-11D3-BF4B-00C04F79EFBC}") = "Java.Interop.Tools.Diagnostics", "external\Java.Interop\src\Java.Interop.Tools.Diagnostics\Java.Interop.Tools.Diagnostics.csproj", "{64CC4E44-CE3A-4319-BF3F-6CF8BD513870}"
EndProject
Project("{FAE04EC0-301F-11D3-BF4B-00C04F79EFBC}") = "Java.Interop.Tools.Cecil", "external\Java.Interop\src\Java.Interop.Tools.Cecil\Java.Interop.Tools.Cecil.csproj", "{D48EE8D0-0A0A-4493-AEF5-DAF5F8CF86AD}"
EndProject
Project("{FAE04EC0-301F-11D3-BF4B-00C04F79EFBC}") = "monodroid", "src\monodroid\monodroid.csproj", "{53EE4C57-1C03-405A-8243-8DA539546C88}"
EndProject
Project("{FAE04EC0-301F-11D3-BF4B-00C04F79EFBC}") = "Xamarin.Android.NUnitLite", "src\Xamarin.Android.NUnitLite\Xamarin.Android.NUnitLite.csproj", "{4D603AA3-3BFD-43C8-8050-0CD6C2601126}"
EndProject
Project("{2150E333-8FDC-42A3-9474-1A3956D46DE8}") = "Tests", "Tests", "{CAB438D8-B0F5-4AF0-BEBD-9E2ADBD7B483}"
EndProject
Project("{FAE04EC0-301F-11D3-BF4B-00C04F79EFBC}") = "Xamarin.ProjectTools", "src\Xamarin.Android.Build.Tasks\Tests\Xamarin.ProjectTools\Xamarin.ProjectTools.csproj", "{2DD1EE75-6D8D-4653-A800-0A24367F7F38}"
EndProject
Project("{FAE04EC0-301F-11D3-BF4B-00C04F79EFBC}") = "Xamarin.Android.Build.Tests", "src\Xamarin.Android.Build.Tasks\Tests\Xamarin.Android.Build.Tests\Xamarin.Android.Build.Tests.csproj", "{53E4ABF0-1085-45F9-B964-DCAE4B819998}"
EndProject
Project("{FAE04EC0-301F-11D3-BF4B-00C04F79EFBC}") = "System.EnterpriseServices", "src\System.EnterpriseServices\System.EnterpriseServices.csproj", "{2868FC32-A4E7-4008-87C8-2C7879CACB58}"
EndProject
Project("{FAE04EC0-301F-11D3-BF4B-00C04F79EFBC}") = "unix-distribution-setup", "build-tools\unix-distribution-setup\unix-distribution-setup.csproj", "{2CF172E5-BDAE-4ABA-8BC8-08040ED3E77A}"
EndProject
Project("{FAE04EC0-301F-11D3-BF4B-00C04F79EFBC}") = "Mono.Posix", "src\Mono.Posix\Mono.Posix.csproj", "{1A4B041A-842F-40B3-A50D-49E01D30BD18}"
EndProject
Project("{FAE04EC0-301F-11D3-BF4B-00C04F79EFBC}") = "class-parse", "external\Java.Interop\tools\class-parse\class-parse.csproj", "{38C762AB-8FD1-44DE-9855-26AAE7129DC3}"
EndProject
Project("{FAE04EC0-301F-11D3-BF4B-00C04F79EFBC}") = "logcat-parse", "external\Java.Interop\tools\logcat-parse\logcat-parse.csproj", "{7387E151-48E3-4885-B2CA-A74434A34045}"
EndProject
Project("{FAE04EC0-301F-11D3-BF4B-00C04F79EFBC}") = "sqlite-xamarin", "src\sqlite-xamarin\sqlite-xamarin.csproj", "{B8F799C5-D7CE-4E09-9CE6-BAA4173E7EC8}"
EndProject
Project("{FAE04EC0-301F-11D3-BF4B-00C04F79EFBC}") = "OpenTK", "src\OpenTK-1.0\OpenTK.csproj", "{5EB9E888-E357-417E-9F39-DDEC195CE47F}"
EndProject
Project("{FAE04EC0-301F-11D3-BF4B-00C04F79EFBC}") = "libZipSharp", "external\LibZipSharp\libZipSharp.csproj", "{E248B2CA-303B-4645-ADDC-9D4459D550FD}"
EndProject
Project("{FAE04EC0-301F-11D3-BF4B-00C04F79EFBC}") = "System.Drawing.Primitives", "src\System.Drawing.Primitives\System.Drawing.Primitives.csproj", "{C9FF2E4D-D927-479E-838B-647C16763F64}"
EndProject
Project("{FAE04EC0-301F-11D3-BF4B-00C04F79EFBC}") = "libzip-windows", "src\libzip-windows\libzip-windows.csproj", "{0DE278D6-000F-4001-BB98-187C0AF58A61}"
EndProject
Project("{FAE04EC0-301F-11D3-BF4B-00C04F79EFBC}") = "linux-mingw-dependencies", "build-tools\linux-mingw-dependencies\linux-mingw-dependencies.csproj", "{2C1C68CD-CFED-4DEB-A2D3-61D6932F3E8E}"
EndProject
Project("{FAE04EC0-301F-11D3-BF4B-00C04F79EFBC}") = "create-bundle", "build-tools\create-bundle\create-bundle.csproj", "{1640725C-4DB8-4D8D-BC96-74E688A06EEF}"
EndProject
Project("{FAE04EC0-301F-11D3-BF4B-00C04F79EFBC}") = "xa-prep-tasks", "build-tools\xa-prep-tasks\xa-prep-tasks.csproj", "{7CE69551-BD73-4726-ACAA-AAF89C84BAF8}"
EndProject
Project("{FAE04EC0-301F-11D3-BF4B-00C04F79EFBC}") = "Xamarin.Android.Cecil", "external\Java.Interop\src\Xamarin.Android.Cecil\Xamarin.Android.Cecil.csproj", "{15945D4B-FF56-4BCC-B598-2718D199DD08}"
EndProject
Project("{FAE04EC0-301F-11D3-BF4B-00C04F79EFBC}") = "Xamarin.Android.Cecil.Mdb", "external\Java.Interop\src\Xamarin.Android.Cecil\Xamarin.Android.Cecil.Mdb.csproj", "{C0487169-8F81-497F-919E-EB42B1D0243F}"
EndProject
Project("{FAE04EC0-301F-11D3-BF4B-00C04F79EFBC}") = "dependencies", "build-tools\dependencies\dependencies.csproj", "{C845ECC0-2ED3-498E-8EA8-02EF7AC6E9AD}"
EndProject
Project("{FAE04EC0-301F-11D3-BF4B-00C04F79EFBC}") = "proguard", "src\proguard\proguard.csproj", "{4B9D96BB-95AB-44E8-9F87-13B12C8BCED1}"
EndProject
Project("{FAE04EC0-301F-11D3-BF4B-00C04F79EFBC}") = "api-xml-adjuster", "build-tools\api-xml-adjuster\api-xml-adjuster.csproj", "{8A6CB07C-E493-4A4F-AB94-038645A27118}"
EndProject
Project("{FAE04EC0-301F-11D3-BF4B-00C04F79EFBC}") = "Xamarin.Android.Tools.JavadocImporter", "src\Xamarin.Android.Tools.JavadocImporter\Xamarin.Android.Tools.JavadocImporter.csproj", "{E0890301-F75F-40E7-B008-54C28B3BA542}"
EndProject
Project("{FAE04EC0-301F-11D3-BF4B-00C04F79EFBC}") = "javadoc2mdoc", "tools\javadoc2mdoc\javadoc2mdoc.csproj", "{A87352E6-CE7F-4346-B6B1-586AE931C0A7}"
EndProject
Project("{D954291E-2A0B-460D-934E-DC6B0785DB48}") = "Xamarin.Android.Build.Tests.Shared", "src\Xamarin.Android.Build.Tasks\Tests\Xamarin.Android.Build.Tests\Xamarin.Android.Build.Tests.Shared.shproj", "{BD1D66BF-5AC7-4926-8EBE-B2198A112EB0}"
EndProject
Project("{FAE04EC0-301F-11D3-BF4B-00C04F79EFBC}") = "create-vsix", "build-tools\create-vsix\create-vsix.csproj", "{94756FEB-1F64-411D-A18E-81B5158F776A}"
EndProject
Project("{FAE04EC0-301F-11D3-BF4B-00C04F79EFBC}") = "netstandard", "src\netstandard\netstandard.csproj", "{93614CB8-4564-43B9-93B0-4AF4B3B16AAE}"
EndProject
Project("{FAE04EC0-301F-11D3-BF4B-00C04F79EFBC}") = "setup-windows", "tools\setup-windows\setup-windows.csproj", "{73DF9E10-E933-4222-B8E1-F4536FFF9FAD}"
EndProject
Project("{FAE04EC0-301F-11D3-BF4B-00C04F79EFBC}") = "xabuild", "tools\xabuild\xabuild.csproj", "{B7A457E6-9CB6-43F6-BFD6-14D5397FB98D}"
EndProject
Project("{FAE04EC0-301F-11D3-BF4B-00C04F79EFBC}") = "Mono.Android", "src\Mono.Android\Mono.Android.csproj", "{66CF299A-CE95-4131-BCD8-DB66E30C4BF7}"
EndProject
Project("{FAE04EC0-301F-11D3-BF4B-00C04F79EFBC}") = "Mono.Android.Export", "src\Mono.Android.Export\Mono.Android.Export.csproj", "{B8105878-D423-4159-A3E7-028298281EC6}"
EndProject
Project("{FAE04EC0-301F-11D3-BF4B-00C04F79EFBC}") = "Xamarin.Android.Tools.AndroidSdk", "external\xamarin-android-tools\src\Xamarin.Android.Tools.AndroidSdk\Xamarin.Android.Tools.AndroidSdk.csproj", "{E34BCFA0-CAA4-412C-AA1C-75DB8D67D157}"
EndProject
Project("{FAE04EC0-301F-11D3-BF4B-00C04F79EFBC}") = "Xamarin.Android.Tools.AndroidSdk-Tests", "external\xamarin-android-tools\src\Xamarin.Android.Tools.AndroidSdk\Tests\Xamarin.Android.Tools.AndroidSdk-Tests.csproj", "{1E5501E8-49C1-4659-838D-CC9720C5208F}"
EndProject
Project("{FAE04EC0-301F-11D3-BF4B-00C04F79EFBC}") = "r8", "src\r8\r8.csproj", "{1BAFA0CC-0377-46CE-AB7B-7BB2E7B62F63}"
EndProject
Project("{FAE04EC0-301F-11D3-BF4B-00C04F79EFBC}") = "proprietary", "build-tools\proprietary\proprietary.csproj", "{D93CAC27-3893-42A3-99F1-2BCA72E186F4}"
EndProject
Project("{FAE04EC0-301F-11D3-BF4B-00C04F79EFBC}") = "download-bundle", "build-tools\download-bundle\download-bundle.csproj", "{1DA0CB12-5508-4E83-A242-0C8D6D99A49B}"
EndProject
Global
	GlobalSection(SharedMSBuildProjectFiles) = preSolution
		src\Xamarin.Android.NamingCustomAttributes\Xamarin.Android.NamingCustomAttributes.projitems*{3f1f2f50-af1a-4a5a-bedb-193372f068d7}*SharedItemsImports = 4
		src\Xamarin.Android.Build.Tasks\Tests\Xamarin.Android.Build.Tests\Xamarin.Android.Build.Tests.Shared.projitems*{53e4abf0-1085-45f9-b964-dcae4b819998}*SharedItemsImports = 4
		src\Xamarin.Android.NamingCustomAttributes\Xamarin.Android.NamingCustomAttributes.projitems*{66cf299a-ce95-4131-bcd8-db66e30c4bf7}*SharedItemsImports = 4
		src\Xamarin.Android.NamingCustomAttributes\Xamarin.Android.NamingCustomAttributes.projitems*{74598f5c-b8cc-4ce6-8ee2-ab9ca1400076}*SharedItemsImports = 13
		src\Xamarin.Android.Build.Tasks\Tests\Xamarin.Android.Build.Tests\Xamarin.Android.Build.Tests.Shared.projitems*{bd1d66bf-5ac7-4926-8ebe-b2198a112eb0}*SharedItemsImports = 13
		external\Java.Interop\src\Java.Interop.NamingCustomAttributes\Java.Interop.NamingCustomAttributes.projitems*{d1295a8f-4f42-461d-a046-564476c10002}*SharedItemsImports = 4
		external\Java.Interop\src\Java.Interop.NamingCustomAttributes\Java.Interop.NamingCustomAttributes.projitems*{d18fcf91-8876-48a0-a693-2dc1e7d3d80a}*SharedItemsImports = 4
		external\Java.Interop\src\Java.Interop.NamingCustomAttributes\Java.Interop.NamingCustomAttributes.projitems*{e0890301-f75f-40e7-b008-54c28b3ba542}*SharedItemsImports = 4
		external\Java.Interop\src\Java.Interop.Tools.TypeNameMappings\Java.Interop.Tools.TypeNameMappings.projitems*{e0890301-f75f-40e7-b008-54c28b3ba542}*SharedItemsImports = 4
		external\Java.Interop\src\Java.Interop.NamingCustomAttributes\Java.Interop.NamingCustomAttributes.projitems*{fe789f04-5e95-42c5-aef1-e33f8df06b3f}*SharedItemsImports = 13
	EndGlobalSection
	GlobalSection(SolutionConfigurationPlatforms) = preSolution
		Debug|AnyCPU = Debug|AnyCPU
		Release|AnyCPU = Release|AnyCPU
	EndGlobalSection
	GlobalSection(ProjectConfigurationPlatforms) = postSolution
		{8FF78EB6-6FC8-46A7-8A15-EBBA9045C5FA}.Debug|AnyCPU.ActiveCfg = Debug|Any CPU
		{8FF78EB6-6FC8-46A7-8A15-EBBA9045C5FA}.Debug|AnyCPU.Build.0 = Debug|Any CPU
		{8FF78EB6-6FC8-46A7-8A15-EBBA9045C5FA}.Release|AnyCPU.ActiveCfg = Release|Any CPU
		{8FF78EB6-6FC8-46A7-8A15-EBBA9045C5FA}.Release|AnyCPU.Build.0 = Release|Any CPU
		{E8492EFB-D14A-4F32-AA28-88848322ECEA}.Debug|AnyCPU.ActiveCfg = Debug|Any CPU
		{E8492EFB-D14A-4F32-AA28-88848322ECEA}.Debug|AnyCPU.Build.0 = Debug|Any CPU
		{E8492EFB-D14A-4F32-AA28-88848322ECEA}.Release|AnyCPU.ActiveCfg = Release|Any CPU
		{E8492EFB-D14A-4F32-AA28-88848322ECEA}.Release|AnyCPU.Build.0 = Release|Any CPU
		{C03E6CF1-7460-4CDC-A4AB-292BBC0F61F2}.Debug|AnyCPU.ActiveCfg = Debug|Any CPU
		{C03E6CF1-7460-4CDC-A4AB-292BBC0F61F2}.Debug|AnyCPU.Build.0 = Debug|Any CPU
		{C03E6CF1-7460-4CDC-A4AB-292BBC0F61F2}.Release|AnyCPU.ActiveCfg = Release|Any CPU
		{C03E6CF1-7460-4CDC-A4AB-292BBC0F61F2}.Release|AnyCPU.Build.0 = Release|Any CPU
		{900A0F71-BAAD-417A-8D1A-8D330297CDD0}.Debug|AnyCPU.ActiveCfg = Debug|Any CPU
		{900A0F71-BAAD-417A-8D1A-8D330297CDD0}.Debug|AnyCPU.Build.0 = Debug|Any CPU
		{900A0F71-BAAD-417A-8D1A-8D330297CDD0}.Release|AnyCPU.ActiveCfg = Release|Any CPU
		{900A0F71-BAAD-417A-8D1A-8D330297CDD0}.Release|AnyCPU.Build.0 = Release|Any CPU
		{AFB8F6D1-6EA9-42C3-950B-98F34C669AD2}.Debug|AnyCPU.ActiveCfg = Debug|Any CPU
		{AFB8F6D1-6EA9-42C3-950B-98F34C669AD2}.Debug|AnyCPU.Build.0 = Debug|Any CPU
		{AFB8F6D1-6EA9-42C3-950B-98F34C669AD2}.Release|AnyCPU.ActiveCfg = Release|Any CPU
		{AFB8F6D1-6EA9-42C3-950B-98F34C669AD2}.Release|AnyCPU.Build.0 = Release|Any CPU
		{3FC3E78B-F7D4-42EA-BBE8-4535DF42BFF8}.Debug|AnyCPU.ActiveCfg = Debug|Any CPU
		{3FC3E78B-F7D4-42EA-BBE8-4535DF42BFF8}.Debug|AnyCPU.Build.0 = Debug|Any CPU
		{3FC3E78B-F7D4-42EA-BBE8-4535DF42BFF8}.Release|AnyCPU.ActiveCfg = Release|Any CPU
		{3FC3E78B-F7D4-42EA-BBE8-4535DF42BFF8}.Release|AnyCPU.Build.0 = Release|Any CPU
		{C876DA71-8573-4CEF-9149-716D72455ED4}.Debug|AnyCPU.ActiveCfg = Debug|Any CPU
		{C876DA71-8573-4CEF-9149-716D72455ED4}.Debug|AnyCPU.Build.0 = Debug|Any CPU
		{C876DA71-8573-4CEF-9149-716D72455ED4}.Release|AnyCPU.ActiveCfg = Release|Any CPU
		{C876DA71-8573-4CEF-9149-716D72455ED4}.Release|AnyCPU.Build.0 = Release|Any CPU
		{94BD81F7-B06F-4295-9636-F8A3B6BDC762}.Debug|AnyCPU.ActiveCfg = Debug|Any CPU
		{94BD81F7-B06F-4295-9636-F8A3B6BDC762}.Debug|AnyCPU.Build.0 = Debug|Any CPU
		{94BD81F7-B06F-4295-9636-F8A3B6BDC762}.Release|AnyCPU.ActiveCfg = Release|Any CPU
		{94BD81F7-B06F-4295-9636-F8A3B6BDC762}.Release|AnyCPU.Build.0 = Release|Any CPU
		{B501D075-6183-4E1D-92C9-F7B5002475B1}.Debug|AnyCPU.ActiveCfg = Debug|Any CPU
		{B501D075-6183-4E1D-92C9-F7B5002475B1}.Debug|AnyCPU.Build.0 = Debug|Any CPU
		{B501D075-6183-4E1D-92C9-F7B5002475B1}.Release|AnyCPU.ActiveCfg = Release|Any CPU
		{B501D075-6183-4E1D-92C9-F7B5002475B1}.Release|AnyCPU.Build.0 = Release|Any CPU
		{D14A1B5C-2060-4930-92BE-F7190256C735}.Debug|AnyCPU.ActiveCfg = Debug|Any CPU
		{D14A1B5C-2060-4930-92BE-F7190256C735}.Debug|AnyCPU.Build.0 = Debug|Any CPU
		{D14A1B5C-2060-4930-92BE-F7190256C735}.Release|AnyCPU.ActiveCfg = Release|Any CPU
		{D14A1B5C-2060-4930-92BE-F7190256C735}.Release|AnyCPU.Build.0 = Release|Any CPU
		{D27AD8F7-7710-40BE-B03B-55EFBEC13C44}.Debug|AnyCPU.ActiveCfg = Debug|Any CPU
		{D27AD8F7-7710-40BE-B03B-55EFBEC13C44}.Debug|AnyCPU.Build.0 = Debug|Any CPU
		{D27AD8F7-7710-40BE-B03B-55EFBEC13C44}.Release|AnyCPU.ActiveCfg = Release|Any CPU
		{D27AD8F7-7710-40BE-B03B-55EFBEC13C44}.Release|AnyCPU.Build.0 = Release|Any CPU
		{3F1F2F50-AF1A-4A5A-BEDB-193372F068D7}.Debug|AnyCPU.ActiveCfg = Debug|Any CPU
		{3F1F2F50-AF1A-4A5A-BEDB-193372F068D7}.Debug|AnyCPU.Build.0 = Debug|Any CPU
		{3F1F2F50-AF1A-4A5A-BEDB-193372F068D7}.Release|AnyCPU.ActiveCfg = Release|Any CPU
		{3F1F2F50-AF1A-4A5A-BEDB-193372F068D7}.Release|AnyCPU.Build.0 = Release|Any CPU
		{B17475BC-45A2-47A3-B8FC-62F3A0959EE0}.Debug|AnyCPU.ActiveCfg = Debug|Any CPU
		{B17475BC-45A2-47A3-B8FC-62F3A0959EE0}.Debug|AnyCPU.Build.0 = Debug|Any CPU
		{B17475BC-45A2-47A3-B8FC-62F3A0959EE0}.Release|AnyCPU.ActiveCfg = Release|Any CPU
		{B17475BC-45A2-47A3-B8FC-62F3A0959EE0}.Release|AnyCPU.Build.0 = Release|Any CPU
		{52C7D9B6-E8C8-47D0-9471-652D278D7D77}.Debug|AnyCPU.ActiveCfg = Debug|Any CPU
		{52C7D9B6-E8C8-47D0-9471-652D278D7D77}.Debug|AnyCPU.Build.0 = Debug|Any CPU
		{52C7D9B6-E8C8-47D0-9471-652D278D7D77}.Release|AnyCPU.ActiveCfg = Release|Any CPU
		{52C7D9B6-E8C8-47D0-9471-652D278D7D77}.Release|AnyCPU.Build.0 = Release|Any CPU
		{D1295A8F-4F42-461D-A046-564476C10002}.Debug|AnyCPU.ActiveCfg = Debug|Any CPU
		{D1295A8F-4F42-461D-A046-564476C10002}.Debug|AnyCPU.Build.0 = Debug|Any CPU
		{D1295A8F-4F42-461D-A046-564476C10002}.Release|AnyCPU.ActiveCfg = Release|Any CPU
		{D1295A8F-4F42-461D-A046-564476C10002}.Release|AnyCPU.Build.0 = Release|Any CPU
		{D18FCF91-8876-48A0-A693-2DC1E7D3D80A}.Debug|AnyCPU.ActiveCfg = Debug|Any CPU
		{D18FCF91-8876-48A0-A693-2DC1E7D3D80A}.Debug|AnyCPU.Build.0 = Debug|Any CPU
		{D18FCF91-8876-48A0-A693-2DC1E7D3D80A}.Release|AnyCPU.ActiveCfg = Release|Any CPU
		{D18FCF91-8876-48A0-A693-2DC1E7D3D80A}.Release|AnyCPU.Build.0 = Release|Any CPU
		{1268EADF-8344-431C-81F6-FCB7CBC99F49}.Debug|AnyCPU.ActiveCfg = Debug|Any CPU
		{1268EADF-8344-431C-81F6-FCB7CBC99F49}.Debug|AnyCPU.Build.0 = Debug|Any CPU
		{1268EADF-8344-431C-81F6-FCB7CBC99F49}.Release|AnyCPU.ActiveCfg = Release|Any CPU
		{1268EADF-8344-431C-81F6-FCB7CBC99F49}.Release|AnyCPU.Build.0 = Release|Any CPU
		{07BC4495-1267-4B78-9EA6-B76FEEA2A64A}.Debug|AnyCPU.ActiveCfg = Debug|Any CPU
		{07BC4495-1267-4B78-9EA6-B76FEEA2A64A}.Debug|AnyCPU.Build.0 = Debug|Any CPU
		{07BC4495-1267-4B78-9EA6-B76FEEA2A64A}.Release|AnyCPU.ActiveCfg = Release|Any CPU
		{07BC4495-1267-4B78-9EA6-B76FEEA2A64A}.Release|AnyCPU.Build.0 = Release|Any CPU
		{64CC4E44-CE3A-4319-BF3F-6CF8BD513870}.Debug|AnyCPU.ActiveCfg = Debug|Any CPU
		{64CC4E44-CE3A-4319-BF3F-6CF8BD513870}.Debug|AnyCPU.Build.0 = Debug|Any CPU
		{64CC4E44-CE3A-4319-BF3F-6CF8BD513870}.Release|AnyCPU.ActiveCfg = Release|Any CPU
		{64CC4E44-CE3A-4319-BF3F-6CF8BD513870}.Release|AnyCPU.Build.0 = Release|Any CPU
		{D48EE8D0-0A0A-4493-AEF5-DAF5F8CF86AD}.Debug|AnyCPU.ActiveCfg = Debug|Any CPU
		{D48EE8D0-0A0A-4493-AEF5-DAF5F8CF86AD}.Debug|AnyCPU.Build.0 = Debug|Any CPU
		{D48EE8D0-0A0A-4493-AEF5-DAF5F8CF86AD}.Release|AnyCPU.ActiveCfg = Release|Any CPU
		{D48EE8D0-0A0A-4493-AEF5-DAF5F8CF86AD}.Release|AnyCPU.Build.0 = Release|Any CPU
		{53EE4C57-1C03-405A-8243-8DA539546C88}.Debug|AnyCPU.ActiveCfg = Debug|Any CPU
		{53EE4C57-1C03-405A-8243-8DA539546C88}.Debug|AnyCPU.Build.0 = Debug|Any CPU
		{53EE4C57-1C03-405A-8243-8DA539546C88}.Release|AnyCPU.ActiveCfg = Release|Any CPU
		{53EE4C57-1C03-405A-8243-8DA539546C88}.Release|AnyCPU.Build.0 = Release|Any CPU
		{4D603AA3-3BFD-43C8-8050-0CD6C2601126}.Debug|AnyCPU.ActiveCfg = Debug|Any CPU
		{4D603AA3-3BFD-43C8-8050-0CD6C2601126}.Debug|AnyCPU.Build.0 = Debug|Any CPU
		{4D603AA3-3BFD-43C8-8050-0CD6C2601126}.Release|AnyCPU.ActiveCfg = Release|Any CPU
		{4D603AA3-3BFD-43C8-8050-0CD6C2601126}.Release|AnyCPU.Build.0 = Release|Any CPU
		{2DD1EE75-6D8D-4653-A800-0A24367F7F38}.Debug|AnyCPU.ActiveCfg = Debug|Any CPU
		{2DD1EE75-6D8D-4653-A800-0A24367F7F38}.Debug|AnyCPU.Build.0 = Debug|Any CPU
		{2DD1EE75-6D8D-4653-A800-0A24367F7F38}.Release|AnyCPU.ActiveCfg = Release|Any CPU
		{2DD1EE75-6D8D-4653-A800-0A24367F7F38}.Release|AnyCPU.Build.0 = Release|Any CPU
		{53E4ABF0-1085-45F9-B964-DCAE4B819998}.Debug|AnyCPU.ActiveCfg = Debug|Any CPU
		{53E4ABF0-1085-45F9-B964-DCAE4B819998}.Debug|AnyCPU.Build.0 = Debug|Any CPU
		{53E4ABF0-1085-45F9-B964-DCAE4B819998}.Release|AnyCPU.ActiveCfg = Release|Any CPU
		{53E4ABF0-1085-45F9-B964-DCAE4B819998}.Release|AnyCPU.Build.0 = Release|Any CPU
		{2868FC32-A4E7-4008-87C8-2C7879CACB58}.Debug|AnyCPU.ActiveCfg = Debug|Any CPU
		{2868FC32-A4E7-4008-87C8-2C7879CACB58}.Debug|AnyCPU.Build.0 = Debug|Any CPU
		{2868FC32-A4E7-4008-87C8-2C7879CACB58}.Release|AnyCPU.ActiveCfg = Release|Any CPU
		{2868FC32-A4E7-4008-87C8-2C7879CACB58}.Release|AnyCPU.Build.0 = Release|Any CPU
		{2CF172E5-BDAE-4ABA-8BC8-08040ED3E77A}.Debug|AnyCPU.ActiveCfg = Debug|Any CPU
		{2CF172E5-BDAE-4ABA-8BC8-08040ED3E77A}.Debug|AnyCPU.Build.0 = Debug|Any CPU
		{2CF172E5-BDAE-4ABA-8BC8-08040ED3E77A}.Release|AnyCPU.ActiveCfg = Release|Any CPU
		{2CF172E5-BDAE-4ABA-8BC8-08040ED3E77A}.Release|AnyCPU.Build.0 = Release|Any CPU
		{1A4B041A-842F-40B3-A50D-49E01D30BD18}.Debug|AnyCPU.ActiveCfg = Debug|Any CPU
		{1A4B041A-842F-40B3-A50D-49E01D30BD18}.Debug|AnyCPU.Build.0 = Debug|Any CPU
		{1A4B041A-842F-40B3-A50D-49E01D30BD18}.Release|AnyCPU.ActiveCfg = Release|Any CPU
		{1A4B041A-842F-40B3-A50D-49E01D30BD18}.Release|AnyCPU.Build.0 = Release|Any CPU
		{38C762AB-8FD1-44DE-9855-26AAE7129DC3}.Debug|AnyCPU.ActiveCfg = Debug|Any CPU
		{38C762AB-8FD1-44DE-9855-26AAE7129DC3}.Debug|AnyCPU.Build.0 = Debug|Any CPU
		{38C762AB-8FD1-44DE-9855-26AAE7129DC3}.Release|AnyCPU.ActiveCfg = Release|Any CPU
		{38C762AB-8FD1-44DE-9855-26AAE7129DC3}.Release|AnyCPU.Build.0 = Release|Any CPU
		{7387E151-48E3-4885-B2CA-A74434A34045}.Debug|AnyCPU.ActiveCfg = Debug|Any CPU
		{7387E151-48E3-4885-B2CA-A74434A34045}.Debug|AnyCPU.Build.0 = Debug|Any CPU
		{7387E151-48E3-4885-B2CA-A74434A34045}.Release|AnyCPU.ActiveCfg = Release|Any CPU
		{7387E151-48E3-4885-B2CA-A74434A34045}.Release|AnyCPU.Build.0 = Release|Any CPU
		{B8F799C5-D7CE-4E09-9CE6-BAA4173E7EC8}.Debug|AnyCPU.ActiveCfg = Debug|Any CPU
		{B8F799C5-D7CE-4E09-9CE6-BAA4173E7EC8}.Debug|AnyCPU.Build.0 = Debug|Any CPU
		{B8F799C5-D7CE-4E09-9CE6-BAA4173E7EC8}.Release|AnyCPU.ActiveCfg = Release|Any CPU
		{B8F799C5-D7CE-4E09-9CE6-BAA4173E7EC8}.Release|AnyCPU.Build.0 = Release|Any CPU
		{5EB9E888-E357-417E-9F39-DDEC195CE47F}.Debug|AnyCPU.ActiveCfg = Debug|Any CPU
		{5EB9E888-E357-417E-9F39-DDEC195CE47F}.Debug|AnyCPU.Build.0 = Debug|Any CPU
		{5EB9E888-E357-417E-9F39-DDEC195CE47F}.Release|AnyCPU.ActiveCfg = Release|Any CPU
		{5EB9E888-E357-417E-9F39-DDEC195CE47F}.Release|AnyCPU.Build.0 = Release|Any CPU
		{E248B2CA-303B-4645-ADDC-9D4459D550FD}.Debug|AnyCPU.ActiveCfg = Debug|Any CPU
		{E248B2CA-303B-4645-ADDC-9D4459D550FD}.Debug|AnyCPU.Build.0 = Debug|Any CPU
		{E248B2CA-303B-4645-ADDC-9D4459D550FD}.Release|AnyCPU.ActiveCfg = Release|Any CPU
		{E248B2CA-303B-4645-ADDC-9D4459D550FD}.Release|AnyCPU.Build.0 = Release|Any CPU
		{C9FF2E4D-D927-479E-838B-647C16763F64}.Debug|AnyCPU.ActiveCfg = Debug|Any CPU
		{C9FF2E4D-D927-479E-838B-647C16763F64}.Debug|AnyCPU.Build.0 = Debug|Any CPU
		{C9FF2E4D-D927-479E-838B-647C16763F64}.Release|AnyCPU.ActiveCfg = Release|Any CPU
		{C9FF2E4D-D927-479E-838B-647C16763F64}.Release|AnyCPU.Build.0 = Release|Any CPU
		{0DE278D6-000F-4001-BB98-187C0AF58A61}.Debug|AnyCPU.ActiveCfg = Debug|Any CPU
		{0DE278D6-000F-4001-BB98-187C0AF58A61}.Debug|AnyCPU.Build.0 = Debug|Any CPU
		{0DE278D6-000F-4001-BB98-187C0AF58A61}.Release|AnyCPU.ActiveCfg = Release|Any CPU
		{0DE278D6-000F-4001-BB98-187C0AF58A61}.Release|AnyCPU.Build.0 = Release|Any CPU
		{2C1C68CD-CFED-4DEB-A2D3-61D6932F3E8E}.Debug|AnyCPU.ActiveCfg = Debug|Any CPU
		{2C1C68CD-CFED-4DEB-A2D3-61D6932F3E8E}.Debug|AnyCPU.Build.0 = Debug|Any CPU
		{2C1C68CD-CFED-4DEB-A2D3-61D6932F3E8E}.Release|AnyCPU.ActiveCfg = Release|Any CPU
		{2C1C68CD-CFED-4DEB-A2D3-61D6932F3E8E}.Release|AnyCPU.Build.0 = Release|Any CPU
		{1640725C-4DB8-4D8D-BC96-74E688A06EEF}.Debug|AnyCPU.ActiveCfg = Debug|Any CPU
		{1640725C-4DB8-4D8D-BC96-74E688A06EEF}.Debug|AnyCPU.Build.0 = Debug|Any CPU
		{1640725C-4DB8-4D8D-BC96-74E688A06EEF}.Release|AnyCPU.ActiveCfg = Release|Any CPU
		{1640725C-4DB8-4D8D-BC96-74E688A06EEF}.Release|AnyCPU.Build.0 = Release|Any CPU
		{7CE69551-BD73-4726-ACAA-AAF89C84BAF8}.Debug|AnyCPU.ActiveCfg = Debug|Any CPU
		{7CE69551-BD73-4726-ACAA-AAF89C84BAF8}.Debug|AnyCPU.Build.0 = Debug|Any CPU
		{7CE69551-BD73-4726-ACAA-AAF89C84BAF8}.Release|AnyCPU.ActiveCfg = Release|Any CPU
		{7CE69551-BD73-4726-ACAA-AAF89C84BAF8}.Release|AnyCPU.Build.0 = Release|Any CPU
		{15945D4B-FF56-4BCC-B598-2718D199DD08}.Debug|AnyCPU.ActiveCfg = Debug|Any CPU
		{15945D4B-FF56-4BCC-B598-2718D199DD08}.Debug|AnyCPU.Build.0 = Debug|Any CPU
		{15945D4B-FF56-4BCC-B598-2718D199DD08}.Release|AnyCPU.ActiveCfg = Release|Any CPU
		{15945D4B-FF56-4BCC-B598-2718D199DD08}.Release|AnyCPU.Build.0 = Release|Any CPU
		{C0487169-8F81-497F-919E-EB42B1D0243F}.Debug|AnyCPU.ActiveCfg = Debug|Any CPU
		{C0487169-8F81-497F-919E-EB42B1D0243F}.Debug|AnyCPU.Build.0 = Debug|Any CPU
		{C0487169-8F81-497F-919E-EB42B1D0243F}.Release|AnyCPU.ActiveCfg = Release|Any CPU
		{C0487169-8F81-497F-919E-EB42B1D0243F}.Release|AnyCPU.Build.0 = Release|Any CPU
		{C845ECC0-2ED3-498E-8EA8-02EF7AC6E9AD}.Debug|AnyCPU.ActiveCfg = Debug|Any CPU
		{C845ECC0-2ED3-498E-8EA8-02EF7AC6E9AD}.Debug|AnyCPU.Build.0 = Debug|Any CPU
		{C845ECC0-2ED3-498E-8EA8-02EF7AC6E9AD}.Release|AnyCPU.ActiveCfg = Release|Any CPU
		{C845ECC0-2ED3-498E-8EA8-02EF7AC6E9AD}.Release|AnyCPU.Build.0 = Release|Any CPU
		{4B9D96BB-95AB-44E8-9F87-13B12C8BCED1}.Debug|AnyCPU.ActiveCfg = Debug|Any CPU
		{4B9D96BB-95AB-44E8-9F87-13B12C8BCED1}.Debug|AnyCPU.Build.0 = Debug|Any CPU
		{4B9D96BB-95AB-44E8-9F87-13B12C8BCED1}.Release|AnyCPU.ActiveCfg = Release|Any CPU
		{4B9D96BB-95AB-44E8-9F87-13B12C8BCED1}.Release|AnyCPU.Build.0 = Release|Any CPU
		{8A6CB07C-E493-4A4F-AB94-038645A27118}.Debug|AnyCPU.ActiveCfg = Debug|Any CPU
		{8A6CB07C-E493-4A4F-AB94-038645A27118}.Debug|AnyCPU.Build.0 = Debug|Any CPU
		{8A6CB07C-E493-4A4F-AB94-038645A27118}.Release|AnyCPU.ActiveCfg = Release|Any CPU
		{8A6CB07C-E493-4A4F-AB94-038645A27118}.Release|AnyCPU.Build.0 = Release|Any CPU
		{E0890301-F75F-40E7-B008-54C28B3BA542}.Debug|AnyCPU.ActiveCfg = Debug|Any CPU
		{E0890301-F75F-40E7-B008-54C28B3BA542}.Debug|AnyCPU.Build.0 = Debug|Any CPU
		{E0890301-F75F-40E7-B008-54C28B3BA542}.Release|AnyCPU.ActiveCfg = Release|Any CPU
		{E0890301-F75F-40E7-B008-54C28B3BA542}.Release|AnyCPU.Build.0 = Release|Any CPU
		{A87352E6-CE7F-4346-B6B1-586AE931C0A7}.Debug|AnyCPU.ActiveCfg = Debug|Any CPU
		{A87352E6-CE7F-4346-B6B1-586AE931C0A7}.Debug|AnyCPU.Build.0 = Debug|Any CPU
		{A87352E6-CE7F-4346-B6B1-586AE931C0A7}.Release|AnyCPU.ActiveCfg = Release|Any CPU
		{A87352E6-CE7F-4346-B6B1-586AE931C0A7}.Release|AnyCPU.Build.0 = Release|Any CPU
		{94756FEB-1F64-411D-A18E-81B5158F776A}.Debug|AnyCPU.ActiveCfg = Debug|Any CPU
		{94756FEB-1F64-411D-A18E-81B5158F776A}.Debug|AnyCPU.Build.0 = Debug|Any CPU
		{94756FEB-1F64-411D-A18E-81B5158F776A}.Release|AnyCPU.ActiveCfg = Release|Any CPU
		{94756FEB-1F64-411D-A18E-81B5158F776A}.Release|AnyCPU.Build.0 = Release|Any CPU
		{93614CB8-4564-43B9-93B0-4AF4B3B16AAE}.Debug|AnyCPU.ActiveCfg = Debug|Any CPU
		{93614CB8-4564-43B9-93B0-4AF4B3B16AAE}.Debug|AnyCPU.Build.0 = Debug|Any CPU
		{93614CB8-4564-43B9-93B0-4AF4B3B16AAE}.Release|AnyCPU.ActiveCfg = Release|Any CPU
		{93614CB8-4564-43B9-93B0-4AF4B3B16AAE}.Release|AnyCPU.Build.0 = Release|Any CPU
		{73DF9E10-E933-4222-B8E1-F4536FFF9FAD}.Debug|AnyCPU.ActiveCfg = Debug|Any CPU
		{73DF9E10-E933-4222-B8E1-F4536FFF9FAD}.Debug|AnyCPU.Build.0 = Debug|Any CPU
		{73DF9E10-E933-4222-B8E1-F4536FFF9FAD}.Release|AnyCPU.ActiveCfg = Release|Any CPU
		{73DF9E10-E933-4222-B8E1-F4536FFF9FAD}.Release|AnyCPU.Build.0 = Release|Any CPU
		{B7A457E6-9CB6-43F6-BFD6-14D5397FB98D}.Debug|AnyCPU.ActiveCfg = Debug|Any CPU
		{B7A457E6-9CB6-43F6-BFD6-14D5397FB98D}.Debug|AnyCPU.Build.0 = Debug|Any CPU
		{B7A457E6-9CB6-43F6-BFD6-14D5397FB98D}.Release|AnyCPU.ActiveCfg = Release|Any CPU
		{B7A457E6-9CB6-43F6-BFD6-14D5397FB98D}.Release|AnyCPU.Build.0 = Release|Any CPU
		{66CF299A-CE95-4131-BCD8-DB66E30C4BF7}.Debug|AnyCPU.ActiveCfg = Debug|Any CPU
		{66CF299A-CE95-4131-BCD8-DB66E30C4BF7}.Debug|AnyCPU.Build.0 = Debug|Any CPU
		{66CF299A-CE95-4131-BCD8-DB66E30C4BF7}.Release|AnyCPU.ActiveCfg = Release|Any CPU
		{66CF299A-CE95-4131-BCD8-DB66E30C4BF7}.Release|AnyCPU.Build.0 = Release|Any CPU
		{B8105878-D423-4159-A3E7-028298281EC6}.Debug|AnyCPU.ActiveCfg = Debug|Any CPU
		{B8105878-D423-4159-A3E7-028298281EC6}.Debug|AnyCPU.Build.0 = Debug|Any CPU
		{B8105878-D423-4159-A3E7-028298281EC6}.Release|AnyCPU.ActiveCfg = Release|Any CPU
		{B8105878-D423-4159-A3E7-028298281EC6}.Release|AnyCPU.Build.0 = Release|Any CPU
		{E34BCFA0-CAA4-412C-AA1C-75DB8D67D157}.Debug|AnyCPU.ActiveCfg = Debug|Any CPU
		{E34BCFA0-CAA4-412C-AA1C-75DB8D67D157}.Debug|AnyCPU.Build.0 = Debug|Any CPU
		{E34BCFA0-CAA4-412C-AA1C-75DB8D67D157}.Release|AnyCPU.ActiveCfg = Release|Any CPU
		{E34BCFA0-CAA4-412C-AA1C-75DB8D67D157}.Release|AnyCPU.Build.0 = Release|Any CPU
		{1E5501E8-49C1-4659-838D-CC9720C5208F}.Debug|AnyCPU.ActiveCfg = Debug|Any CPU
		{1E5501E8-49C1-4659-838D-CC9720C5208F}.Debug|AnyCPU.Build.0 = Debug|Any CPU
		{1E5501E8-49C1-4659-838D-CC9720C5208F}.Release|AnyCPU.ActiveCfg = Release|Any CPU
		{1E5501E8-49C1-4659-838D-CC9720C5208F}.Release|AnyCPU.Build.0 = Release|Any CPU
		{1BAFA0CC-0377-46CE-AB7B-7BB2E7B62F63}.Debug|AnyCPU.ActiveCfg = Debug|Any CPU
		{1BAFA0CC-0377-46CE-AB7B-7BB2E7B62F63}.Debug|AnyCPU.Build.0 = Debug|Any CPU
		{1BAFA0CC-0377-46CE-AB7B-7BB2E7B62F63}.Release|AnyCPU.ActiveCfg = Release|Any CPU
		{1BAFA0CC-0377-46CE-AB7B-7BB2E7B62F63}.Release|AnyCPU.Build.0 = Release|Any CPU
		{D93CAC27-3893-42A3-99F1-2BCA72E186F4}.Debug|AnyCPU.ActiveCfg = Debug|Any CPU
		{D93CAC27-3893-42A3-99F1-2BCA72E186F4}.Debug|AnyCPU.Build.0 = Debug|Any CPU
		{D93CAC27-3893-42A3-99F1-2BCA72E186F4}.Release|AnyCPU.ActiveCfg = Release|Any CPU
		{D93CAC27-3893-42A3-99F1-2BCA72E186F4}.Release|AnyCPU.Build.0 = Release|Any CPU
		{1DA0CB12-5508-4E83-A242-0C8D6D99A49B}.Debug|AnyCPU.ActiveCfg = Debug|Any CPU
		{1DA0CB12-5508-4E83-A242-0C8D6D99A49B}.Debug|AnyCPU.Build.0 = Debug|Any CPU
		{1DA0CB12-5508-4E83-A242-0C8D6D99A49B}.Release|AnyCPU.ActiveCfg = Release|Any CPU
		{1DA0CB12-5508-4E83-A242-0C8D6D99A49B}.Release|AnyCPU.Build.0 = Release|Any CPU
	EndGlobalSection
	GlobalSection(SolutionProperties) = preSolution
		HideSolutionNode = FALSE
	EndGlobalSection
	GlobalSection(NestedProjects) = preSolution
		{8FF78EB6-6FC8-46A7-8A15-EBBA9045C5FA} = {E351F97D-EA4F-4E7F-AAA0-8EBB1F2A4A62}
		{E8492EFB-D14A-4F32-AA28-88848322ECEA} = {E351F97D-EA4F-4E7F-AAA0-8EBB1F2A4A62}
		{C03E6CF1-7460-4CDC-A4AB-292BBC0F61F2} = {04E3E11E-B47D-4599-8AFC-50515A95E715}
		{900A0F71-BAAD-417A-8D1A-8D330297CDD0} = {04E3E11E-B47D-4599-8AFC-50515A95E715}
		{AFB8F6D1-6EA9-42C3-950B-98F34C669AD2} = {E351F97D-EA4F-4E7F-AAA0-8EBB1F2A4A62}
		{3FC3E78B-F7D4-42EA-BBE8-4535DF42BFF8} = {E351F97D-EA4F-4E7F-AAA0-8EBB1F2A4A62}
		{C876DA71-8573-4CEF-9149-716D72455ED4} = {E351F97D-EA4F-4E7F-AAA0-8EBB1F2A4A62}
		{94BD81F7-B06F-4295-9636-F8A3B6BDC762} = {04E3E11E-B47D-4599-8AFC-50515A95E715}
		{D14A1B5C-2060-4930-92BE-F7190256C735} = {04E3E11E-B47D-4599-8AFC-50515A95E715}
		{FE789F04-5E95-42C5-AEF1-E33F8DF06B3F} = {04E3E11E-B47D-4599-8AFC-50515A95E715}
		{74598F5C-B8CC-4CE6-8EE2-AB9CA1400076} = {04E3E11E-B47D-4599-8AFC-50515A95E715}
		{D27AD8F7-7710-40BE-B03B-55EFBEC13C44} = {04E3E11E-B47D-4599-8AFC-50515A95E715}
		{3F1F2F50-AF1A-4A5A-BEDB-193372F068D7} = {04E3E11E-B47D-4599-8AFC-50515A95E715}
		{B17475BC-45A2-47A3-B8FC-62F3A0959EE0} = {04E3E11E-B47D-4599-8AFC-50515A95E715}
		{52C7D9B6-E8C8-47D0-9471-652D278D7D77} = {864062D3-A415-4A6F-9324-5820237BA058}
		{D1295A8F-4F42-461D-A046-564476C10002} = {864062D3-A415-4A6F-9324-5820237BA058}
		{D18FCF91-8876-48A0-A693-2DC1E7D3D80A} = {864062D3-A415-4A6F-9324-5820237BA058}
		{1268EADF-8344-431C-81F6-FCB7CBC99F49} = {864062D3-A415-4A6F-9324-5820237BA058}
		{07BC4495-1267-4B78-9EA6-B76FEEA2A64A} = {864062D3-A415-4A6F-9324-5820237BA058}
		{64CC4E44-CE3A-4319-BF3F-6CF8BD513870} = {864062D3-A415-4A6F-9324-5820237BA058}
		{D48EE8D0-0A0A-4493-AEF5-DAF5F8CF86AD} = {864062D3-A415-4A6F-9324-5820237BA058}
		{53EE4C57-1C03-405A-8243-8DA539546C88} = {04E3E11E-B47D-4599-8AFC-50515A95E715}
		{4D603AA3-3BFD-43C8-8050-0CD6C2601126} = {04E3E11E-B47D-4599-8AFC-50515A95E715}
		{2DD1EE75-6D8D-4653-A800-0A24367F7F38} = {CAB438D8-B0F5-4AF0-BEBD-9E2ADBD7B483}
		{53E4ABF0-1085-45F9-B964-DCAE4B819998} = {CAB438D8-B0F5-4AF0-BEBD-9E2ADBD7B483}
		{2868FC32-A4E7-4008-87C8-2C7879CACB58} = {04E3E11E-B47D-4599-8AFC-50515A95E715}
		{2CF172E5-BDAE-4ABA-8BC8-08040ED3E77A} = {E351F97D-EA4F-4E7F-AAA0-8EBB1F2A4A62}
		{1A4B041A-842F-40B3-A50D-49E01D30BD18} = {04E3E11E-B47D-4599-8AFC-50515A95E715}
		{38C762AB-8FD1-44DE-9855-26AAE7129DC3} = {864062D3-A415-4A6F-9324-5820237BA058}
		{7387E151-48E3-4885-B2CA-A74434A34045} = {864062D3-A415-4A6F-9324-5820237BA058}
		{B8F799C5-D7CE-4E09-9CE6-BAA4173E7EC8} = {04E3E11E-B47D-4599-8AFC-50515A95E715}
		{5EB9E888-E357-417E-9F39-DDEC195CE47F} = {04E3E11E-B47D-4599-8AFC-50515A95E715}
		{E248B2CA-303B-4645-ADDC-9D4459D550FD} = {04E3E11E-B47D-4599-8AFC-50515A95E715}
		{C9FF2E4D-D927-479E-838B-647C16763F64} = {04E3E11E-B47D-4599-8AFC-50515A95E715}
		{0DE278D6-000F-4001-BB98-187C0AF58A61} = {04E3E11E-B47D-4599-8AFC-50515A95E715}
		{2C1C68CD-CFED-4DEB-A2D3-61D6932F3E8E} = {E351F97D-EA4F-4E7F-AAA0-8EBB1F2A4A62}
		{1640725C-4DB8-4D8D-BC96-74E688A06EEF} = {E351F97D-EA4F-4E7F-AAA0-8EBB1F2A4A62}
		{7CE69551-BD73-4726-ACAA-AAF89C84BAF8} = {E351F97D-EA4F-4E7F-AAA0-8EBB1F2A4A62}
		{15945D4B-FF56-4BCC-B598-2718D199DD08} = {864062D3-A415-4A6F-9324-5820237BA058}
		{C0487169-8F81-497F-919E-EB42B1D0243F} = {864062D3-A415-4A6F-9324-5820237BA058}
		{C845ECC0-2ED3-498E-8EA8-02EF7AC6E9AD} = {E351F97D-EA4F-4E7F-AAA0-8EBB1F2A4A62}
		{4B9D96BB-95AB-44E8-9F87-13B12C8BCED1} = {04E3E11E-B47D-4599-8AFC-50515A95E715}
		{8A6CB07C-E493-4A4F-AB94-038645A27118} = {E351F97D-EA4F-4E7F-AAA0-8EBB1F2A4A62}
		{E0890301-F75F-40E7-B008-54C28B3BA542} = {864062D3-A415-4A6F-9324-5820237BA058}
		{A87352E6-CE7F-4346-B6B1-586AE931C0A7} = {864062D3-A415-4A6F-9324-5820237BA058}
		{BD1D66BF-5AC7-4926-8EBE-B2198A112EB0} = {CAB438D8-B0F5-4AF0-BEBD-9E2ADBD7B483}
		{94756FEB-1F64-411D-A18E-81B5158F776A} = {E351F97D-EA4F-4E7F-AAA0-8EBB1F2A4A62}
		{93614CB8-4564-43B9-93B0-4AF4B3B16AAE} = {04E3E11E-B47D-4599-8AFC-50515A95E715}
		{73DF9E10-E933-4222-B8E1-F4536FFF9FAD} = {864062D3-A415-4A6F-9324-5820237BA058}
		{B7A457E6-9CB6-43F6-BFD6-14D5397FB98D} = {864062D3-A415-4A6F-9324-5820237BA058}
		{66CF299A-CE95-4131-BCD8-DB66E30C4BF7} = {04E3E11E-B47D-4599-8AFC-50515A95E715}
		{B8105878-D423-4159-A3E7-028298281EC6} = {04E3E11E-B47D-4599-8AFC-50515A95E715}
		{E34BCFA0-CAA4-412C-AA1C-75DB8D67D157} = {04E3E11E-B47D-4599-8AFC-50515A95E715}
		{1E5501E8-49C1-4659-838D-CC9720C5208F} = {CAB438D8-B0F5-4AF0-BEBD-9E2ADBD7B483}
		{1BAFA0CC-0377-46CE-AB7B-7BB2E7B62F63} = {04E3E11E-B47D-4599-8AFC-50515A95E715}
	EndGlobalSection
	GlobalSection(ExtensibilityGlobals) = postSolution
		SolutionGuid = {53A1F287-EFB2-4D97-A4BB-4A5E145613F6}
	EndGlobalSection
	GlobalSection(MonoDevelopProperties) = preSolution
		Policies = $0
		$0.DotNetNamingPolicy = $1
	EndGlobalSection
EndGlobal
