
Microsoft Visual Studio Solution File, Format Version 12.00
# Visual Studio Version 17
VisualStudioVersion = 17.0.31903.59
MinimumVisualStudioVersion = 10.0.40219.1
Project("{FAE04EC0-301F-11D3-BF4B-00C04F79EFBC}") = "xapp", "xapp.csproj", "{A0808D08-1334-42C3-A13C-C6F05FA1CBE1}"
EndProject
Global
	GlobalSection(SolutionConfigurationPlatforms) = preSolution
		Debug|Any CPU = Debug|Any CPU
		Release|Any CPU = Release|Any CPU
	EndGlobalSection
	GlobalSection(SolutionProperties) = preSolution
		HideSolutionNode = FALSE
	EndGlobalSection
	GlobalSection(ProjectConfigurationPlatforms) = postSolution
		{A0808D08-1334-42C3-A13C-C6F05FA1CBE1}.Debug|Any CPU.ActiveCfg = Debug|Any CPU
		{A0808D08-1334-42C3-A13C-C6F05FA1CBE1}.Debug|Any CPU.Build.0 = Debug|Any CPU
		{A0808D08-1334-42C3-A13C-C6F05FA1CBE1}.Release|Any CPU.ActiveCfg = Release|Any CPU
		{A0808D08-1334-42C3-A13C-C6F05FA1CBE1}.Release|Any CPU.Build.0 = Release|Any CPU
	EndGlobalSection
EndGlobal
